{
  "version": 4,
  "terraform_version": "1.14.8",
  "serial": 76,
  "lineage": "a78629c5-85e4-1fc7-06ab-0de0690d53e8",
  "outputs": {
    "admin_group_arn": {
      "value": "arn:aws:iam::000000000000:group/fleet-portal-dev-admin",
      "type": "string"
    },
    "alb_controller_role": {
      "value": "arn:aws:iam::000000000000:role/aws-load-balancer-controller-role",
      "type": "string"
    },
    "backend_repository": {
      "value": "ecr-fleet-portal-dev-backend",
      "type": "string"
    },
    "backend_repository_url": {
      "value": "000000000000.dkr.ecr.us-east-1.localhost.localstack.cloud:4566/ecr-fleet-portal-dev-backend",
      "type": "string"
    },
    "console_role_arn": {
      "value": "arn:aws:iam::000000000000:role/fleet-portal-dev-console-access",
      "type": "string"
    },
    "frontend_repository": {
      "value": "ecr-fleet-portal-dev-frontend",
      "type": "string"
    },
    "frontend_repository_url": {
      "value": "000000000000.dkr.ecr.us-east-1.localhost.localstack.cloud:4566/ecr-fleet-portal-dev-frontend",
      "type": "string"
    },
    "kubernetes_cluster_name": {
      "value": "eks-fleet-portal-dev",
      "type": "string"
    },
    "primary_region": {
      "value": "us-east-1",
      "type": "string"
    },
    "workload_identity_role": {
      "value": "arn:aws:iam::000000000000:role/fleet-portal-dev-workload-identity",
      "type": "string"
    }
  },
  "resources": [
    {
      "mode": "data",
      "type": "aws_availability_zones",
      "name": "available",
      "provider": "provider[\"registry.terraform.io/hashicorp/aws\"]",
      "instances": [
        {
          "schema_version": 0,
          "attributes": {
            "all_availability_zones": null,
            "exclude_names": null,
            "exclude_zone_ids": null,
            "filter": null,
            "group_names": [
              ""
            ],
            "id": "us-east-1",
            "names": [
              "us-east-1a",
              "us-east-1b",
              "us-east-1c",
              "us-east-1d",
              "us-east-1e",
              "us-east-1f"
            ],
            "state": "available",
            "timeouts": null,
            "zone_ids": [
              "use1-az6",
              "use1-az1",
              "use1-az2",
              "use1-az4",
              "use1-az3",
              "use1-az5"
            ]
          },
          "sensitive_attributes": [],
          "identity_schema_version": 0
        }
      ]
    },
    {
      "mode": "data",
      "type": "aws_caller_identity",
      "name": "current",
      "provider": "provider[\"registry.terraform.io/hashicorp/aws\"]",
      "instances": [
        {
          "schema_version": 0,
          "attributes": {
            "account_id": "000000000000",
            "arn": "arn:aws:iam::000000000000:root",
            "id": "000000000000",
            "user_id": "000000000000"
          },
          "sensitive_attributes": [],
          "identity_schema_version": 0
        }
      ]
    },
    {
      "mode": "data",
      "type": "aws_iam_policy_document",
      "name": "console_access",
      "provider": "provider[\"registry.terraform.io/hashicorp/aws\"]",
      "instances": [
        {
          "schema_version": 0,
          "attributes": {
            "id": "1402585708",
            "json": "{\n  \"Version\": \"2012-10-17\",\n  \"Statement\": [\n    {\n      \"Effect\": \"Allow\",\n      \"Action\": [\n        \"iam:ListRoles\",\n        \"eks:ListUpdates\",\n        \"eks:ListNodegroups\",\n        \"eks:ListIdentityProviderConfigs\",\n        \"eks:ListFargateProfiles\",\n        \"eks:ListClusters\",\n        \"eks:ListAddons\",\n        \"eks:DescribeNodegroup\",\n        \"eks:DescribeCluster\",\n        \"eks:DescribeAddonVersions\",\n        \"eks:AccessKubernetesApi\"\n      ],\n      \"Resource\": \"*\"\n    },\n    {\n      \"Effect\": \"Allow\",\n      \"Action\": \"ssm:GetParameter\",\n      \"Resource\": \"arn:aws:ssm:*:000000000000:parameter/*\"\n    }\n  ]\n}",
            "minified_json": "{\"Version\":\"2012-10-17\",\"Statement\":[{\"Effect\":\"Allow\",\"Action\":[\"iam:ListRoles\",\"eks:ListUpdates\",\"eks:ListNodegroups\",\"eks:ListIdentityProviderConfigs\",\"eks:ListFargateProfiles\",\"eks:ListClusters\",\"eks:ListAddons\",\"eks:DescribeNodegroup\",\"eks:DescribeCluster\",\"eks:DescribeAddonVersions\",\"eks:AccessKubernetesApi\"],\"Resource\":\"*\"},{\"Effect\":\"Allow\",\"Action\":\"ssm:GetParameter\",\"Resource\":\"arn:aws:ssm:*:000000000000:parameter/*\"}]}",
            "override_json": null,
            "override_policy_documents": null,
            "policy_id": null,
            "source_json": null,
            "source_policy_documents": null,
            "statement": [
              {
                "actions": [
                  "eks:AccessKubernetesApi",
                  "eks:DescribeAddonVersions",
                  "eks:DescribeCluster",
                  "eks:DescribeNodegroup",
                  "eks:ListAddons",
                  "eks:ListClusters",
                  "eks:ListFargateProfiles",
                  "eks:ListIdentityProviderConfigs",
                  "eks:ListNodegroups",
                  "eks:ListUpdates",
                  "iam:ListRoles"
                ],
                "condition": [],
                "effect": "Allow",
                "not_actions": [],
                "not_principals": [],
                "not_resources": [],
                "principals": [],
                "resources": [
                  "*"
                ],
                "sid": ""
              },
              {
                "actions": [
                  "ssm:GetParameter"
                ],
                "condition": [],
                "effect": "Allow",
                "not_actions": [],
                "not_principals": [],
                "not_resources": [],
                "principals": [],
                "resources": [
                  "arn:aws:ssm:*:000000000000:parameter/*"
                ],
                "sid": ""
              }
            ],
            "version": "2012-10-17"
          },
          "sensitive_attributes": [],
          "identity_schema_version": 0
        }
      ]
    },
    {
      "mode": "data",
      "type": "aws_iam_policy_document",
      "name": "console_access_assume_role_policy",
      "provider": "provider[\"registry.terraform.io/hashicorp/aws\"]",
      "instances": [
        {
          "schema_version": 0,
          "attributes": {
            "id": "729565498",
            "json": "{\n  \"Version\": \"2012-10-17\",\n  \"Statement\": [\n    {\n      \"Effect\": \"Allow\",\n      \"Action\": \"sts:AssumeRole\",\n      \"Principal\": {\n        \"AWS\": \"*\"\n      }\n    }\n  ]\n}",
            "minified_json": "{\"Version\":\"2012-10-17\",\"Statement\":[{\"Effect\":\"Allow\",\"Action\":\"sts:AssumeRole\",\"Principal\":{\"AWS\":\"*\"}}]}",
            "override_json": null,
            "override_policy_documents": null,
            "policy_id": null,
            "source_json": null,
            "source_policy_documents": null,
            "statement": [
              {
                "actions": [
                  "sts:AssumeRole"
                ],
                "condition": [],
                "effect": "Allow",
                "not_actions": [],
                "not_principals": [],
                "not_resources": [],
                "principals": [
                  {
                    "identifiers": [
                      "*"
                    ],
                    "type": "AWS"
                  }
                ],
                "resources": [],
                "sid": ""
              }
            ],
            "version": "2012-10-17"
          },
          "sensitive_attributes": [],
          "identity_schema_version": 0
        }
      ]
    },
    {
      "mode": "data",
      "type": "aws_iam_policy_document",
      "name": "container_cluster_assume_role",
      "provider": "provider[\"registry.terraform.io/hashicorp/aws\"]",
      "instances": [
        {
          "schema_version": 0,
          "attributes": {
            "id": "3552664922",
            "json": "{\n  \"Version\": \"2012-10-17\",\n  \"Statement\": [\n    {\n      \"Effect\": \"Allow\",\n      \"Action\": \"sts:AssumeRole\",\n      \"Principal\": {\n        \"Service\": \"eks.amazonaws.com\"\n      }\n    }\n  ]\n}",
            "minified_json": "{\"Version\":\"2012-10-17\",\"Statement\":[{\"Effect\":\"Allow\",\"Action\":\"sts:AssumeRole\",\"Principal\":{\"Service\":\"eks.amazonaws.com\"}}]}",
            "override_json": null,
            "override_policy_documents": null,
            "policy_id": null,
            "source_json": null,
            "source_policy_documents": null,
            "statement": [
              {
                "actions": [
                  "sts:AssumeRole"
                ],
                "condition": [],
                "effect": "Allow",
                "not_actions": [],
                "not_principals": [],
                "not_resources": [],
                "principals": [
                  {
                    "identifiers": [
                      "eks.amazonaws.com"
                    ],
                    "type": "Service"
                  }
                ],
                "resources": [],
                "sid": ""
              }
            ],
            "version": "2012-10-17"
          },
          "sensitive_attributes": [],
          "identity_schema_version": 0
        }
      ]
    },
    {
      "mode": "data",
      "type": "aws_iam_policy_document",
      "name": "container_node_group",
      "provider": "provider[\"registry.terraform.io/hashicorp/aws\"]",
      "instances": [
        {
          "schema_version": 0,
          "attributes": {
            "id": "2560088296",
            "json": "{\n  \"Version\": \"2012-10-17\",\n  \"Statement\": [\n    {\n      \"Sid\": \"EKSNodeAssumeRole\",\n      \"Effect\": \"Allow\",\n      \"Action\": \"sts:AssumeRole\",\n      \"Principal\": {\n        \"Service\": \"ec2.amazonaws.com\"\n      }\n    }\n  ]\n}",
            "minified_json": "{\"Version\":\"2012-10-17\",\"Statement\":[{\"Sid\":\"EKSNodeAssumeRole\",\"Effect\":\"Allow\",\"Action\":\"sts:AssumeRole\",\"Principal\":{\"Service\":\"ec2.amazonaws.com\"}}]}",
            "override_json": null,
            "override_policy_documents": null,
            "policy_id": null,
            "source_json": null,
            "source_policy_documents": null,
            "statement": [
              {
                "actions": [
                  "sts:AssumeRole"
                ],
                "condition": [],
                "effect": "Allow",
                "not_actions": [],
                "not_principals": [],
                "not_resources": [],
                "principals": [
                  {
                    "identifiers": [
                      "ec2.amazonaws.com"
                    ],
                    "type": "Service"
                  }
                ],
                "resources": [],
                "sid": "EKSNodeAssumeRole"
              }
            ],
            "version": "2012-10-17"
          },
          "sensitive_attributes": [],
          "identity_schema_version": 0
        }
      ]
    },
    {
      "mode": "data",
      "type": "aws_iam_policy_document",
      "name": "eks_connector",
      "provider": "provider[\"registry.terraform.io/hashicorp/aws\"]",
      "instances": [
        {
          "schema_version": 0,
          "attributes": {
            "id": "1620424492",
            "json": "{\n  \"Version\": \"2012-10-17\",\n  \"Statement\": [\n    {\n      \"Sid\": \"SsmControlChannel\",\n      \"Effect\": \"Allow\",\n      \"Action\": \"ssmmessages:CreateControlChannel\",\n      \"Resource\": \"arn:aws:eks:*:*:cluster/*\"\n    },\n    {\n      \"Sid\": \"ssmDataplaneOperations\",\n      \"Effect\": \"Allow\",\n      \"Action\": [\n        \"ssmmessages:OpenDataChannel\",\n        \"ssmmessages:OpenControlChannel\",\n        \"ssmmessages:CreateDataChannel\"\n      ],\n      \"Resource\": \"*\"\n    }\n  ]\n}",
            "minified_json": "{\"Version\":\"2012-10-17\",\"Statement\":[{\"Sid\":\"SsmControlChannel\",\"Effect\":\"Allow\",\"Action\":\"ssmmessages:CreateControlChannel\",\"Resource\":\"arn:aws:eks:*:*:cluster/*\"},{\"Sid\":\"ssmDataplaneOperations\",\"Effect\":\"Allow\",\"Action\":[\"ssmmessages:OpenDataChannel\",\"ssmmessages:OpenControlChannel\",\"ssmmessages:CreateDataChannel\"],\"Resource\":\"*\"}]}",
            "override_json": null,
            "override_policy_documents": null,
            "policy_id": null,
            "source_json": null,
            "source_policy_documents": null,
            "statement": [
              {
                "actions": [
                  "ssmmessages:CreateControlChannel"
                ],
                "condition": [],
                "effect": "Allow",
                "not_actions": [],
                "not_principals": [],
                "not_resources": [],
                "principals": [],
                "resources": [
                  "arn:aws:eks:*:*:cluster/*"
                ],
                "sid": "SsmControlChannel"
              },
              {
                "actions": [
                  "ssmmessages:CreateDataChannel",
                  "ssmmessages:OpenControlChannel",
                  "ssmmessages:OpenDataChannel"
                ],
                "condition": [],
                "effect": "Allow",
                "not_actions": [],
                "not_principals": [],
                "not_resources": [],
                "principals": [],
                "resources": [
                  "*"
                ],
                "sid": "ssmDataplaneOperations"
              }
            ],
            "version": "2012-10-17"
          },
          "sensitive_attributes": [],
          "identity_schema_version": 0
        }
      ]
    },
    {
      "mode": "data",
      "type": "aws_iam_policy_document",
      "name": "eks_connector_assume_role_policy",
      "provider": "provider[\"registry.terraform.io/hashicorp/aws\"]",
      "instances": [
        {
          "schema_version": 0,
          "attributes": {
            "id": "454589364",
            "json": "{\n  \"Version\": \"2012-10-17\",\n  \"Statement\": [\n    {\n      \"Effect\": \"Allow\",\n      \"Action\": \"sts:AssumeRole\",\n      \"Principal\": {\n        \"Service\": \"ssm.amazonaws.com\"\n      }\n    }\n  ]\n}",
            "minified_json": "{\"Version\":\"2012-10-17\",\"Statement\":[{\"Effect\":\"Allow\",\"Action\":\"sts:AssumeRole\",\"Principal\":{\"Service\":\"ssm.amazonaws.com\"}}]}",
            "override_json": null,
            "override_policy_documents": null,
            "policy_id": null,
            "source_json": null,
            "source_policy_documents": null,
            "statement": [
              {
                "actions": [
                  "sts:AssumeRole"
                ],
                "condition": [],
                "effect": "Allow",
                "not_actions": [],
                "not_principals": [],
                "not_resources": [],
                "principals": [
                  {
                    "identifiers": [
                      "ssm.amazonaws.com"
                    ],
                    "type": "Service"
                  }
                ],
                "resources": [],
                "sid": ""
              }
            ],
            "version": "2012-10-17"
          },
          "sensitive_attributes": [],
          "identity_schema_version": 0
        }
      ]
    },
    {
      "mode": "data",
      "type": "aws_iam_policy_document",
      "name": "workload_identity_assume_role_policy",
      "provider": "provider[\"registry.terraform.io/hashicorp/aws\"]",
      "instances": [
        {
          "schema_version": 0,
          "attributes": {
            "id": "3061861500",
            "json": "{\n  \"Version\": \"2012-10-17\",\n  \"Statement\": [\n    {\n      \"Effect\": \"Allow\",\n      \"Action\": \"sts:AssumeRoleWithWebIdentity\",\n      \"Principal\": {\n        \"Federated\": \"arn:aws:iam::000000000000:oidc-provider/localhost.localstack.cloud:4510\"\n      },\n      \"Condition\": {\n        \"StringEquals\": {\n          \"localhost.localstack.cloud:4510:sub\": \"system:serviceaccount:app:fleet-portal\"\n        }\n      }\n    }\n  ]\n}",
            "minified_json": "{\"Version\":\"2012-10-17\",\"Statement\":[{\"Effect\":\"Allow\",\"Action\":\"sts:AssumeRoleWithWebIdentity\",\"Principal\":{\"Federated\":\"arn:aws:iam::000000000000:oidc-provider/localhost.localstack.cloud:4510\"},\"Condition\":{\"StringEquals\":{\"localhost.localstack.cloud:4510:sub\":\"system:serviceaccount:app:fleet-portal\"}}}]}",
            "override_json": null,
            "override_policy_documents": null,
            "policy_id": null,
            "source_json": null,
            "source_policy_documents": null,
            "statement": [
              {
                "actions": [
                  "sts:AssumeRoleWithWebIdentity"
                ],
                "condition": [
                  {
                    "test": "StringEquals",
                    "values": [
                      "system:serviceaccount:app:fleet-portal"
                    ],
                    "variable": "localhost.localstack.cloud:4510:sub"
                  }
                ],
                "effect": "Allow",
                "not_actions": [],
                "not_principals": [],
                "not_resources": [],
                "principals": [
                  {
                    "identifiers": [
                      "arn:aws:iam::000000000000:oidc-provider/localhost.localstack.cloud:4510"
                    ],
                    "type": "Federated"
                  }
                ],
                "resources": [],
                "sid": ""
              }
            ],
            "version": "2012-10-17"
          },
          "sensitive_attributes": [],
          "identity_schema_version": 0
        }
      ]
    },
    {
      "mode": "data",
      "type": "aws_iam_policy_document",
      "name": "workload_identity_policy",
      "provider": "provider[\"registry.terraform.io/hashicorp/aws\"]",
      "instances": [
        {
          "schema_version": 0,
          "attributes": {
            "id": "4079294051",
            "json": "{\n  \"Version\": \"2012-10-17\",\n  \"Statement\": [\n    {\n      \"Effect\": \"Allow\",\n      \"Action\": [\n        \"secretsmanager:GetSecretValue\",\n        \"secretsmanager:DescribeSecret\"\n      ],\n      \"Resource\": \"arn:aws:secretsmanager:us-east-1:000000000000:secret:*\"\n    }\n  ]\n}",
            "minified_json": "{\"Version\":\"2012-10-17\",\"Statement\":[{\"Effect\":\"Allow\",\"Action\":[\"secretsmanager:GetSecretValue\",\"secretsmanager:DescribeSecret\"],\"Resource\":\"arn:aws:secretsmanager:us-east-1:000000000000:secret:*\"}]}",
            "override_json": null,
            "override_policy_documents": null,
            "policy_id": null,
            "source_json": null,
            "source_policy_documents": null,
            "statement": [
              {
                "actions": [
                  "secretsmanager:DescribeSecret",
                  "secretsmanager:GetSecretValue"
                ],
                "condition": [],
                "effect": "Allow",
                "not_actions": [],
                "not_principals": [],
                "not_resources": [],
                "principals": [],
                "resources": [
                  "arn:aws:secretsmanager:us-east-1:000000000000:secret:*"
                ],
                "sid": ""
              }
            ],
            "version": "2012-10-17"
          },
          "sensitive_attributes": [],
          "identity_schema_version": 0
        }
      ]
    },
    {
      "mode": "data",
      "type": "aws_partition",
      "name": "current",
      "provider": "provider[\"registry.terraform.io/hashicorp/aws\"]",
      "instances": [
        {
          "schema_version": 0,
          "attributes": {
            "dns_suffix": "amazonaws.com",
            "id": "aws",
            "partition": "aws",
            "reverse_dns_prefix": "com.amazonaws"
          },
          "sensitive_attributes": [],
          "identity_schema_version": 0
        }
      ]
    },
    {
      "mode": "data",
      "type": "tls_certificate",
      "name": "container_cluster_oidc",
      "provider": "provider[\"registry.terraform.io/hashicorp/tls\"]",
      "instances": [
        {
          "schema_version": 0,
          "attributes": {
            "certificates": [
              {
                "cert_pem": "-----BEGIN CERTIFICATE-----\nMIIFgTCCBGmgAwIBAgIQOXJEOvkit1HX02wQ3TE1lTANBgkqhkiG9w0BAQwFADB7\nMQswCQYDVQQGEwJHQjEbMBkGA1UECAwSR3JlYXRlciBNYW5jaGVzdGVyMRAwDgYD\nVQQHDAdTYWxmb3JkMRowGAYDVQQKDBFDb21vZG8gQ0EgTGltaXRlZDEhMB8GA1UE\nAwwYQUFBIENlcnRpZmljYXRlIFNlcnZpY2VzMB4XDTE5MDMxMjAwMDAwMFoXDTI4\nMTIzMTIzNTk1OVowgYgxCzAJBgNVBAYTAlVTMRMwEQYDVQQIEwpOZXcgSmVyc2V5\nMRQwEgYDVQQHEwtKZXJzZXkgQ2l0eTEeMBwGA1UEChMVVGhlIFVTRVJUUlVTVCBO\nZXR3b3JrMS4wLAYDVQQDEyVVU0VSVHJ1c3QgUlNBIENlcnRpZmljYXRpb24gQXV0\naG9yaXR5MIICIjANBgkqhkiG9w0BAQEFAAOCAg8AMIICCgKCAgEAgBJlFzYOw9sI\ns9CsVw127c0n00ytUINh4qogTQktZAnczomfzD2p7PbPwdzx07HWezcoEStH2jnG\nvDoZtF+mvX2do2NCtnbyqTsrkfjib9DsFiCQCT7i6HTJGLSR1GJk23+jBvGIGGqQ\nIjy8/hPwhxR79uQfjtTkUcYRZ0YIUcuGFFQ/vDP+fmyc/xadGL1RjjWmp2bIcmfb\nIWax1Jt4A8BQOujM8Ny8nkz+rwWWNR9XWrf/zvk9tyy29lTdyOcSOk2uTIq3XJq0\ntyA9yn8iNK5+O2hmAUTnAU5GU5szYPeUvlM3kHND8zLDU+/bqv50TmnHa4xgk97E\nxwzf4TKuzJM7UXiVZ4vuPVb+DNBpDxsP8yUmazNt925H+nND5X4OpWaxKXwyhGNV\nicQNwZNUMBkTrNN9N6frXTpsNVzbQdcS2qlJC9/YgIoJk2KOtWbPJYjNhLixP6Q5\nD9kCnusSTJV882sFqV4Wg8y4Z+LoE53MW4LTTLPtW//e5XOsIzstAL81VXQJSdhJ\nWBp/kjbmUZIO8yZ9HE0XvMnsQybQv0FfQKlERPSZ51eHnlAfV1SoPv10Yy+xUGUJ\n5lhCLkMaTLTwJUdZ+gQek9QmRkpQgbLevni3/GcV4clXhB4PY9bpYrrWX1Uu6lzG\nKAgEJTm4Diup8kyXHAc/DVL17e8vgg8CAwEAAaOB8jCB7zAfBgNVHSMEGDAWgBSg\nEQojPpbxB+zirynvgqV/0DCktDAdBgNVHQ4EFgQUU3m/WqorSs9UgOHYm8Cd8rID\nZsswDgYDVR0PAQH/BAQDAgGGMA8GA1UdEwEB/wQFMAMBAf8wEQYDVR0gBAowCDAG\nBgRVHSAAMEMGA1UdHwQ8MDowOKA2oDSGMmh0dHA6Ly9jcmwuY29tb2RvY2EuY29t\nL0FBQUNlcnRpZmljYXRlU2VydmljZXMuY3JsMDQGCCsGAQUFBwEBBCgwJjAkBggr\nBgEFBQcwAYYYaHR0cDovL29jc3AuY29tb2RvY2EuY29tMA0GCSqGSIb3DQEBDAUA\nA4IBAQAYh1HcdCE9nIrgJ7cz0C7M7PDmy14R3iJvm3WOnnL+5Nb+qh+cli3vA0p+\nrvSNb3I8QzvAP+u431yqqcau8vzY7qN7Q/aGNnwU4M309z/+3ri0ivCRlv79Q2R+\n/czSAaF9ffgZGclCKxO/WIu6pKJmBHaIkU4MiRTOok3JMrO66BQavHHxW/BBC5gA\nCiIDEOUMsfnNkjcZ7Tvx5Dq2+UUTJnWvu6rvP3t3O9LEApE9GQDTF1w52z97GA1F\nzZOFli9d31kWTz9RvdVFGD/tSo7oBmF0Ixa1DVBzJ0RHfxBdiSprhTEUxOipakyA\nvGp4z7h/jnZymQyd/teRCBaho1+V\n-----END CERTIFICATE-----\n",
                "is_ca": true,
                "issuer": "CN=AAA Certificate Services,O=Comodo CA Limited,L=Salford,ST=Greater Manchester,C=GB",
                "max_path_length": -1,
                "not_after": "2028-12-31T23:59:59Z",
                "not_before": "2019-03-12T00:00:00Z",
                "public_key_algorithm": "RSA",
                "serial_number": "76359301477803385872276235234032301461",
                "sha1_fingerprint": "d89e3bd43d5d909b47a18977aa9d5ce36cee184c",
                "signature_algorithm": "SHA384-RSA",
                "subject": "CN=USERTrust RSA Certification Authority,O=The USERTRUST Network,L=Jersey City,ST=New Jersey,C=US",
                "version": 3
              },
              {
                "cert_pem": "-----BEGIN CERTIFICATE-----\nMIIG1TCCBL2gAwIBAgIQbFWr29AHksedBwzYEZ7WvzANBgkqhkiG9w0BAQwFADCB\niDELMAkGA1UEBhMCVVMxEzARBgNVBAgTCk5ldyBKZXJzZXkxFDASBgNVBAcTC0pl\ncnNleSBDaXR5MR4wHAYDVQQKExVUaGUgVVNFUlRSVVNUIE5ldHdvcmsxLjAsBgNV\nBAMTJVVTRVJUcnVzdCBSU0EgQ2VydGlmaWNhdGlvbiBBdXRob3JpdHkwHhcNMjAw\nMTMwMDAwMDAwWhcNMzAwMTI5MjM1OTU5WjBLMQswCQYDVQQGEwJBVDEQMA4GA1UE\nChMHWmVyb1NTTDEqMCgGA1UEAxMhWmVyb1NTTCBSU0EgRG9tYWluIFNlY3VyZSBT\naXRlIENBMIICIjANBgkqhkiG9w0BAQEFAAOCAg8AMIICCgKCAgEAhmlzfqO1Mdgj\n4W3dpBPTVBX1AuvcAyG1fl0dUnw/MeueCWzRWTheZ35LVo91kLI3DDVaZKW+TBAs\nJBjEbYmMwcWSTWYCg5334SF0+ctDAsFxsX+rTDh9kSrG/4mp6OShubLaEIUJiZo4\nt873TuSd0Wj5DWt3DtpAG8T35l/v+xrN8ub8PSSoX5Vkgw+jWf4KQtNvUFLDq8mF\nWhUnPL6jHAADXpvs4lTNYwOtx9yQtbpxwSt7QJY1+ICrmRJB6BuKRt/jfDJF9Jsc\nRQVlHIxQdKAJl7oaVnXgDkqtk2qddd3kCDXd74gv813G91z7CjsGyJ93oJIlNS3U\ngFbD6V54JMgZ3rSmotYbz98oZxX7MKbtCm1aJ/q+hTv2YK1yMxrnfcieKmOYBbFD\nhnW5O6RMA703dBK92j6XRN2EttLkQuujZgy+jXRKtaWMIlkNkWJmOiHmErQngHvt\niNkIcjJumq1ddFX4iaTI40a6zgvIBtxFeDs2RfcaH73er7ctNUUqgQT5rFgJhMmF\nx76rQgB5OZUkodb5k2ex7P+Gu4J86bS15094UuYcV09hVeknmTh5Ex9CBKipLS2W\n2wKBakf+aVYnNCU6S0nASqt2xrZpGC1v7v6DhuepyyJtn3qSV2PoBiU5Sql+aARp\nwUibQMGm44gjyNDqDlVp+ShLQlUH9x8CAwEAAaOCAXUwggFxMB8GA1UdIwQYMBaA\nFFN5v1qqK0rPVIDh2JvAnfKyA2bLMB0GA1UdDgQWBBTI2XhootkZaNU9ct5fCj7c\ntYaGpjAOBgNVHQ8BAf8EBAMCAYYwEgYDVR0TAQH/BAgwBgEB/wIBADAdBgNVHSUE\nFjAUBggrBgEFBQcDAQYIKwYBBQUHAwIwIgYDVR0gBBswGTANBgsrBgEEAbIxAQIC\nTjAIBgZngQwBAgEwUAYDVR0fBEkwRzBFoEOgQYY/aHR0cDovL2NybC51c2VydHJ1\nc3QuY29tL1VTRVJUcnVzdFJTQUNlcnRpZmljYXRpb25BdXRob3JpdHkuY3JsMHYG\nCCsGAQUFBwEBBGowaDA/BggrBgEFBQcwAoYzaHR0cDovL2NydC51c2VydHJ1c3Qu\nY29tL1VTRVJUcnVzdFJTQUFkZFRydXN0Q0EuY3J0MCUGCCsGAQUFBzABhhlodHRw\nOi8vb2NzcC51c2VydHJ1c3QuY29tMA0GCSqGSIb3DQEBDAUAA4ICAQAVDwoIzQDV\nercT0eYqZjBNJ8VNWwVFlQOtZERqn5iWnEVaLZZdzxlbvz2Fx0ExUNuUEgYkIVM4\nYocKkCQ7hO5noicoq/DrEYH5IuNcuW1I8JJZ9DLuB1fYvIHlZ2JG46iNbVKA3ygA\nEz86RvDQlt2C494qqPVItRjrz9YlJEGT0DrttyApq0YLFDzf+Z1pkMhh7c+7fXeJ\nqmIhfJpduKc8HEQkYQQShen426S3H0JrIAbKcBCiyYFuOhfyvuwVCFDfFvrjADjd\n4jX1uQXd161IyFRbm89s2Oj5oU1wDYz5sx+hoCuh6lSs+/uPuWomIq3y1GDFNafW\n+LsHBU16lQo5Q2yh25laQsKRgyPmMpHJ98edm6y2sHUabASmRHxvGiuwwE25aDU0\n2SAeepyImJ2CzB80YG7WxlynHqNhpE7xfC7PzQlLgmfEHdU+tHFeQazRQnrFkW2W\nkqRGIq7cKRnyypvjPMkjeiV9lRdAM9fSJvsB3svUuu1coIG1xxI1yegoGM4r5QP4\nRGIVvYaiI76C0djoSbQ/dkIUUXQuB8AL5jyH34g3BZaaXyvpmnV4ilppMXVAnAYG\nON51WhJ6W0xNdNJwzYASZYH+tmCWI+N60Gv2NNMGHwMZ7e9bXgzUCZH5FaBFDGR5\nS9VWqHB73Q+OyIVvIbKYcSc2w/aSuFKGSA==\n-----END CERTIFICATE-----\n",
                "is_ca": true,
                "issuer": "CN=USERTrust RSA Certification Authority,O=The USERTRUST Network,L=Jersey City,ST=New Jersey,C=US",
                "max_path_length": 0,
                "not_after": "2030-01-29T23:59:59Z",
                "not_before": "2020-01-30T00:00:00Z",
                "public_key_algorithm": "RSA",
                "serial_number": "144001454485138227352869355710675080895",
                "sha1_fingerprint": "c81a8bd1f9cf6d84c525f378ca1d3f8c30770e34",
                "signature_algorithm": "SHA384-RSA",
                "subject": "CN=ZeroSSL RSA Domain Secure Site CA,O=ZeroSSL,C=AT",
                "version": 3
              },
              {
                "cert_pem": "-----BEGIN CERTIFICATE-----\nMIIPIDCCDQigAwIBAgIRAIkiDpD25qjNJlGiNY/0hT0wDQYJKoZIhvcNAQEMBQAw\nSzELMAkGA1UEBhMCQVQxEDAOBgNVBAoTB1plcm9TU0wxKjAoBgNVBAMTIVplcm9T\nU0wgUlNBIERvbWFpbiBTZWN1cmUgU2l0ZSBDQTAeFw0yNjAzMTEwMDAwMDBaFw0y\nNjA2MDkyMzU5NTlaMCUxIzAhBgNVBAMTGmxvY2FsaG9zdC5sb2NhbHN0YWNrLmNs\nb3VkMIIBIjANBgkqhkiG9w0BAQEFAAOCAQ8AMIIBCgKCAQEAodbu+ojnKRy+KaTs\nuJJJH9MOcc1am3Wtu05yMqz/odSvtORe3aYGgop9qXNYqitw0W8uwikmAgLLvCLp\nEmBcvqguiSMZD/V4WkGXLUQmBQQ502nkIwMqIzSr9MdE/paUANZQXFo2LKjKdmjH\nuwhKCNdKFq4INeDUmrKHYgzfSgRTHiB2mv6a3sMdmTyiRWuOegtX0cNGxw4y80QR\nHFcxhhdINu25VDb9mMoh/zbPZRcA9rVnpjZX2USkdzxa2MbrpowhyWW6t0inVpVG\nO7Xjrmzt1a84VNlAlnWLrzQoLW7W+eIUDF0TKlQDD7OjW8NLYx0n4h8iyzQMAHvm\n25SelQIDAQABo4ILIzCCCx8wHwYDVR0jBBgwFoAUyNl4aKLZGWjVPXLeXwo+3LWG\nhqYwHQYDVR0OBBYEFMP8+LKHxjQPwogc1u33l4X7qpo/MA4GA1UdDwEB/wQEAwIF\noDAMBgNVHRMBAf8EAjAAMBMGA1UdJQQMMAoGCCsGAQUFBwMBMEkGA1UdIARCMEAw\nNAYLKwYBBAGyMQECAk4wJTAjBggrBgEFBQcCARYXaHR0cHM6Ly9zZWN0aWdvLmNv\nbS9DUFMwCAYGZ4EMAQIBMIGIBggrBgEFBQcBAQR8MHowSwYIKwYBBQUHMAKGP2h0\ndHA6Ly96ZXJvc3NsLmNydC5zZWN0aWdvLmNvbS9aZXJvU1NMUlNBRG9tYWluU2Vj\ndXJlU2l0ZUNBLmNydDArBggrBgEFBQcwAYYfaHR0cDovL3plcm9zc2wub2NzcC5z\nZWN0aWdvLmNvbTCCAQIGCisGAQQB1nkCBAIEgfMEgfAA7gB1AA5XlLzzrqk+Mxss\nmQez95Dfm8I9cTIl3SGpJaxhxU4hAAABnNwmT4sAAAQDAEYwRAIgJ2hAfkBlS7aU\nGU44oXX9WfS3VtOO73fYSmaHqLRmfI4CIFAzN5GBYXRdjzUrv0bal4XG1h7KMjGN\nb+DSGQZIqt9RAHUAFoMtq/CpJQ8P8DqlRf/Iv8gj0IdL9gQpJ/jnHzMT9foAAAGc\n3CZP0gAABAMARjBEAiBvcuXVv58r6crmxFtezoKYVU78485T1VoxzhQvTRmOkgIg\nCWbiJKiv6aFI5Wg+c9wFJyWcjG0IuJCrvbeI7oWQ+DkwggjMBgNVHREEggjDMIII\nv4IabG9jYWxob3N0LmxvY2Fsc3RhY2suY2xvdWSCJiouYWNhLmF6dXJlLmxvY2Fs\naG9zdC5sb2NhbHN0YWNrLmNsb3VkgiYqLmFrYS5henVyZS5sb2NhbGhvc3QubG9j\nYWxzdGFjay5jbG91ZIInKi5hbXBsaWZ5YXBwLmxvY2FsaG9zdC5sb2NhbHN0YWNr\nLmNsb3VkgiIqLmF6dXJlLmxvY2FsaG9zdC5sb2NhbHN0YWNrLmNsb3VkgioqLmF6\ndXJlY3IuYXp1cmUubG9jYWxob3N0LmxvY2Fsc3RhY2suY2xvdWSCMCouYXp1cmV3\nZWJzaXRlcy5henVyZS5sb2NhbGhvc3QubG9jYWxzdGFjay5jbG91ZIIsKi5ibG9i\nLmNvcmUuYXp1cmUubG9jYWxob3N0LmxvY2Fsc3RhY2suY2xvdWSCJyouY2xvdWRm\ncm9udC5sb2NhbGhvc3QubG9jYWxzdGFjay5jbG91ZIIxKi5ka3IuZWNyLmV1LWNl\nbnRyYWwtMS5sb2NhbGhvc3QubG9jYWxzdGFjay5jbG91ZIIuKi5ka3IuZWNyLmV1\nLXdlc3QtMS5sb2NhbGhvc3QubG9jYWxzdGFjay5jbG91ZIIuKi5ka3IuZWNyLnVz\nLWVhc3QtMS5sb2NhbGhvc3QubG9jYWxzdGFjay5jbG91ZIIuKi5ka3IuZWNyLnVz\nLWVhc3QtMi5sb2NhbGhvc3QubG9jYWxzdGFjay5jbG91ZIIuKi5ka3IuZWNyLnVz\nLXdlc3QtMS5sb2NhbGhvc3QubG9jYWxzdGFjay5jbG91ZIIuKi5ka3IuZWNyLnVz\nLXdlc3QtMi5sb2NhbGhvc3QubG9jYWxzdGFjay5jbG91ZIIgKi5lbGIubG9jYWxo\nb3N0LmxvY2Fsc3RhY2suY2xvdWSCNCouZXUtY2VudHJhbC0xLm9wZW5zZWFyY2gu\nbG9jYWxob3N0LmxvY2Fsc3RhY2suY2xvdWSCMSouZXUtd2VzdC0xLm9wZW5zZWFy\nY2gubG9jYWxob3N0LmxvY2Fsc3RhY2suY2xvdWSCKCouZXhlY3V0ZS1hcGkubG9j\nYWxob3N0LmxvY2Fsc3RhY2suY2xvdWSCLCouZmlsZS5jb3JlLmF6dXJlLmxvY2Fs\naG9zdC5sb2NhbHN0YWNrLmNsb3VkgjQqLmxhbWJkYS11cmwuZXUtY2VudHJhbC0x\nLmxvY2FsaG9zdC5sb2NhbHN0YWNrLmNsb3VkgjEqLmxhbWJkYS11cmwuZXUtd2Vz\ndC0xLmxvY2FsaG9zdC5sb2NhbHN0YWNrLmNsb3VkgjEqLmxhbWJkYS11cmwudXMt\nZWFzdC0xLmxvY2FsaG9zdC5sb2NhbHN0YWNrLmNsb3VkgjEqLmxhbWJkYS11cmwu\ndXMtZWFzdC0yLmxvY2FsaG9zdC5sb2NhbHN0YWNrLmNsb3VkgjEqLmxhbWJkYS11\ncmwudXMtd2VzdC0xLmxvY2FsaG9zdC5sb2NhbHN0YWNrLmNsb3VkgjEqLmxhbWJk\nYS11cmwudXMtd2VzdC0yLmxvY2FsaG9zdC5sb2NhbHN0YWNrLmNsb3VkghwqLmxv\nY2FsaG9zdC5sb2NhbHN0YWNrLmNsb3VkgigqLm15c3FsLmF6dXJlLmxvY2FsaG9z\ndC5sb2NhbHN0YWNrLmNsb3VkgicqLm9wZW5zZWFyY2gubG9jYWxob3N0LmxvY2Fs\nc3RhY2suY2xvdWSCLSoucG9zdGdyZXNxbC5henVyZS5sb2NhbGhvc3QubG9jYWxz\ndGFjay5jbG91ZIItKi5xdWV1ZS5jb3JlLmF6dXJlLmxvY2FsaG9zdC5sb2NhbHN0\nYWNrLmNsb3VkgigqLnJlZGlzLmF6dXJlLmxvY2FsaG9zdC5sb2NhbHN0YWNrLmNs\nb3VkgicqLnMzLXdlYnNpdGUubG9jYWxob3N0LmxvY2Fsc3RhY2suY2xvdWSCHyou\nczMubG9jYWxob3N0LmxvY2Fsc3RhY2suY2xvdWSCNCouc2NtLmF6dXJld2Vic2l0\nZXMuYXp1cmUubG9jYWxob3N0LmxvY2Fsc3RhY2suY2xvdWSCICouc2NtLmxvY2Fs\naG9zdC5sb2NhbHN0YWNrLmNsb3Vkgi0qLnNlcnZpY2VidXMuYXp1cmUubG9jYWxo\nb3N0LmxvY2Fsc3RhY2suY2xvdWSCJiouc25vd2ZsYWtlLmxvY2FsaG9zdC5sb2Nh\nbHN0YWNrLmNsb3Vkgi0qLnRhYmxlLmNvcmUuYXp1cmUubG9jYWxob3N0LmxvY2Fs\nc3RhY2suY2xvdWSCMSoudXMtZWFzdC0xLm9wZW5zZWFyY2gubG9jYWxob3N0Lmxv\nY2Fsc3RhY2suY2xvdWSCMSoudXMtZWFzdC0yLm9wZW5zZWFyY2gubG9jYWxob3N0\nLmxvY2Fsc3RhY2suY2xvdWSCMSoudXMtd2VzdC0xLm9wZW5zZWFyY2gubG9jYWxo\nb3N0LmxvY2Fsc3RhY2suY2xvdWSCMSoudXMtd2VzdC0yLm9wZW5zZWFyY2gubG9j\nYWxob3N0LmxvY2Fsc3RhY2suY2xvdWSCKCoudmF1bHQuYXp1cmUubG9jYWxob3N0\nLmxvY2Fsc3RhY2suY2xvdWSCK3Nxcy5ldS1jZW50cmFsLTEubG9jYWxob3N0Lmxv\nY2Fsc3RhY2suY2xvdWSCKHNxcy5ldS13ZXN0LTEubG9jYWxob3N0LmxvY2Fsc3Rh\nY2suY2xvdWSCKHNxcy51cy1lYXN0LTEubG9jYWxob3N0LmxvY2Fsc3RhY2suY2xv\ndWSCKHNxcy51cy1lYXN0LTIubG9jYWxob3N0LmxvY2Fsc3RhY2suY2xvdWSCKHNx\ncy51cy13ZXN0LTEubG9jYWxob3N0LmxvY2Fsc3RhY2suY2xvdWSCKHNxcy51cy13\nZXN0LTIubG9jYWxob3N0LmxvY2Fsc3RhY2suY2xvdWQwDQYJKoZIhvcNAQEMBQAD\nggIBACJyTxTBFfSU2yR8kVgEsFbPE++FnIBreN6ha0gWxLP6zTptye7PHhq71zZf\nYkYESSbeEvZsEQqmutmywh5zgDfdoTav2dXwl3TMoAxlZPcKvEhyJDSR/OgPCDlB\nCS9w4rqjcr4rzat2TTGuYAPSB8w7Kwc78fN094gW/kmM2OLUxmYN6WSvFxP411h+\n8d2AFESGXKpF0R9JeunoxDmYR1ypMk6WxYXkuSbTGE1xTxt8EDDXkrhYPFNp6QRM\nqBcwZZjgpDQ3ZNDntFH2rZzaZOCq7xPp+CH9pr1J9CMy0g6PId+FrSAK7dlyaklo\nzntchOTgTsvTZg0QJHAkTv7Z3gpsKaNUosfLhZh6tnt2IFroBsDwqOTfQDhyjHNU\nXk7YgiZ4F74W37MDcU6IycUZw3RmIl09VnQJSgjW/A4vJXiyCyL23Gn2CyWB6+o7\nZccIoKez2aDQlMEERVSKxRDmM3QP/L8o0QEX0CCChDhV43l1m0Z7j8u7J9A+r5+V\nOh8dlZjaYpfFmCNCss0KXC55IIHFCqxGpSjWlYlcHKM7NoYklTS0CWSZcoQVJK0t\nAM5kn6KynqY6YXE5OznjbmZaRE6WahpH/kC+Y2c4BZBw3lp64bCLbEo0hqM8BGsX\n0N8x0om1WeOJ7I9fKfLV/rzJKBBeMWaCAIE7PF5HJFpifeQF\n-----END CERTIFICATE-----\n",
                "is_ca": false,
                "issuer": "CN=ZeroSSL RSA Domain Secure Site CA,O=ZeroSSL,C=AT",
                "max_path_length": -1,
                "not_after": "2026-06-09T23:59:59Z",
                "not_before": "2026-03-11T00:00:00Z",
                "public_key_algorithm": "RSA",
                "serial_number": "182281068954725674401117228090267043133",
                "sha1_fingerprint": "646503422ef1c9f7e5c435af171de8b3b1570bd6",
                "signature_algorithm": "SHA384-RSA",
                "subject": "CN=localhost.localstack.cloud",
                "version": 3
              }
            ],
            "content": null,
            "id": "5d2f27b03a8492b8e41648cb0bc6cea0db0d84c7",
            "url": "https://localhost.localstack.cloud:4510",
            "verify_chain": true
          },
          "sensitive_attributes": [],
          "identity_schema_version": 0
        }
      ]
    },
    {
      "mode": "managed",
      "type": "aws_cloudwatch_log_group",
      "name": "container_cluster",
      "provider": "provider[\"registry.terraform.io/hashicorp/aws\"]",
      "instances": [
        {
          "schema_version": 0,
          "attributes": {
            "arn": "arn:aws:logs:us-east-1:000000000000:log-group:/aws/eks/eks-fleet-portal-dev/cluster",
            "id": "/aws/eks/eks-fleet-portal-dev/cluster",
            "kms_key_id": "",
            "log_group_class": "STANDARD",
            "name": "/aws/eks/eks-fleet-portal-dev/cluster",
            "name_prefix": "",
            "retention_in_days": 7,
            "skip_destroy": false,
            "tags": {
              "application": "fleet-portal",
              "environment": "dev"
            },
            "tags_all": {
              "application": "fleet-portal",
              "environment": "dev"
            }
          },
          "sensitive_attributes": [],
          "identity_schema_version": 0,
          "private": "bnVsbA=="
        }
      ]
    },
    {
      "mode": "managed",
      "type": "aws_ecr_repository",
      "name": "main",
      "provider": "provider[\"registry.terraform.io/hashicorp/aws\"]",
      "instances": [
        {
          "index_key": "backend",
          "schema_version": 0,
          "attributes": {
            "arn": "arn:aws:ecr:us-east-1:000000000000:repository/ecr-fleet-portal-dev-backend",
            "encryption_configuration": [
              {
                "encryption_type": "AES256",
                "kms_key": ""
              }
            ],
            "force_delete": true,
            "id": "ecr-fleet-portal-dev-backend",
            "image_scanning_configuration": [
              {
                "scan_on_push": false
              }
            ],
            "image_tag_mutability": "MUTABLE",
            "name": "ecr-fleet-portal-dev-backend",
            "registry_id": "000000000000",
            "repository_url": "000000000000.dkr.ecr.us-east-1.localhost.localstack.cloud:4566/ecr-fleet-portal-dev-backend",
            "tags": {
              "application": "fleet-portal",
              "environment": "dev"
            },
            "tags_all": {
              "application": "fleet-portal",
              "environment": "dev"
            },
            "timeouts": null
          },
          "sensitive_attributes": [],
          "identity_schema_version": 0,
          "private": "eyJlMmJmYjczMC1lY2FhLTExZTYtOGY4OC0zNDM2M2JjN2M0YzAiOnsiZGVsZXRlIjoxMjAwMDAwMDAwMDAwfX0="
        },
        {
          "index_key": "frontend",
          "schema_version": 0,
          "attributes": {
            "arn": "arn:aws:ecr:us-east-1:000000000000:repository/ecr-fleet-portal-dev-frontend",
            "encryption_configuration": [
              {
                "encryption_type": "AES256",
                "kms_key": ""
              }
            ],
            "force_delete": true,
            "id": "ecr-fleet-portal-dev-frontend",
            "image_scanning_configuration": [
              {
                "scan_on_push": false
              }
            ],
            "image_tag_mutability": "MUTABLE",
            "name": "ecr-fleet-portal-dev-frontend",
            "registry_id": "000000000000",
            "repository_url": "000000000000.dkr.ecr.us-east-1.localhost.localstack.cloud:4566/ecr-fleet-portal-dev-frontend",
            "tags": {
              "application": "fleet-portal",
              "environment": "dev"
            },
            "tags_all": {
              "application": "fleet-portal",
              "environment": "dev"
            },
            "timeouts": null
          },
          "sensitive_attributes": [],
          "identity_schema_version": 0,
          "private": "eyJlMmJmYjczMC1lY2FhLTExZTYtOGY4OC0zNDM2M2JjN2M0YzAiOnsiZGVsZXRlIjoxMjAwMDAwMDAwMDAwfX0="
        }
      ]
    },
    {
      "mode": "managed",
      "type": "aws_eip",
      "name": "nat",
      "provider": "provider[\"registry.terraform.io/hashicorp/aws\"]",
      "instances": [
        {
          "index_key": "0",
          "schema_version": 0,
          "attributes": {
            "address": null,
            "allocation_id": "eipalloc-f475211b105d55034",
            "arn": "arn:aws:ec2:us-east-1::elastic-ip/eipalloc-f475211b105d55034",
            "associate_with_private_ip": null,
            "association_id": "",
            "carrier_ip": "",
            "customer_owned_ip": "",
            "customer_owned_ipv4_pool": "",
            "domain": "vpc",
            "id": "eipalloc-f475211b105d55034",
            "instance": "",
            "ipam_pool_id": null,
            "network_border_group": "",
            "network_interface": "",
            "private_dns": null,
            "private_ip": "",
            "ptr_record": "",
            "public_dns": "ec2-127-167-248-17.compute-1.amazonaws.com",
            "public_ip": "127.167.248.17",
            "public_ipv4_pool": "",
            "tags": null,
            "tags_all": {},
            "timeouts": null,
            "vpc": true
          },
          "sensitive_attributes": [],
          "identity_schema_version": 0,
          "private": "eyJlMmJmYjczMC1lY2FhLTExZTYtOGY4OC0zNDM2M2JjN2M0YzAiOnsiZGVsZXRlIjoxODAwMDAwMDAwMDAsInJlYWQiOjkwMDAwMDAwMDAwMCwidXBkYXRlIjozMDAwMDAwMDAwMDB9fQ==",
          "dependencies": [
            "data.aws_availability_zones.available",
            "random_shuffle.az"
          ]
        },
        {
          "index_key": "1",
          "schema_version": 0,
          "attributes": {
            "address": null,
            "allocation_id": "eipalloc-ab11da96bd1c88b20",
            "arn": "arn:aws:ec2:us-east-1::elastic-ip/eipalloc-ab11da96bd1c88b20",
            "associate_with_private_ip": null,
            "association_id": "",
            "carrier_ip": "",
            "customer_owned_ip": "",
            "customer_owned_ipv4_pool": "",
            "domain": "vpc",
            "id": "eipalloc-ab11da96bd1c88b20",
            "instance": "",
            "ipam_pool_id": null,
            "network_border_group": "",
            "network_interface": "",
            "private_dns": null,
            "private_ip": "",
            "ptr_record": "",
            "public_dns": "ec2-127-49-199-153.compute-1.amazonaws.com",
            "public_ip": "127.49.199.153",
            "public_ipv4_pool": "",
            "tags": null,
            "tags_all": {},
            "timeouts": null,
            "vpc": true
          },
          "sensitive_attributes": [],
          "identity_schema_version": 0,
          "private": "eyJlMmJmYjczMC1lY2FhLTExZTYtOGY4OC0zNDM2M2JjN2M0YzAiOnsiZGVsZXRlIjoxODAwMDAwMDAwMDAsInJlYWQiOjkwMDAwMDAwMDAwMCwidXBkYXRlIjozMDAwMDAwMDAwMDB9fQ==",
          "dependencies": [
            "data.aws_availability_zones.available",
            "random_shuffle.az"
          ]
        },
        {
          "index_key": "2",
          "schema_version": 0,
          "attributes": {
            "address": null,
            "allocation_id": "eipalloc-cbad51007ab31f9d0",
            "arn": "arn:aws:ec2:us-east-1::elastic-ip/eipalloc-cbad51007ab31f9d0",
            "associate_with_private_ip": null,
            "association_id": "",
            "carrier_ip": "",
            "customer_owned_ip": "",
            "customer_owned_ipv4_pool": "",
            "domain": "vpc",
            "id": "eipalloc-cbad51007ab31f9d0",
            "instance": "",
            "ipam_pool_id": null,
            "network_border_group": "",
            "network_interface": "",
            "private_dns": null,
            "private_ip": "",
            "ptr_record": "",
            "public_dns": "ec2-127-173-30-229.compute-1.amazonaws.com",
            "public_ip": "127.173.30.229",
            "public_ipv4_pool": "",
            "tags": null,
            "tags_all": {},
            "timeouts": null,
            "vpc": true
          },
          "sensitive_attributes": [],
          "identity_schema_version": 0,
          "private": "eyJlMmJmYjczMC1lY2FhLTExZTYtOGY4OC0zNDM2M2JjN2M0YzAiOnsiZGVsZXRlIjoxODAwMDAwMDAwMDAsInJlYWQiOjkwMDAwMDAwMDAwMCwidXBkYXRlIjozMDAwMDAwMDAwMDB9fQ==",
          "dependencies": [
            "data.aws_availability_zones.available",
            "random_shuffle.az"
          ]
        }
      ]
    },
    {
      "mode": "managed",
      "type": "aws_eks_cluster",
      "name": "main",
      "provider": "provider[\"registry.terraform.io/hashicorp/aws\"]",
      "instances": [
        {
          "schema_version": 1,
          "attributes": {
            "access_config": [],
            "arn": "arn:aws:eks:us-east-1:000000000000:cluster/eks-fleet-portal-dev",
            "bootstrap_self_managed_addons": true,
            "certificate_authority": [
              {
                "data": "LS0tLS1CRUdJTiBDRVJUSUZJQ0FURS0tLS0tCk1JSVBJRENDRFFpZ0F3SUJBZ0lSQUlraURwRDI1cWpOSmxHaU5ZLzBoVDB3RFFZSktvWklodmNOQVFFTUJRQXcKU3pFTE1Ba0dBMVVFQmhNQ1FWUXhFREFPQmdOVkJBb1RCMXBsY205VFUwd3hLakFvQmdOVkJBTVRJVnBsY205VApVMHdnVWxOQklFUnZiV0ZwYmlCVFpXTjFjbVVnVTJsMFpTQkRRVEFlRncweU5qQXpNVEV3TURBd01EQmFGdzB5Ck5qQTJNRGt5TXpVNU5UbGFNQ1V4SXpBaEJnTlZCQU1UR214dlkyRnNhRzl6ZEM1c2IyTmhiSE4wWVdOckxtTnMKYjNWa01JSUJJakFOQmdrcWhraUc5dzBCQVFFRkFBT0NBUThBTUlJQkNnS0NBUUVBb2RidStvam5LUnkrS2FUcwp1SkpKSDlNT2NjMWFtM1d0dTA1eU1xei9vZFN2dE9SZTNhWUdnb3A5cVhOWXFpdHcwVzh1d2lrbUFnTEx2Q0xwCkVtQmN2cWd1aVNNWkQvVjRXa0dYTFVRbUJRUTUwMm5rSXdNcUl6U3I5TWRFL3BhVUFOWlFYRm8yTEtqS2RtakgKdXdoS0NOZEtGcTRJTmVEVW1yS0hZZ3pmU2dSVEhpQjJtdjZhM3NNZG1UeWlSV3VPZWd0WDBjTkd4dzR5ODBRUgpIRmN4aGhkSU51MjVWRGI5bU1vaC96YlBaUmNBOXJWbnBqWlgyVVNrZHp4YTJNYnJwb3doeVdXNnQwaW5WcFZHCk83WGpybXp0MWE4NFZObEFsbldMcnpRb0xXN1crZUlVREYwVEtsUUREN09qVzhOTFl4MG40aDhpeXpRTUFIdm0KMjVTZWxRSURBUUFCbzRJTEl6Q0NDeDh3SHdZRFZSMGpCQmd3Rm9BVXlObDRhS0xaR1dqVlBYTGVYd28rM0xXRwpocVl3SFFZRFZSME9CQllFRk1QOCtMS0h4alFQd29nYzF1MzNsNFg3cXBvL01BNEdBMVVkRHdFQi93UUVBd0lGCm9EQU1CZ05WSFJNQkFmOEVBakFBTUJNR0ExVWRKUVFNTUFvR0NDc0dBUVVGQndNQk1Fa0dBMVVkSUFSQ01FQXcKTkFZTEt3WUJCQUd5TVFFQ0FrNHdKVEFqQmdnckJnRUZCUWNDQVJZWGFIUjBjSE02THk5elpXTjBhV2R2TG1OdgpiUzlEVUZNd0NBWUdaNEVNQVFJQk1JR0lCZ2dyQmdFRkJRY0JBUVI4TUhvd1N3WUlLd1lCQlFVSE1BS0dQMmgwCmRIQTZMeTk2WlhKdmMzTnNMbU55ZEM1elpXTjBhV2R2TG1OdmJTOWFaWEp2VTFOTVVsTkJSRzl0WVdsdVUyVmoKZFhKbFUybDBaVU5CTG1OeWREQXJCZ2dyQmdFRkJRY3dBWVlmYUhSMGNEb3ZMM3BsY205emMyd3ViMk56Y0M1egpaV04wYVdkdkxtTnZiVENDQVFJR0Npc0dBUVFCMW5rQ0JBSUVnZk1FZ2ZBQTdnQjFBQTVYbEx6enJxaytNeHNzCm1RZXo5NURmbThJOWNUSWwzU0dwSmF4aHhVNGhBQUFCbk53bVQ0c0FBQVFEQUVZd1JBSWdKMmhBZmtCbFM3YVUKR1U0NG9YWDlXZlMzVnRPTzczZllTbWFIcUxSbWZJNENJRkF6TjVHQllYUmRqelVydjBiYWw0WEcxaDdLTWpHTgpiK0RTR1FaSXF0OVJBSFVBRm9NdHEvQ3BKUThQOERxbFJmL0l2OGdqMElkTDlnUXBKL2puSHpNVDlmb0FBQUdjCjNDWlAwZ0FBQkFNQVJqQkVBaUJ2Y3VYVnY1OHI2Y3JteEZ0ZXpvS1lWVTc4NDg1VDFWb3h6aFF2VFJtT2tnSWcKQ1diaUpLaXY2YUZJNVdnK2M5d0ZKeVdjakcwSXVKQ3J2YmVJN29XUStEa3dnZ2pNQmdOVkhSRUVnZ2pETUlJSQp2NElhYkc5allXeG9iM04wTG14dlkyRnNjM1JoWTJzdVkyeHZkV1NDSmlvdVlXTmhMbUY2ZFhKbExteHZZMkZzCmFHOXpkQzVzYjJOaGJITjBZV05yTG1Oc2IzVmtnaVlxTG1GcllTNWhlblZ5WlM1c2IyTmhiR2h2YzNRdWJHOWoKWVd4emRHRmpheTVqYkc5MVpJSW5LaTVoYlhCc2FXWjVZWEJ3TG14dlkyRnNhRzl6ZEM1c2IyTmhiSE4wWVdOcgpMbU5zYjNWa2dpSXFMbUY2ZFhKbExteHZZMkZzYUc5emRDNXNiMk5oYkhOMFlXTnJMbU5zYjNWa2dpb3FMbUY2CmRYSmxZM0l1WVhwMWNtVXViRzlqWVd4b2IzTjBMbXh2WTJGc2MzUmhZMnN1WTJ4dmRXU0NNQ291WVhwMWNtVjMKWldKemFYUmxjeTVoZW5WeVpTNXNiMk5oYkdodmMzUXViRzlqWVd4emRHRmpheTVqYkc5MVpJSXNLaTVpYkc5aQpMbU52Y21VdVlYcDFjbVV1Ykc5allXeG9iM04wTG14dlkyRnNjM1JoWTJzdVkyeHZkV1NDSnlvdVkyeHZkV1JtCmNtOXVkQzVzYjJOaGJHaHZjM1F1Ykc5allXeHpkR0ZqYXk1amJHOTFaSUl4S2k1a2EzSXVaV055TG1WMUxXTmwKYm5SeVlXd3RNUzVzYjJOaGJHaHZjM1F1Ykc5allXeHpkR0ZqYXk1amJHOTFaSUl1S2k1a2EzSXVaV055TG1WMQpMWGRsYzNRdE1TNXNiMk5oYkdodmMzUXViRzlqWVd4emRHRmpheTVqYkc5MVpJSXVLaTVrYTNJdVpXTnlMblZ6CkxXVmhjM1F0TVM1c2IyTmhiR2h2YzNRdWJHOWpZV3h6ZEdGamF5NWpiRzkxWklJdUtpNWthM0l1WldOeUxuVnoKTFdWaGMzUXRNaTVzYjJOaGJHaHZjM1F1Ykc5allXeHpkR0ZqYXk1amJHOTFaSUl1S2k1a2EzSXVaV055TG5WegpMWGRsYzNRdE1TNXNiMk5oYkdodmMzUXViRzlqWVd4emRHRmpheTVqYkc5MVpJSXVLaTVrYTNJdVpXTnlMblZ6CkxYZGxjM1F0TWk1c2IyTmhiR2h2YzNRdWJHOWpZV3h6ZEdGamF5NWpiRzkxWklJZ0tpNWxiR0l1Ykc5allXeG8KYjNOMExteHZZMkZzYzNSaFkyc3VZMnh2ZFdTQ05Db3VaWFV0WTJWdWRISmhiQzB4TG05d1pXNXpaV0Z5WTJndQpiRzlqWVd4b2IzTjBMbXh2WTJGc2MzUmhZMnN1WTJ4dmRXU0NNU291WlhVdGQyVnpkQzB4TG05d1pXNXpaV0Z5ClkyZ3ViRzlqWVd4b2IzTjBMbXh2WTJGc2MzUmhZMnN1WTJ4dmRXU0NLQ291WlhobFkzVjBaUzFoY0drdWJHOWoKWVd4b2IzTjBMbXh2WTJGc2MzUmhZMnN1WTJ4dmRXU0NMQ291Wm1sc1pTNWpiM0psTG1GNmRYSmxMbXh2WTJGcwphRzl6ZEM1c2IyTmhiSE4wWVdOckxtTnNiM1ZrZ2pRcUxteGhiV0prWVMxMWNtd3VaWFV0WTJWdWRISmhiQzB4CkxteHZZMkZzYUc5emRDNXNiMk5oYkhOMFlXTnJMbU5zYjNWa2dqRXFMbXhoYldKa1lTMTFjbXd1WlhVdGQyVnoKZEMweExteHZZMkZzYUc5emRDNXNiMk5oYkhOMFlXTnJMbU5zYjNWa2dqRXFMbXhoYldKa1lTMTFjbXd1ZFhNdApaV0Z6ZEMweExteHZZMkZzYUc5emRDNXNiMk5oYkhOMFlXTnJMbU5zYjNWa2dqRXFMbXhoYldKa1lTMTFjbXd1CmRYTXRaV0Z6ZEMweUxteHZZMkZzYUc5emRDNXNiMk5oYkhOMFlXTnJMbU5zYjNWa2dqRXFMbXhoYldKa1lTMTEKY213dWRYTXRkMlZ6ZEMweExteHZZMkZzYUc5emRDNXNiMk5oYkhOMFlXTnJMbU5zYjNWa2dqRXFMbXhoYldKawpZUzExY213dWRYTXRkMlZ6ZEMweUxteHZZMkZzYUc5emRDNXNiMk5oYkhOMFlXTnJMbU5zYjNWa2dod3FMbXh2ClkyRnNhRzl6ZEM1c2IyTmhiSE4wWVdOckxtTnNiM1ZrZ2lncUxtMTVjM0ZzTG1GNmRYSmxMbXh2WTJGc2FHOXoKZEM1c2IyTmhiSE4wWVdOckxtTnNiM1ZrZ2ljcUxtOXdaVzV6WldGeVkyZ3ViRzlqWVd4b2IzTjBMbXh2WTJGcwpjM1JoWTJzdVkyeHZkV1NDTFNvdWNHOXpkR2R5WlhOeGJDNWhlblZ5WlM1c2IyTmhiR2h2YzNRdWJHOWpZV3h6CmRHRmpheTVqYkc5MVpJSXRLaTV4ZFdWMVpTNWpiM0psTG1GNmRYSmxMbXh2WTJGc2FHOXpkQzVzYjJOaGJITjAKWVdOckxtTnNiM1ZrZ2lncUxuSmxaR2x6TG1GNmRYSmxMbXh2WTJGc2FHOXpkQzVzYjJOaGJITjBZV05yTG1OcwpiM1ZrZ2ljcUxuTXpMWGRsWW5OcGRHVXViRzlqWVd4b2IzTjBMbXh2WTJGc2MzUmhZMnN1WTJ4dmRXU0NIeW91CmN6TXViRzlqWVd4b2IzTjBMbXh2WTJGc2MzUmhZMnN1WTJ4dmRXU0NOQ291YzJOdExtRjZkWEpsZDJWaWMybDAKWlhNdVlYcDFjbVV1Ykc5allXeG9iM04wTG14dlkyRnNjM1JoWTJzdVkyeHZkV1NDSUNvdWMyTnRMbXh2WTJGcwphRzl6ZEM1c2IyTmhiSE4wWVdOckxtTnNiM1ZrZ2kwcUxuTmxjblpwWTJWaWRYTXVZWHAxY21VdWJHOWpZV3hvCmIzTjBMbXh2WTJGc2MzUmhZMnN1WTJ4dmRXU0NKaW91YzI1dmQyWnNZV3RsTG14dlkyRnNhRzl6ZEM1c2IyTmgKYkhOMFlXTnJMbU5zYjNWa2dpMHFMblJoWW14bExtTnZjbVV1WVhwMWNtVXViRzlqWVd4b2IzTjBMbXh2WTJGcwpjM1JoWTJzdVkyeHZkV1NDTVNvdWRYTXRaV0Z6ZEMweExtOXdaVzV6WldGeVkyZ3ViRzlqWVd4b2IzTjBMbXh2ClkyRnNjM1JoWTJzdVkyeHZkV1NDTVNvdWRYTXRaV0Z6ZEMweUxtOXdaVzV6WldGeVkyZ3ViRzlqWVd4b2IzTjAKTG14dlkyRnNjM1JoWTJzdVkyeHZkV1NDTVNvdWRYTXRkMlZ6ZEMweExtOXdaVzV6WldGeVkyZ3ViRzlqWVd4bwpiM04wTG14dlkyRnNjM1JoWTJzdVkyeHZkV1NDTVNvdWRYTXRkMlZ6ZEMweUxtOXdaVzV6WldGeVkyZ3ViRzlqCllXeG9iM04wTG14dlkyRnNjM1JoWTJzdVkyeHZkV1NDS0NvdWRtRjFiSFF1WVhwMWNtVXViRzlqWVd4b2IzTjAKTG14dlkyRnNjM1JoWTJzdVkyeHZkV1NDSzNOeGN5NWxkUzFqWlc1MGNtRnNMVEV1Ykc5allXeG9iM04wTG14dgpZMkZzYzNSaFkyc3VZMnh2ZFdTQ0tITnhjeTVsZFMxM1pYTjBMVEV1Ykc5allXeG9iM04wTG14dlkyRnNjM1JoClkyc3VZMnh2ZFdTQ0tITnhjeTUxY3kxbFlYTjBMVEV1Ykc5allXeG9iM04wTG14dlkyRnNjM1JoWTJzdVkyeHYKZFdTQ0tITnhjeTUxY3kxbFlYTjBMVEl1Ykc5allXeG9iM04wTG14dlkyRnNjM1JoWTJzdVkyeHZkV1NDS0hOeApjeTUxY3kxM1pYTjBMVEV1Ykc5allXeG9iM04wTG14dlkyRnNjM1JoWTJzdVkyeHZkV1NDS0hOeGN5NTFjeTEzClpYTjBMVEl1Ykc5allXeG9iM04wTG14dlkyRnNjM1JoWTJzdVkyeHZkV1F3RFFZSktvWklodmNOQVFFTUJRQUQKZ2dJQkFDSnlUeFRCRmZTVTJ5UjhrVmdFc0ZiUEUrK0ZuSUJyZU42aGEwZ1d4TFA2elRwdHllN1BIaHE3MXpaZgpZa1lFU1NiZUV2WnNFUXFtdXRteXdoNXpnRGZkb1RhdjJkWHdsM1RNb0F4bFpQY0t2RWh5SkRTUi9PZ1BDRGxCCkNTOXc0cnFqY3I0cnphdDJUVEd1WUFQU0I4dzdLd2M3OGZOMDk0Z1cva21NMk9MVXhtWU42V1N2RnhQNDExaCsKOGQyQUZFU0dYS3BGMFI5SmV1bm94RG1ZUjF5cE1rNld4WVhrdVNiVEdFMXhUeHQ4RUREWGtyaFlQRk5wNlFSTQpxQmN3WlpqZ3BEUTNaTkRudEZIMnJaemFaT0NxN3hQcCtDSDlwcjFKOUNNeTBnNlBJZCtGclNBSzdkbHlha2xvCnpudGNoT1RnVHN2VFpnMFFKSEFrVHY3WjNncHNLYU5Vb3NmTGhaaDZ0bnQySUZyb0JzRHdxT1RmUURoeWpITlUKWGs3WWdpWjRGNzRXMzdNRGNVNkl5Y1VadzNSbUlsMDlWblFKU2dqVy9BNHZKWGl5Q3lMMjNHbjJDeVdCNitvNwpaY2NJb0tlejJhRFFsTUVFUlZTS3hSRG1NM1FQL0w4bzBRRVgwQ0NDaERoVjQzbDFtMFo3ajh1N0o5QStyNStWCk9oOGRsWmphWXBmRm1DTkNzczBLWEM1NUlJSEZDcXhHcFNqV2xZbGNIS003Tm9Za2xUUzBDV1NaY29RVkpLMHQKQU01a242S3lucVk2WVhFNU96bmpibVphUkU2V2FocEgva0MrWTJjNEJaQnczbHA2NGJDTGJFbzBocU04QkdzWAowTjh4MG9tMVdlT0o3STlmS2ZMVi9yekpLQkJlTVdhQ0FJRTdQRjVISkZwaWZlUUYKLS0tLS1FTkQgQ0VSVElGSUNBVEUtLS0tLQotLS0tLUJFR0lOIENFUlRJRklDQVRFLS0tLS0KTUlJRzFUQ0NCTDJnQXdJQkFnSVFiRldyMjlBSGtzZWRCd3pZRVo3V3Z6QU5CZ2txaGtpRzl3MEJBUXdGQURDQgppREVMTUFrR0ExVUVCaE1DVlZNeEV6QVJCZ05WQkFnVENrNWxkeUJLWlhKelpYa3hGREFTQmdOVkJBY1RDMHBsCmNuTmxlU0JEYVhSNU1SNHdIQVlEVlFRS0V4VlVhR1VnVlZORlVsUlNWVk5VSUU1bGRIZHZjbXN4TGpBc0JnTlYKQkFNVEpWVlRSVkpVY25WemRDQlNVMEVnUTJWeWRHbG1hV05oZEdsdmJpQkJkWFJvYjNKcGRIa3dIaGNOTWpBdwpNVE13TURBd01EQXdXaGNOTXpBd01USTVNak0xT1RVNVdqQkxNUXN3Q1FZRFZRUUdFd0pCVkRFUU1BNEdBMVVFCkNoTUhXbVZ5YjFOVFRERXFNQ2dHQTFVRUF4TWhXbVZ5YjFOVFRDQlNVMEVnUkc5dFlXbHVJRk5sWTNWeVpTQlQKYVhSbElFTkJNSUlDSWpBTkJna3Foa2lHOXcwQkFRRUZBQU9DQWc4QU1JSUNDZ0tDQWdFQWhtbHpmcU8xTWRnago0VzNkcEJQVFZCWDFBdXZjQXlHMWZsMGRVbncvTWV1ZUNXelJXVGhlWjM1TFZvOTFrTEkzRERWYVpLVytUQkFzCkpCakViWW1Nd2NXU1RXWUNnNTMzNFNGMCtjdERBc0Z4c1grclREaDlrU3JHLzRtcDZPU2h1YkxhRUlVSmlabzQKdDg3M1R1U2QwV2o1RFd0M0R0cEFHOFQzNWwvdit4ck44dWI4UFNTb1g1VmtndytqV2Y0S1F0TnZVRkxEcThtRgpXaFVuUEw2akhBQURYcHZzNGxUTll3T3R4OXlRdGJweHdTdDdRSlkxK0lDcm1SSkI2QnVLUnQvamZESkY5SnNjClJRVmxISXhRZEtBSmw3b2FWblhnRGtxdGsycWRkZDNrQ0RYZDc0Z3Y4MTNHOTF6N0Nqc0d5Sjkzb0pJbE5TM1UKZ0ZiRDZWNTRKTWdaM3JTbW90WWJ6OThvWnhYN01LYnRDbTFhSi9xK2hUdjJZSzF5TXhybmZjaWVLbU9ZQmJGRApoblc1TzZSTUE3MDNkQks5Mmo2WFJOMkV0dExrUXV1alpneStqWFJLdGFXTUlsa05rV0ptT2lIbUVyUW5nSHZ0CmlOa0ljakp1bXExZGRGWDRpYVRJNDBhNnpndklCdHhGZURzMlJmY2FINzNlcjdjdE5VVXFnUVQ1ckZnSmhNbUYKeDc2clFnQjVPWlVrb2RiNWsyZXg3UCtHdTRKODZiUzE1MDk0VXVZY1YwOWhWZWtubVRoNUV4OUNCS2lwTFMyVwoyd0tCYWtmK2FWWW5OQ1U2UzBuQVNxdDJ4clpwR0Mxdjd2NkRodWVweXlKdG4zcVNWMlBvQmlVNVNxbCthQVJwCndVaWJRTUdtNDRnanlORHFEbFZwK1NoTFFsVUg5eDhDQXdFQUFhT0NBWFV3Z2dGeE1COEdBMVVkSXdRWU1CYUEKRkZONXYxcXFLMHJQVklEaDJKdkFuZkt5QTJiTE1CMEdBMVVkRGdRV0JCVEkyWGhvb3RrWmFOVTljdDVmQ2o3Ywp0WWFHcGpBT0JnTlZIUThCQWY4RUJBTUNBWVl3RWdZRFZSMFRBUUgvQkFnd0JnRUIvd0lCQURBZEJnTlZIU1VFCkZqQVVCZ2dyQmdFRkJRY0RBUVlJS3dZQkJRVUhBd0l3SWdZRFZSMGdCQnN3R1RBTkJnc3JCZ0VFQWJJeEFRSUMKVGpBSUJnWm5nUXdCQWdFd1VBWURWUjBmQkVrd1J6QkZvRU9nUVlZL2FIUjBjRG92TDJOeWJDNTFjMlZ5ZEhKMQpjM1F1WTI5dEwxVlRSVkpVY25WemRGSlRRVU5sY25ScFptbGpZWFJwYjI1QmRYUm9iM0pwZEhrdVkzSnNNSFlHCkNDc0dBUVVGQndFQkJHb3dhREEvQmdnckJnRUZCUWN3QW9ZemFIUjBjRG92TDJOeWRDNTFjMlZ5ZEhKMWMzUXUKWTI5dEwxVlRSVkpVY25WemRGSlRRVUZrWkZSeWRYTjBRMEV1WTNKME1DVUdDQ3NHQVFVRkJ6QUJoaGxvZEhSdwpPaTh2YjJOemNDNTFjMlZ5ZEhKMWMzUXVZMjl0TUEwR0NTcUdTSWIzRFFFQkRBVUFBNElDQVFBVkR3b0l6UURWCmVyY1QwZVlxWmpCTko4Vk5Xd1ZGbFFPdFpFUnFuNWlXbkVWYUxaWmR6eGxidnoyRngwRXhVTnVVRWdZa0lWTTQKWW9jS2tDUTdoTzVub2ljb3EvRHJFWUg1SXVOY3VXMUk4SkpaOURMdUIxZll2SUhsWjJKRzQ2aU5iVktBM3lnQQpFejg2UnZEUWx0MkM0OTRxcVBWSXRSanJ6OVlsSkVHVDBEcnR0eUFwcTBZTEZEemYrWjFwa01oaDdjKzdmWGVKCnFtSWhmSnBkdUtjOEhFUWtZUVFTaGVuNDI2UzNIMEpySUFiS2NCQ2l5WUZ1T2hmeXZ1d1ZDRkRmRnZyakFEamQKNGpYMXVRWGQxNjFJeUZSYm04OXMyT2o1b1Uxd0RZejVzeCtob0N1aDZsU3MrL3VQdVdvbUlxM3kxR0RGTmFmVworTHNIQlUxNmxRbzVRMnloMjVsYVFzS1JneVBtTXBISjk4ZWRtNnkyc0hVYWJBU21SSHh2R2l1d3dFMjVhRFUwCjJTQWVlcHlJbUoyQ3pCODBZRzdXeGx5bkhxTmhwRTd4ZkM3UHpRbExnbWZFSGRVK3RIRmVRYXpSUW5yRmtXMlcKa3FSR0lxN2NLUm55eXB2alBNa2plaVY5bFJkQU05ZlNKdnNCM3N2VXV1MWNvSUcxeHhJMXllZ29HTTRyNVFQNApSR0lWdllhaUk3NkMwZGpvU2JRL2RrSVVVWFF1QjhBTDVqeUgzNGczQlphYVh5dnBtblY0aWxwcE1YVkFuQVlHCk9ONTFXaEo2VzB4TmROSnd6WUFTWllIK3RtQ1dJK042MEd2Mk5OTUdId01aN2U5YlhnelVDWkg1RmFCRkRHUjUKUzlWV3FIQjczUStPeUlWdkliS1ljU2Mydy9hU3VGS0dTQT09Ci0tLS0tRU5EIENFUlRJRklDQVRFLS0tLS0KLS0tLS1CRUdJTiBDRVJUSUZJQ0FURS0tLS0tCk1JSUZnVENDQkdtZ0F3SUJBZ0lRT1hKRU92a2l0MUhYMDJ3UTNURTFsVEFOQmdrcWhraUc5dzBCQVF3RkFEQjcKTVFzd0NRWURWUVFHRXdKSFFqRWJNQmtHQTFVRUNBd1NSM0psWVhSbGNpQk5ZVzVqYUdWemRHVnlNUkF3RGdZRApWUVFIREFkVFlXeG1iM0prTVJvd0dBWURWUVFLREJGRGIyMXZaRzhnUTBFZ1RHbHRhWFJsWkRFaE1COEdBMVVFCkF3d1lRVUZCSUVObGNuUnBabWxqWVhSbElGTmxjblpwWTJWek1CNFhEVEU1TURNeE1qQXdNREF3TUZvWERUSTQKTVRJek1USXpOVGsxT1Zvd2dZZ3hDekFKQmdOVkJBWVRBbFZUTVJNd0VRWURWUVFJRXdwT1pYY2dTbVZ5YzJWNQpNUlF3RWdZRFZRUUhFd3RLWlhKelpYa2dRMmwwZVRFZU1Cd0dBMVVFQ2hNVlZHaGxJRlZUUlZKVVVsVlRWQ0JPClpYUjNiM0pyTVM0d0xBWURWUVFERXlWVlUwVlNWSEoxYzNRZ1VsTkJJRU5sY25ScFptbGpZWFJwYjI0Z1FYVjAKYUc5eWFYUjVNSUlDSWpBTkJna3Foa2lHOXcwQkFRRUZBQU9DQWc4QU1JSUNDZ0tDQWdFQWdCSmxGellPdzlzSQpzOUNzVncxMjdjMG4wMHl0VUlOaDRxb2dUUWt0WkFuY3pvbWZ6RDJwN1BiUHdkengwN0hXZXpjb0VTdEgyam5HCnZEb1p0RittdlgyZG8yTkN0bmJ5cVRzcmtmamliOURzRmlDUUNUN2k2SFRKR0xTUjFHSmsyMytqQnZHSUdHcVEKSWp5OC9oUHdoeFI3OXVRZmp0VGtVY1lSWjBZSVVjdUdGRlEvdkRQK2ZteWMveGFkR0wxUmpqV21wMmJJY21mYgpJV2F4MUp0NEE4QlFPdWpNOE55OG5reityd1dXTlI5WFdyZi96dms5dHl5MjlsVGR5T2NTT2sydVRJcTNYSnEwCnR5QTl5bjhpTks1K08yaG1BVVRuQVU1R1U1c3pZUGVVdmxNM2tITkQ4ekxEVSsvYnF2NTBUbW5IYTR4Z2s5N0UKeHd6ZjRUS3V6Sk03VVhpVlo0dnVQVmIrRE5CcER4c1A4eVVtYXpOdDkyNUgrbk5ENVg0T3BXYXhLWHd5aEdOVgppY1FOd1pOVU1Ca1RyTk45TjZmclhUcHNOVnpiUWRjUzJxbEpDOS9ZZ0lvSmsyS090V2JQSllqTmhMaXhQNlE1CkQ5a0NudXNTVEpWODgyc0ZxVjRXZzh5NForTG9FNTNNVzRMVFRMUHRXLy9lNVhPc0l6c3RBTDgxVlhRSlNkaEoKV0JwL2tqYm1VWklPOHlaOUhFMFh2TW5zUXliUXYwRmZRS2xFUlBTWjUxZUhubEFmVjFTb1B2MTBZeSt4VUdVSgo1bGhDTGtNYVRMVHdKVWRaK2dRZWs5UW1Sa3BRZ2JMZXZuaTMvR2NWNGNsWGhCNFBZOWJwWXJyV1gxVXU2bHpHCktBZ0VKVG00RGl1cDhreVhIQWMvRFZMMTdlOHZnZzhDQXdFQUFhT0I4akNCN3pBZkJnTlZIU01FR0RBV2dCU2cKRVFvalBwYnhCK3ppcnludmdxVi8wRENrdERBZEJnTlZIUTRFRmdRVVUzbS9XcW9yU3M5VWdPSFltOENkOHJJRApac3N3RGdZRFZSMFBBUUgvQkFRREFnR0dNQThHQTFVZEV3RUIvd1FGTUFNQkFmOHdFUVlEVlIwZ0JBb3dDREFHCkJnUlZIU0FBTUVNR0ExVWRId1E4TURvd09LQTJvRFNHTW1oMGRIQTZMeTlqY213dVkyOXRiMlJ2WTJFdVkyOXQKTDBGQlFVTmxjblJwWm1sallYUmxVMlZ5ZG1salpYTXVZM0pzTURRR0NDc0dBUVVGQndFQkJDZ3dKakFrQmdncgpCZ0VGQlFjd0FZWVlhSFIwY0RvdkwyOWpjM0F1WTI5dGIyUnZZMkV1WTI5dE1BMEdDU3FHU0liM0RRRUJEQVVBCkE0SUJBUUFZaDFIY2RDRTluSXJnSjdjejBDN003UERteTE0UjNpSnZtM1dPbm5MKzVOYitxaCtjbGkzdkEwcCsKcnZTTmIzSThRenZBUCt1NDMxeXFxY2F1OHZ6WTdxTjdRL2FHTm53VTRNMzA5ei8rM3JpMGl2Q1Jsdjc5UTJSKwovY3pTQWFGOWZmZ1pHY2xDS3hPL1dJdTZwS0ptQkhhSWtVNE1pUlRPb2szSk1yTzY2QlFhdkhIeFcvQkJDNWdBCkNpSURFT1VNc2ZuTmtqY1o3VHZ4NURxMitVVVRKbld2dTZydlAzdDNPOUxFQXBFOUdRRFRGMXc1Mno5N0dBMUYKelpPRmxpOWQzMWtXVHo5UnZkVkZHRC90U283b0JtRjBJeGExRFZCekowUkhmeEJkaVNwcmhURVV4T2lwYWt5QQp2R3A0ejdoL2puWnltUXlkL3RlUkNCYWhvMStWCi0tLS0tRU5EIENFUlRJRklDQVRFLS0tLS0="
              }
            ],
            "cluster_id": null,
            "compute_config": [],
            "created_at": "2026-04-09T21:39:30Z",
            "enabled_cluster_log_types": [
              "api",
              "audit"
            ],
            "encryption_config": [],
            "endpoint": "https://localhost.localstack.cloud:4510",
            "force_update_version": null,
            "id": "eks-fleet-portal-dev",
            "identity": [
              {
                "oidc": [
                  {
                    "issuer": "https://localhost.localstack.cloud:4510"
                  }
                ]
              }
            ],
            "kubernetes_network_config": [
              {
                "elastic_load_balancing": [
                  {
                    "enabled": false
                  }
                ],
                "ip_family": "ipv4",
                "service_ipv4_cidr": "10.100.0.0/16",
                "service_ipv6_cidr": ""
              }
            ],
            "name": "eks-fleet-portal-dev",
            "outpost_config": [],
            "platform_version": "eks.5",
            "remote_network_config": [],
            "role_arn": "arn:aws:iam::000000000000:role/eks-fleet-portal-dev-cluster-role",
            "status": "ACTIVE",
            "storage_config": [],
            "tags": {
              "application": "fleet-portal",
              "environment": "dev"
            },
            "tags_all": {
              "application": "fleet-portal",
              "environment": "dev"
            },
            "timeouts": null,
            "upgrade_policy": [
              {
                "support_type": "EXTENDED"
              }
            ],
            "version": "1.35",
            "vpc_config": [
              {
                "cluster_security_group_id": "sg-2c0ee8586c7f677c8",
                "endpoint_private_access": true,
                "endpoint_public_access": true,
                "public_access_cidrs": [
                  "0.0.0.0/0"
                ],
                "security_group_ids": [
                  "sg-3a3b873de792a77bc",
                  "sg-e86dbbdd92e4af75b"
                ],
                "subnet_ids": [
                  "subnet-1c9df20f5546d97eb",
                  "subnet-2ffbff441d28502b8",
                  "subnet-a3f0a2382603f3cad"
                ],
                "vpc_id": "vpc-da84cc9581bc4ec93"
              }
            ],
            "zonal_shift_config": []
          },
          "sensitive_attributes": [],
          "identity_schema_version": 0,
          "private": "eyJlMmJmYjczMC1lY2FhLTExZTYtOGY4OC0zNDM2M2JjN2M0YzAiOnsiY3JlYXRlIjoxODAwMDAwMDAwMDAwLCJkZWxldGUiOjkwMDAwMDAwMDAwMCwidXBkYXRlIjozNjAwMDAwMDAwMDAwfSwic2NoZW1hX3ZlcnNpb24iOiIxIn0=",
          "dependencies": [
            "aws_cloudwatch_log_group.container_cluster",
            "aws_ecr_repository.main",
            "aws_iam_role.container_cluster",
            "aws_iam_role_policy_attachment.eks_cluster_policy",
            "aws_iam_role_policy_attachment.eks_vpc_controller_policy",
            "aws_security_group.cluster",
            "aws_security_group.cluster_nodes",
            "aws_subnet.backend",
            "aws_vpc.main",
            "data.aws_availability_zones.available",
            "data.aws_iam_policy_document.container_cluster_assume_role",
            "random_shuffle.az"
          ]
        }
      ]
    },
    {
      "mode": "managed",
      "type": "aws_iam_group",
      "name": "admin",
      "provider": "provider[\"registry.terraform.io/hashicorp/aws\"]",
      "instances": [
        {
          "schema_version": 0,
          "attributes": {
            "arn": "arn:aws:iam::000000000000:group/fleet-portal-dev-admin",
            "id": "fleet-portal-dev-admin",
            "name": "fleet-portal-dev-admin",
            "path": "/",
            "unique_id": "AGPAQAAAAAAAL52XYAVHW"
          },
          "sensitive_attributes": [],
          "identity_schema_version": 0,
          "private": "bnVsbA=="
        }
      ]
    },
    {
      "mode": "managed",
      "type": "aws_iam_group",
      "name": "ecr_image_pushers",
      "provider": "provider[\"registry.terraform.io/hashicorp/aws\"]",
      "instances": [
        {
          "schema_version": 0,
          "attributes": {
            "arn": "arn:aws:iam::000000000000:group/fleet-portal-dev-ecr-image-pushers",
            "id": "fleet-portal-dev-ecr-image-pushers",
            "name": "fleet-portal-dev-ecr-image-pushers",
            "path": "/",
            "unique_id": "AGPAQAAAAAAACCVS3MBLJ"
          },
          "sensitive_attributes": [],
          "identity_schema_version": 0,
          "private": "bnVsbA=="
        }
      ]
    },
    {
      "mode": "managed",
      "type": "aws_iam_group_membership",
      "name": "admin",
      "provider": "provider[\"registry.terraform.io/hashicorp/aws\"]",
      "instances": [
        {
          "schema_version": 0,
          "attributes": {
            "group": "fleet-portal-dev-admin",
            "id": "fleet-portal-dev-admin",
            "name": "fleet-portal-dev-admin",
            "users": [
              "markti"
            ]
          },
          "sensitive_attributes": [],
          "identity_schema_version": 0,
          "private": "bnVsbA==",
          "dependencies": [
            "aws_iam_group.admin"
          ]
        }
      ]
    },
    {
      "mode": "managed",
      "type": "aws_iam_group_membership",
      "name": "ecr_image_pushers",
      "provider": "provider[\"registry.terraform.io/hashicorp/aws\"]",
      "instances": [
        {
          "schema_version": 0,
          "attributes": {
            "group": "fleet-portal-dev-ecr-image-pushers",
            "id": "fleet-portal-dev-ecr-image-push-membership",
            "name": "fleet-portal-dev-ecr-image-push-membership",
            "users": [
              "Terraform"
            ]
          },
          "sensitive_attributes": [],
          "identity_schema_version": 0,
          "private": "bnVsbA==",
          "dependencies": [
            "aws_iam_group.ecr_image_pushers"
          ]
        }
      ]
    },
    {
      "mode": "managed",
      "type": "aws_iam_group_policy",
      "name": "ecr_image_pushers",
      "provider": "provider[\"registry.terraform.io/hashicorp/aws\"]",
      "instances": [
        {
          "index_key": "backend",
          "schema_version": 0,
          "attributes": {
            "group": "fleet-portal-dev-ecr-image-pushers",
            "id": "fleet-portal-dev-ecr-image-pushers:fleet-portal-dev-backend-ecr-image-push-policy",
            "name": "fleet-portal-dev-backend-ecr-image-push-policy",
            "name_prefix": "",
            "policy": "{\"Version\":\"2012-10-17\",\"Statement\":[{\"Action\":[\"ecr:GetDownloadUrlForLayer\",\"ecr:BatchGetImage\",\"ecr:BatchCheckLayerAvailability\",\"ecr:PutImage\",\"ecr:InitiateLayerUpload\",\"ecr:UploadLayerPart\",\"ecr:CompleteLayerUpload\"],\"Effect\":\"Allow\",\"Resource\":\"arn:aws:ecr:us-east-1:000000000000:repository/ecr-fleet-portal-dev-backend\"}]}"
          },
          "sensitive_attributes": [],
          "identity_schema_version": 0,
          "private": "bnVsbA==",
          "dependencies": [
            "aws_ecr_repository.main",
            "aws_iam_group.ecr_image_pushers"
          ]
        },
        {
          "index_key": "frontend",
          "schema_version": 0,
          "attributes": {
            "group": "fleet-portal-dev-ecr-image-pushers",
            "id": "fleet-portal-dev-ecr-image-pushers:fleet-portal-dev-frontend-ecr-image-push-policy",
            "name": "fleet-portal-dev-frontend-ecr-image-push-policy",
            "name_prefix": "",
            "policy": "{\"Version\":\"2012-10-17\",\"Statement\":[{\"Action\":[\"ecr:GetDownloadUrlForLayer\",\"ecr:BatchGetImage\",\"ecr:BatchCheckLayerAvailability\",\"ecr:PutImage\",\"ecr:InitiateLayerUpload\",\"ecr:UploadLayerPart\",\"ecr:CompleteLayerUpload\"],\"Effect\":\"Allow\",\"Resource\":\"arn:aws:ecr:us-east-1:000000000000:repository/ecr-fleet-portal-dev-frontend\"}]}"
          },
          "sensitive_attributes": [],
          "identity_schema_version": 0,
          "private": "bnVsbA==",
          "dependencies": [
            "aws_ecr_repository.main",
            "aws_iam_group.ecr_image_pushers"
          ]
        }
      ]
    },
    {
      "mode": "managed",
      "type": "aws_iam_group_policy_attachment",
      "name": "console_access",
      "provider": "provider[\"registry.terraform.io/hashicorp/aws\"]",
      "instances": [
        {
          "schema_version": 0,
          "attributes": {
            "group": "fleet-portal-dev-admin",
            "id": "fleet-portal-dev-admin-20260409213929711000000003",
            "policy_arn": "arn:aws:iam::000000000000:policy/fleet-portal-dev-console-access"
          },
          "sensitive_attributes": [],
          "identity_schema_version": 0,
          "private": "bnVsbA==",
          "dependencies": [
            "aws_iam_group.admin",
            "aws_iam_policy.console_access",
            "data.aws_caller_identity.current",
            "data.aws_iam_policy_document.console_access"
          ]
        }
      ]
    },
    {
      "mode": "managed",
      "type": "aws_iam_openid_connect_provider",
      "name": "container_cluster_oidc",
      "provider": "provider[\"registry.terraform.io/hashicorp/aws\"]",
      "instances": [
        {
          "schema_version": 0,
          "attributes": {
            "arn": "arn:aws:iam::000000000000:oidc-provider/localhost.localstack.cloud:4510",
            "client_id_list": [
              "sts.amazonaws.com"
            ],
            "id": "arn:aws:iam::000000000000:oidc-provider/localhost.localstack.cloud:4510",
            "tags": null,
            "tags_all": {},
            "thumbprint_list": [
              "d89e3bd43d5d909b47a18977aa9d5ce36cee184c"
            ],
            "url": "localhost.localstack.cloud:4510"
          },
          "sensitive_attributes": [],
          "identity_schema_version": 0,
          "private": "bnVsbA==",
          "dependencies": [
            "aws_cloudwatch_log_group.container_cluster",
            "aws_ecr_repository.main",
            "aws_eks_cluster.main",
            "aws_iam_role.container_cluster",
            "aws_iam_role_policy_attachment.eks_cluster_policy",
            "aws_iam_role_policy_attachment.eks_vpc_controller_policy",
            "aws_security_group.cluster",
            "aws_security_group.cluster_nodes",
            "aws_subnet.backend",
            "aws_vpc.main",
            "data.aws_availability_zones.available",
            "data.aws_iam_policy_document.container_cluster_assume_role",
            "data.tls_certificate.container_cluster_oidc",
            "random_shuffle.az"
          ]
        }
      ]
    },
    {
      "mode": "managed",
      "type": "aws_iam_policy",
      "name": "alb_controller",
      "provider": "provider[\"registry.terraform.io/hashicorp/aws\"]",
      "instances": [
        {
          "schema_version": 0,
          "attributes": {
            "arn": "arn:aws:iam::000000000000:policy/AWSLoadBalancerControllerIAMPolicy",
            "attachment_count": 0,
            "description": "Policy for the AWS Load Balancer Controller",
            "id": "arn:aws:iam::000000000000:policy/AWSLoadBalancerControllerIAMPolicy",
            "name": "AWSLoadBalancerControllerIAMPolicy",
            "name_prefix": "",
            "path": "/",
            "policy": "{\"Statement\":[{\"Action\":[\"iam:CreateServiceLinkedRole\"],\"Condition\":{\"StringEquals\":{\"iam:AWSServiceName\":\"elasticloadbalancing.amazonaws.com\"}},\"Effect\":\"Allow\",\"Resource\":\"*\"},{\"Action\":[\"ec2:DescribeAccountAttributes\",\"ec2:DescribeAddresses\",\"ec2:DescribeAvailabilityZones\",\"ec2:DescribeInternetGateways\",\"ec2:DescribeVpcs\",\"ec2:DescribeVpcPeeringConnections\",\"ec2:DescribeSubnets\",\"ec2:DescribeSecurityGroups\",\"ec2:DescribeInstances\",\"ec2:DescribeNetworkInterfaces\",\"ec2:DescribeTags\",\"ec2:GetCoipPoolUsage\",\"ec2:DescribeCoipPools\",\"elasticloadbalancing:DescribeLoadBalancers\",\"elasticloadbalancing:DescribeLoadBalancerAttributes\",\"elasticloadbalancing:DescribeListeners\",\"elasticloadbalancing:DescribeListenerCertificates\",\"elasticloadbalancing:DescribeSSLPolicies\",\"elasticloadbalancing:DescribeRules\",\"elasticloadbalancing:DescribeTargetGroups\",\"elasticloadbalancing:DescribeTargetGroupAttributes\",\"elasticloadbalancing:DescribeTargetHealth\",\"elasticloadbalancing:DescribeTags\",\"elasticloadbalancing:DescribeTrustStores\"],\"Effect\":\"Allow\",\"Resource\":\"*\"},{\"Action\":[\"cognito-idp:DescribeUserPoolClient\",\"acm:ListCertificates\",\"acm:DescribeCertificate\",\"iam:ListServerCertificates\",\"iam:GetServerCertificate\",\"waf-regional:GetWebACL\",\"waf-regional:GetWebACLForResource\",\"waf-regional:AssociateWebACL\",\"waf-regional:DisassociateWebACL\",\"wafv2:GetWebACL\",\"wafv2:GetWebACLForResource\",\"wafv2:AssociateWebACL\",\"wafv2:DisassociateWebACL\",\"shield:GetSubscriptionState\",\"shield:DescribeProtection\",\"shield:CreateProtection\",\"shield:DeleteProtection\"],\"Effect\":\"Allow\",\"Resource\":\"*\"},{\"Action\":[\"ec2:AuthorizeSecurityGroupIngress\",\"ec2:RevokeSecurityGroupIngress\"],\"Effect\":\"Allow\",\"Resource\":\"*\"},{\"Action\":[\"ec2:CreateSecurityGroup\"],\"Effect\":\"Allow\",\"Resource\":\"*\"},{\"Action\":[\"ec2:CreateTags\"],\"Condition\":{\"Null\":{\"aws:RequestTag/elbv2.k8s.aws/cluster\":\"false\"},\"StringEquals\":{\"ec2:CreateAction\":\"CreateSecurityGroup\"}},\"Effect\":\"Allow\",\"Resource\":\"arn:aws:ec2:*:*:security-group/*\"},{\"Action\":[\"ec2:CreateTags\",\"ec2:DeleteTags\"],\"Condition\":{\"Null\":{\"aws:RequestTag/elbv2.k8s.aws/cluster\":\"true\",\"aws:ResourceTag/elbv2.k8s.aws/cluster\":\"false\"}},\"Effect\":\"Allow\",\"Resource\":\"arn:aws:ec2:*:*:security-group/*\"},{\"Action\":[\"ec2:AuthorizeSecurityGroupIngress\",\"ec2:RevokeSecurityGroupIngress\",\"ec2:DeleteSecurityGroup\"],\"Condition\":{\"Null\":{\"aws:ResourceTag/elbv2.k8s.aws/cluster\":\"false\"}},\"Effect\":\"Allow\",\"Resource\":\"*\"},{\"Action\":[\"elasticloadbalancing:CreateLoadBalancer\",\"elasticloadbalancing:CreateTargetGroup\"],\"Condition\":{\"Null\":{\"aws:RequestTag/elbv2.k8s.aws/cluster\":\"false\"}},\"Effect\":\"Allow\",\"Resource\":\"*\"},{\"Action\":[\"elasticloadbalancing:CreateListener\",\"elasticloadbalancing:DeleteListener\",\"elasticloadbalancing:CreateRule\",\"elasticloadbalancing:DeleteRule\"],\"Effect\":\"Allow\",\"Resource\":\"*\"},{\"Action\":[\"elasticloadbalancing:AddTags\",\"elasticloadbalancing:RemoveTags\"],\"Condition\":{\"Null\":{\"aws:RequestTag/elbv2.k8s.aws/cluster\":\"true\",\"aws:ResourceTag/elbv2.k8s.aws/cluster\":\"false\"}},\"Effect\":\"Allow\",\"Resource\":[\"arn:aws:elasticloadbalancing:*:*:targetgroup/*/*\",\"arn:aws:elasticloadbalancing:*:*:loadbalancer/net/*/*\",\"arn:aws:elasticloadbalancing:*:*:loadbalancer/app/*/*\"]},{\"Action\":[\"elasticloadbalancing:AddTags\",\"elasticloadbalancing:RemoveTags\"],\"Effect\":\"Allow\",\"Resource\":[\"arn:aws:elasticloadbalancing:*:*:listener/net/*/*/*\",\"arn:aws:elasticloadbalancing:*:*:listener/app/*/*/*\",\"arn:aws:elasticloadbalancing:*:*:listener-rule/net/*/*/*\",\"arn:aws:elasticloadbalancing:*:*:listener-rule/app/*/*/*\"]},{\"Action\":[\"elasticloadbalancing:ModifyLoadBalancerAttributes\",\"elasticloadbalancing:SetIpAddressType\",\"elasticloadbalancing:SetSecurityGroups\",\"elasticloadbalancing:SetSubnets\",\"elasticloadbalancing:DeleteLoadBalancer\",\"elasticloadbalancing:ModifyTargetGroup\",\"elasticloadbalancing:ModifyTargetGroupAttributes\",\"elasticloadbalancing:DeleteTargetGroup\"],\"Condition\":{\"Null\":{\"aws:ResourceTag/elbv2.k8s.aws/cluster\":\"false\"}},\"Effect\":\"Allow\",\"Resource\":\"*\"},{\"Action\":[\"elasticloadbalancing:AddTags\"],\"Condition\":{\"Null\":{\"aws:RequestTag/elbv2.k8s.aws/cluster\":\"false\"},\"StringEquals\":{\"elasticloadbalancing:CreateAction\":[\"CreateTargetGroup\",\"CreateLoadBalancer\"]}},\"Effect\":\"Allow\",\"Resource\":[\"arn:aws:elasticloadbalancing:*:*:targetgroup/*/*\",\"arn:aws:elasticloadbalancing:*:*:loadbalancer/net/*/*\",\"arn:aws:elasticloadbalancing:*:*:loadbalancer/app/*/*\"]},{\"Action\":[\"elasticloadbalancing:RegisterTargets\",\"elasticloadbalancing:DeregisterTargets\"],\"Effect\":\"Allow\",\"Resource\":\"arn:aws:elasticloadbalancing:*:*:targetgroup/*/*\"},{\"Action\":[\"elasticloadbalancing:SetWebAcl\",\"elasticloadbalancing:ModifyListener\",\"elasticloadbalancing:AddListenerCertificates\",\"elasticloadbalancing:RemoveListenerCertificates\",\"elasticloadbalancing:ModifyRule\"],\"Effect\":\"Allow\",\"Resource\":\"*\"}],\"Version\":\"2012-10-17\"}",
            "policy_id": "ARYBTS173V0J54AXRCK3H",
            "tags": null,
            "tags_all": {}
          },
          "sensitive_attributes": [],
          "identity_schema_version": 0,
          "private": "bnVsbA=="
        }
      ]
    },
    {
      "mode": "managed",
      "type": "aws_iam_policy",
      "name": "console_access",
      "provider": "provider[\"registry.terraform.io/hashicorp/aws\"]",
      "instances": [
        {
          "schema_version": 0,
          "attributes": {
            "arn": "arn:aws:iam::000000000000:policy/fleet-portal-dev-console-access",
            "attachment_count": 0,
            "description": "Allow users to assume the role to access EKS from the console",
            "id": "arn:aws:iam::000000000000:policy/fleet-portal-dev-console-access",
            "name": "fleet-portal-dev-console-access",
            "name_prefix": "",
            "path": "/",
            "policy": "{\"Statement\":[{\"Action\":[\"iam:ListRoles\",\"eks:ListUpdates\",\"eks:ListNodegroups\",\"eks:ListIdentityProviderConfigs\",\"eks:ListFargateProfiles\",\"eks:ListClusters\",\"eks:ListAddons\",\"eks:DescribeNodegroup\",\"eks:DescribeCluster\",\"eks:DescribeAddonVersions\",\"eks:AccessKubernetesApi\"],\"Effect\":\"Allow\",\"Resource\":\"*\"},{\"Action\":\"ssm:GetParameter\",\"Effect\":\"Allow\",\"Resource\":\"arn:aws:ssm:*:000000000000:parameter/*\"}],\"Version\":\"2012-10-17\"}",
            "policy_id": "AUA5WPN83EOGPG7ZL2B6G",
            "tags": null,
            "tags_all": {}
          },
          "sensitive_attributes": [],
          "identity_schema_version": 0,
          "private": "bnVsbA==",
          "dependencies": [
            "data.aws_caller_identity.current",
            "data.aws_iam_policy_document.console_access"
          ]
        }
      ]
    },
    {
      "mode": "managed",
      "type": "aws_iam_policy",
      "name": "eks_connector",
      "provider": "provider[\"registry.terraform.io/hashicorp/aws\"]",
      "instances": [
        {
          "schema_version": 0,
          "attributes": {
            "arn": "arn:aws:iam::000000000000:policy/AmazonEKSConnectorAgentPolicy",
            "attachment_count": 0,
            "description": "",
            "id": "arn:aws:iam::000000000000:policy/AmazonEKSConnectorAgentPolicy",
            "name": "AmazonEKSConnectorAgentPolicy",
            "name_prefix": "",
            "path": "/",
            "policy": "{\"Statement\":[{\"Action\":\"ssmmessages:CreateControlChannel\",\"Effect\":\"Allow\",\"Resource\":\"arn:aws:eks:*:*:cluster/*\",\"Sid\":\"SsmControlChannel\"},{\"Action\":[\"ssmmessages:OpenDataChannel\",\"ssmmessages:OpenControlChannel\",\"ssmmessages:CreateDataChannel\"],\"Effect\":\"Allow\",\"Resource\":\"*\",\"Sid\":\"ssmDataplaneOperations\"}],\"Version\":\"2012-10-17\"}",
            "policy_id": "AFWEVRC5C69OGVEKNLEBW",
            "tags": null,
            "tags_all": {}
          },
          "sensitive_attributes": [],
          "identity_schema_version": 0,
          "private": "bnVsbA==",
          "dependencies": [
            "data.aws_iam_policy_document.eks_connector"
          ]
        }
      ]
    },
    {
      "mode": "managed",
      "type": "aws_iam_policy",
      "name": "workload_identity",
      "provider": "provider[\"registry.terraform.io/hashicorp/aws\"]",
      "instances": [
        {
          "schema_version": 0,
          "attributes": {
            "arn": "arn:aws:iam::000000000000:policy/fleet-portal-dev-workload-identity",
            "attachment_count": 0,
            "description": "Policy for fleet-portal-dev Workload Identity",
            "id": "arn:aws:iam::000000000000:policy/fleet-portal-dev-workload-identity",
            "name": "fleet-portal-dev-workload-identity",
            "name_prefix": "",
            "path": "/",
            "policy": "{\"Statement\":[{\"Action\":[\"secretsmanager:GetSecretValue\",\"secretsmanager:DescribeSecret\"],\"Effect\":\"Allow\",\"Resource\":\"arn:aws:secretsmanager:us-east-1:000000000000:secret:*\"}],\"Version\":\"2012-10-17\"}",
            "policy_id": "AJIN4Q5KNLCMJ6KVT5W4S",
            "tags": null,
            "tags_all": {}
          },
          "sensitive_attributes": [],
          "identity_schema_version": 0,
          "private": "bnVsbA==",
          "dependencies": [
            "data.aws_caller_identity.current",
            "data.aws_iam_policy_document.workload_identity_policy"
          ]
        }
      ]
    },
    {
      "mode": "managed",
      "type": "aws_iam_role",
      "name": "alb_controller",
      "provider": "provider[\"registry.terraform.io/hashicorp/aws\"]",
      "instances": [
        {
          "schema_version": 0,
          "attributes": {
            "arn": "arn:aws:iam::000000000000:role/aws-load-balancer-controller-role",
            "assume_role_policy": "{\"Statement\":[{\"Action\":\"sts:AssumeRole\",\"Effect\":\"Allow\",\"Principal\":{\"Service\":\"ec2.amazonaws.com\"}}],\"Version\":\"2012-10-17\"}",
            "create_date": "2026-04-09T21:39:29Z",
            "description": "",
            "force_detach_policies": false,
            "id": "aws-load-balancer-controller-role",
            "inline_policy": [],
            "managed_policy_arns": [],
            "max_session_duration": 3600,
            "name": "aws-load-balancer-controller-role",
            "name_prefix": "",
            "path": "/",
            "permissions_boundary": "",
            "tags": null,
            "tags_all": {},
            "unique_id": "AROAQAAAAAAAIOLZF2AXC"
          },
          "sensitive_attributes": [],
          "identity_schema_version": 0,
          "private": "bnVsbA=="
        }
      ]
    },
    {
      "mode": "managed",
      "type": "aws_iam_role",
      "name": "console_access",
      "provider": "provider[\"registry.terraform.io/hashicorp/aws\"]",
      "instances": [
        {
          "schema_version": 0,
          "attributes": {
            "arn": "arn:aws:iam::000000000000:role/fleet-portal-dev-console-access",
            "assume_role_policy": "{\"Statement\":[{\"Action\":\"sts:AssumeRole\",\"Effect\":\"Allow\",\"Principal\":{\"AWS\":\"*\"}}],\"Version\":\"2012-10-17\"}",
            "create_date": "2026-04-09T21:39:29Z",
            "description": "",
            "force_detach_policies": false,
            "id": "fleet-portal-dev-console-access",
            "inline_policy": [],
            "managed_policy_arns": [],
            "max_session_duration": 3600,
            "name": "fleet-portal-dev-console-access",
            "name_prefix": "",
            "path": "/",
            "permissions_boundary": "",
            "tags": null,
            "tags_all": {},
            "unique_id": "AROAQAAAAAAAFPSYCSN3R"
          },
          "sensitive_attributes": [],
          "identity_schema_version": 0,
          "private": "bnVsbA==",
          "dependencies": [
            "data.aws_iam_policy_document.console_access_assume_role_policy"
          ]
        }
      ]
    },
    {
      "mode": "managed",
      "type": "aws_iam_role",
      "name": "container_cluster",
      "provider": "provider[\"registry.terraform.io/hashicorp/aws\"]",
      "instances": [
        {
          "schema_version": 0,
          "attributes": {
            "arn": "arn:aws:iam::000000000000:role/eks-fleet-portal-dev-cluster-role",
            "assume_role_policy": "{\"Statement\":[{\"Action\":\"sts:AssumeRole\",\"Effect\":\"Allow\",\"Principal\":{\"Service\":\"eks.amazonaws.com\"}}],\"Version\":\"2012-10-17\"}",
            "create_date": "2026-04-09T21:39:29Z",
            "description": "",
            "force_detach_policies": false,
            "id": "eks-fleet-portal-dev-cluster-role",
            "inline_policy": [],
            "managed_policy_arns": [],
            "max_session_duration": 3600,
            "name": "eks-fleet-portal-dev-cluster-role",
            "name_prefix": "",
            "path": "/",
            "permissions_boundary": "",
            "tags": {
              "application": "fleet-portal",
              "environment": "dev"
            },
            "tags_all": {
              "application": "fleet-portal",
              "environment": "dev"
            },
            "unique_id": "AROAQAAAAAAAEUHD4KJFP"
          },
          "sensitive_attributes": [],
          "identity_schema_version": 0,
          "private": "bnVsbA==",
          "dependencies": [
            "data.aws_iam_policy_document.container_cluster_assume_role"
          ]
        }
      ]
    },
    {
      "mode": "managed",
      "type": "aws_iam_role",
      "name": "container_node_group",
      "provider": "provider[\"registry.terraform.io/hashicorp/aws\"]",
      "instances": [
        {
          "schema_version": 0,
          "attributes": {
            "arn": "arn:aws:iam::000000000000:role/eks-fleet-portal-dev-nodegroup-role",
            "assume_role_policy": "{\"Statement\":[{\"Action\":\"sts:AssumeRole\",\"Effect\":\"Allow\",\"Principal\":{\"Service\":\"ec2.amazonaws.com\"},\"Sid\":\"EKSNodeAssumeRole\"}],\"Version\":\"2012-10-17\"}",
            "create_date": "2026-04-09T21:39:29Z",
            "description": "",
            "force_detach_policies": false,
            "id": "eks-fleet-portal-dev-nodegroup-role",
            "inline_policy": [],
            "managed_policy_arns": [],
            "max_session_duration": 3600,
            "name": "eks-fleet-portal-dev-nodegroup-role",
            "name_prefix": "",
            "path": "/",
            "permissions_boundary": "",
            "tags": {
              "application": "fleet-portal",
              "environment": "dev"
            },
            "tags_all": {
              "application": "fleet-portal",
              "environment": "dev"
            },
            "unique_id": "AROAQAAAAAAAMUZTSUCZR"
          },
          "sensitive_attributes": [],
          "identity_schema_version": 0,
          "private": "bnVsbA==",
          "dependencies": [
            "data.aws_iam_policy_document.container_node_group"
          ]
        }
      ]
    },
    {
      "mode": "managed",
      "type": "aws_iam_role",
      "name": "eks_connector",
      "provider": "provider[\"registry.terraform.io/hashicorp/aws\"]",
      "instances": [
        {
          "schema_version": 0,
          "attributes": {
            "arn": "arn:aws:iam::000000000000:role/AmazonEKSConnectorAgentRole",
            "assume_role_policy": "{\"Statement\":[{\"Action\":\"sts:AssumeRole\",\"Effect\":\"Allow\",\"Principal\":{\"Service\":\"ssm.amazonaws.com\"}}],\"Version\":\"2012-10-17\"}",
            "create_date": "2026-04-09T21:39:29Z",
            "description": "",
            "force_detach_policies": false,
            "id": "AmazonEKSConnectorAgentRole",
            "inline_policy": [],
            "managed_policy_arns": [],
            "max_session_duration": 3600,
            "name": "AmazonEKSConnectorAgentRole",
            "name_prefix": "",
            "path": "/",
            "permissions_boundary": "",
            "tags": null,
            "tags_all": {},
            "unique_id": "AROAQAAAAAAAC2P43KFHE"
          },
          "sensitive_attributes": [],
          "identity_schema_version": 0,
          "private": "bnVsbA==",
          "dependencies": [
            "data.aws_iam_policy_document.eks_connector_assume_role_policy"
          ]
        }
      ]
    },
    {
      "mode": "managed",
      "type": "aws_iam_role",
      "name": "workload_identity",
      "provider": "provider[\"registry.terraform.io/hashicorp/aws\"]",
      "instances": [
        {
          "schema_version": 0,
          "attributes": {
            "arn": "arn:aws:iam::000000000000:role/fleet-portal-dev-workload-identity",
            "assume_role_policy": "{\"Statement\":[{\"Action\":\"sts:AssumeRoleWithWebIdentity\",\"Condition\":{\"StringEquals\":{\"localhost.localstack.cloud:4510:sub\":\"system:serviceaccount:app:fleet-portal\"}},\"Effect\":\"Allow\",\"Principal\":{\"Federated\":\"arn:aws:iam::000000000000:oidc-provider/localhost.localstack.cloud:4510\"}}],\"Version\":\"2012-10-17\"}",
            "create_date": "2026-04-09T21:40:56Z",
            "description": "",
            "force_detach_policies": false,
            "id": "fleet-portal-dev-workload-identity",
            "inline_policy": [],
            "managed_policy_arns": [],
            "max_session_duration": 3600,
            "name": "fleet-portal-dev-workload-identity",
            "name_prefix": "",
            "path": "/",
            "permissions_boundary": "",
            "tags": null,
            "tags_all": {},
            "unique_id": "AROAQAAAAAAAOAVLLFAQ5"
          },
          "sensitive_attributes": [],
          "identity_schema_version": 0,
          "private": "bnVsbA==",
          "dependencies": [
            "aws_cloudwatch_log_group.container_cluster",
            "aws_ecr_repository.main",
            "aws_eks_cluster.main",
            "aws_iam_openid_connect_provider.container_cluster_oidc",
            "aws_iam_role.container_cluster",
            "aws_iam_role_policy_attachment.eks_cluster_policy",
            "aws_iam_role_policy_attachment.eks_vpc_controller_policy",
            "aws_security_group.cluster",
            "aws_security_group.cluster_nodes",
            "aws_subnet.backend",
            "aws_vpc.main",
            "data.aws_availability_zones.available",
            "data.aws_iam_policy_document.container_cluster_assume_role",
            "data.aws_iam_policy_document.workload_identity_assume_role_policy",
            "data.tls_certificate.container_cluster_oidc",
            "random_shuffle.az"
          ]
        }
      ]
    },
    {
      "mode": "managed",
      "type": "aws_iam_role_policy_attachment",
      "name": "alb",
      "provider": "provider[\"registry.terraform.io/hashicorp/aws\"]",
      "instances": [
        {
          "schema_version": 0,
          "attributes": {
            "id": "eks-fleet-portal-dev-nodegroup-role-20260409213929900200000009",
            "policy_arn": "arn:aws:iam::000000000000:policy/AWSLoadBalancerControllerIAMPolicy",
            "role": "eks-fleet-portal-dev-nodegroup-role"
          },
          "sensitive_attributes": [],
          "identity_schema_version": 0,
          "private": "bnVsbA==",
          "dependencies": [
            "aws_iam_policy.alb_controller",
            "aws_iam_role.container_node_group",
            "data.aws_iam_policy_document.container_node_group"
          ]
        }
      ]
    },
    {
      "mode": "managed",
      "type": "aws_iam_role_policy_attachment",
      "name": "alb_controller",
      "provider": "provider[\"registry.terraform.io/hashicorp/aws\"]",
      "instances": [
        {
          "schema_version": 0,
          "attributes": {
            "id": "aws-load-balancer-controller-role-20260409213929772100000005",
            "policy_arn": "arn:aws:iam::000000000000:policy/AWSLoadBalancerControllerIAMPolicy",
            "role": "aws-load-balancer-controller-role"
          },
          "sensitive_attributes": [],
          "identity_schema_version": 0,
          "private": "bnVsbA==",
          "dependencies": [
            "aws_iam_policy.alb_controller",
            "aws_iam_role.alb_controller"
          ]
        }
      ]
    },
    {
      "mode": "managed",
      "type": "aws_iam_role_policy_attachment",
      "name": "cloudwatch",
      "provider": "provider[\"registry.terraform.io/hashicorp/aws\"]",
      "instances": [
        {
          "schema_version": 0,
          "attributes": {
            "id": "eks-fleet-portal-dev-nodegroup-role-2026040921392990030000000a",
            "policy_arn": "arn:aws:iam::aws:policy/CloudWatchAgentServerPolicy",
            "role": "eks-fleet-portal-dev-nodegroup-role"
          },
          "sensitive_attributes": [],
          "identity_schema_version": 0,
          "private": "bnVsbA==",
          "dependencies": [
            "aws_iam_role.container_node_group",
            "data.aws_iam_policy_document.container_node_group"
          ]
        }
      ]
    },
    {
      "mode": "managed",
      "type": "aws_iam_role_policy_attachment",
      "name": "eks_cluster_policy",
      "provider": "provider[\"registry.terraform.io/hashicorp/aws\"]",
      "instances": [
        {
          "schema_version": 0,
          "attributes": {
            "id": "eks-fleet-portal-dev-cluster-role-20260409213929731800000004",
            "policy_arn": "arn:aws:iam::aws:policy/AmazonEKSClusterPolicy",
            "role": "eks-fleet-portal-dev-cluster-role"
          },
          "sensitive_attributes": [],
          "identity_schema_version": 0,
          "private": "bnVsbA==",
          "dependencies": [
            "aws_iam_role.container_cluster",
            "data.aws_iam_policy_document.container_cluster_assume_role"
          ]
        }
      ]
    },
    {
      "mode": "managed",
      "type": "aws_iam_role_policy_attachment",
      "name": "eks_cni_policy",
      "provider": "provider[\"registry.terraform.io/hashicorp/aws\"]",
      "instances": [
        {
          "schema_version": 0,
          "attributes": {
            "id": "eks-fleet-portal-dev-nodegroup-role-20260409213929810600000007",
            "policy_arn": "arn:aws:iam::aws:policy/AmazonEKS_CNI_Policy",
            "role": "eks-fleet-portal-dev-nodegroup-role"
          },
          "sensitive_attributes": [],
          "identity_schema_version": 0,
          "private": "bnVsbA==",
          "dependencies": [
            "aws_iam_role.container_node_group",
            "data.aws_iam_policy_document.container_node_group"
          ]
        }
      ]
    },
    {
      "mode": "managed",
      "type": "aws_iam_role_policy_attachment",
      "name": "eks_connector",
      "provider": "provider[\"registry.terraform.io/hashicorp/aws\"]",
      "instances": [
        {
          "schema_version": 0,
          "attributes": {
            "id": "AmazonEKSConnectorAgentRole-2026040921392991500000000c",
            "policy_arn": "arn:aws:iam::000000000000:policy/AmazonEKSConnectorAgentPolicy",
            "role": "AmazonEKSConnectorAgentRole"
          },
          "sensitive_attributes": [],
          "identity_schema_version": 0,
          "private": "bnVsbA==",
          "dependencies": [
            "aws_iam_policy.eks_connector",
            "aws_iam_role.eks_connector",
            "data.aws_iam_policy_document.eks_connector",
            "data.aws_iam_policy_document.eks_connector_assume_role_policy"
          ]
        }
      ]
    },
    {
      "mode": "managed",
      "type": "aws_iam_role_policy_attachment",
      "name": "eks_ecr_policy",
      "provider": "provider[\"registry.terraform.io/hashicorp/aws\"]",
      "instances": [
        {
          "schema_version": 0,
          "attributes": {
            "id": "eks-fleet-portal-dev-nodegroup-role-2026040921392990270000000b",
            "policy_arn": "arn:aws:iam::aws:policy/AmazonEC2ContainerRegistryReadOnly",
            "role": "eks-fleet-portal-dev-nodegroup-role"
          },
          "sensitive_attributes": [],
          "identity_schema_version": 0,
          "private": "bnVsbA==",
          "dependencies": [
            "aws_iam_role.container_node_group",
            "data.aws_iam_policy_document.container_node_group"
          ]
        }
      ]
    },
    {
      "mode": "managed",
      "type": "aws_iam_role_policy_attachment",
      "name": "eks_vpc_controller_policy",
      "provider": "provider[\"registry.terraform.io/hashicorp/aws\"]",
      "instances": [
        {
          "schema_version": 0,
          "attributes": {
            "id": "eks-fleet-portal-dev-cluster-role-20260409213929772100000006",
            "policy_arn": "arn:aws:iam::aws:policy/AmazonEKSVPCResourceController",
            "role": "eks-fleet-portal-dev-cluster-role"
          },
          "sensitive_attributes": [],
          "identity_schema_version": 0,
          "private": "bnVsbA==",
          "dependencies": [
            "aws_iam_role.container_cluster",
            "data.aws_iam_policy_document.container_cluster_assume_role"
          ]
        }
      ]
    },
    {
      "mode": "managed",
      "type": "aws_iam_role_policy_attachment",
      "name": "eks_worker_node_policy",
      "provider": "provider[\"registry.terraform.io/hashicorp/aws\"]",
      "instances": [
        {
          "schema_version": 0,
          "attributes": {
            "id": "eks-fleet-portal-dev-nodegroup-role-20260409213929864100000008",
            "policy_arn": "arn:aws:iam::aws:policy/AmazonEKSWorkerNodePolicy",
            "role": "eks-fleet-portal-dev-nodegroup-role"
          },
          "sensitive_attributes": [],
          "identity_schema_version": 0,
          "private": "bnVsbA==",
          "dependencies": [
            "aws_iam_role.container_node_group",
            "data.aws_iam_policy_document.container_node_group"
          ]
        }
      ]
    },
    {
      "mode": "managed",
      "type": "aws_iam_role_policy_attachment",
      "name": "workload_identity_policy",
      "provider": "provider[\"registry.terraform.io/hashicorp/aws\"]",
      "instances": [
        {
          "schema_version": 0,
          "attributes": {
            "id": "fleet-portal-dev-workload-identity-20260409214056355700000015",
            "policy_arn": "arn:aws:iam::000000000000:policy/fleet-portal-dev-workload-identity",
            "role": "fleet-portal-dev-workload-identity"
          },
          "sensitive_attributes": [],
          "identity_schema_version": 0,
          "private": "bnVsbA==",
          "dependencies": [
            "aws_cloudwatch_log_group.container_cluster",
            "aws_ecr_repository.main",
            "aws_eks_cluster.main",
            "aws_iam_openid_connect_provider.container_cluster_oidc",
            "aws_iam_policy.workload_identity",
            "aws_iam_role.container_cluster",
            "aws_iam_role.workload_identity",
            "aws_iam_role_policy_attachment.eks_cluster_policy",
            "aws_iam_role_policy_attachment.eks_vpc_controller_policy",
            "aws_security_group.cluster",
            "aws_security_group.cluster_nodes",
            "aws_subnet.backend",
            "aws_vpc.main",
            "data.aws_availability_zones.available",
            "data.aws_caller_identity.current",
            "data.aws_iam_policy_document.container_cluster_assume_role",
            "data.aws_iam_policy_document.workload_identity_assume_role_policy",
            "data.aws_iam_policy_document.workload_identity_policy",
            "data.tls_certificate.container_cluster_oidc",
            "random_shuffle.az"
          ]
        }
      ]
    },
    {
      "mode": "managed",
      "type": "aws_iam_user",
      "name": "admin",
      "provider": "provider[\"registry.terraform.io/hashicorp/aws\"]",
      "instances": [
        {
          "index_key": "markti",
          "schema_version": 0,
          "attributes": {
            "arn": "arn:aws:iam::000000000000:user/markti",
            "force_destroy": false,
            "id": "markti",
            "name": "markti",
            "path": "/",
            "permissions_boundary": "",
            "tags": {},
            "tags_all": {},
            "unique_id": "AIDAQAAAAAAAE7IIMYRC4"
          },
          "sensitive_attributes": [],
          "identity_schema_version": 0,
          "private": "bnVsbA=="
        }
      ]
    },
    {
      "mode": "managed",
      "type": "aws_iam_user",
      "name": "ecr_image_pushers",
      "provider": "provider[\"registry.terraform.io/hashicorp/aws\"]",
      "instances": [
        {
          "index_key": "Terraform",
          "schema_version": 0,
          "attributes": {
            "arn": "arn:aws:iam::000000000000:user/Terraform",
            "force_destroy": false,
            "id": "Terraform",
            "name": "Terraform",
            "path": "/",
            "permissions_boundary": "",
            "tags": {},
            "tags_all": {},
            "unique_id": "AIDAQAAAAAAAM2LJNQC56"
          },
          "sensitive_attributes": [],
          "identity_schema_version": 0,
          "private": "bnVsbA=="
        }
      ]
    },
    {
      "mode": "managed",
      "type": "aws_iam_user_policy_attachment",
      "name": "console_access",
      "provider": "provider[\"registry.terraform.io/hashicorp/aws\"]",
      "instances": [
        {
          "index_key": "markti",
          "schema_version": 0,
          "attributes": {
            "id": "markti-20260409213929710900000002",
            "policy_arn": "arn:aws:iam::000000000000:policy/fleet-portal-dev-console-access",
            "user": "markti"
          },
          "sensitive_attributes": [],
          "identity_schema_version": 0,
          "private": "bnVsbA==",
          "dependencies": [
            "aws_iam_policy.console_access",
            "data.aws_caller_identity.current",
            "data.aws_iam_policy_document.console_access"
          ]
        }
      ]
    },
    {
      "mode": "managed",
      "type": "aws_internet_gateway",
      "name": "main",
      "provider": "provider[\"registry.terraform.io/hashicorp/aws\"]",
      "instances": [
        {
          "schema_version": 0,
          "attributes": {
            "arn": "arn:aws:ec2:us-east-1:000000000000:internet-gateway/igw-05248a2030fa74984",
            "id": "igw-05248a2030fa74984",
            "owner_id": "000000000000",
            "tags": null,
            "tags_all": {},
            "timeouts": null,
            "vpc_id": "vpc-da84cc9581bc4ec93"
          },
          "sensitive_attributes": [],
          "identity_schema_version": 0,
          "private": "eyJlMmJmYjczMC1lY2FhLTExZTYtOGY4OC0zNDM2M2JjN2M0YzAiOnsiY3JlYXRlIjoxMjAwMDAwMDAwMDAwLCJkZWxldGUiOjEyMDAwMDAwMDAwMDAsInVwZGF0ZSI6MTIwMDAwMDAwMDAwMH19",
          "dependencies": [
            "aws_vpc.main"
          ]
        }
      ]
    },
    {
      "mode": "managed",
      "type": "aws_nat_gateway",
      "name": "nat",
      "provider": "provider[\"registry.terraform.io/hashicorp/aws\"]",
      "instances": [
        {
          "index_key": "0",
          "schema_version": 0,
          "attributes": {
            "allocation_id": "eipalloc-f475211b105d55034",
            "association_id": "eipassoc-9f8af5cc4de92af25",
            "connectivity_type": "public",
            "id": "nat-52e7dc38528af0bae",
            "network_interface_id": "eni-25a8d8858d0f7c4a6",
            "private_ip": "10.212.148.155",
            "public_ip": "127.167.248.17",
            "secondary_allocation_ids": null,
            "secondary_private_ip_address_count": 0,
            "secondary_private_ip_addresses": [],
            "subnet_id": "subnet-9dabe9b3886535d4d",
            "tags": null,
            "tags_all": {},
            "timeouts": null
          },
          "sensitive_attributes": [],
          "identity_schema_version": 0,
          "private": "eyJlMmJmYjczMC1lY2FhLTExZTYtOGY4OC0zNDM2M2JjN2M0YzAiOnsiY3JlYXRlIjo2MDAwMDAwMDAwMDAsImRlbGV0ZSI6MTgwMDAwMDAwMDAwMCwidXBkYXRlIjo2MDAwMDAwMDAwMDB9fQ==",
          "dependencies": [
            "aws_eip.nat",
            "aws_internet_gateway.main",
            "aws_subnet.frontend",
            "aws_vpc.main",
            "data.aws_availability_zones.available",
            "random_shuffle.az"
          ]
        },
        {
          "index_key": "1",
          "schema_version": 0,
          "attributes": {
            "allocation_id": "eipalloc-ab11da96bd1c88b20",
            "association_id": "eipassoc-f042e8c8c76215496",
            "connectivity_type": "public",
            "id": "nat-e2be65e3d26ec7f0f",
            "network_interface_id": "eni-4d63846d70f9c9a57",
            "private_ip": "10.59.120.31",
            "public_ip": "127.49.199.153",
            "secondary_allocation_ids": null,
            "secondary_private_ip_address_count": 0,
            "secondary_private_ip_addresses": [],
            "subnet_id": "subnet-f3e4017281c18d305",
            "tags": null,
            "tags_all": {},
            "timeouts": null
          },
          "sensitive_attributes": [],
          "identity_schema_version": 0,
          "private": "eyJlMmJmYjczMC1lY2FhLTExZTYtOGY4OC0zNDM2M2JjN2M0YzAiOnsiY3JlYXRlIjo2MDAwMDAwMDAwMDAsImRlbGV0ZSI6MTgwMDAwMDAwMDAwMCwidXBkYXRlIjo2MDAwMDAwMDAwMDB9fQ==",
          "dependencies": [
            "aws_eip.nat",
            "aws_internet_gateway.main",
            "aws_subnet.frontend",
            "aws_vpc.main",
            "data.aws_availability_zones.available",
            "random_shuffle.az"
          ]
        },
        {
          "index_key": "2",
          "schema_version": 0,
          "attributes": {
            "allocation_id": "eipalloc-cbad51007ab31f9d0",
            "association_id": "eipassoc-645fdb652affb7004",
            "connectivity_type": "public",
            "id": "nat-a598d5a5b9e034fe4",
            "network_interface_id": "eni-90d80f53cb4fe6f91",
            "private_ip": "10.190.60.53",
            "public_ip": "127.173.30.229",
            "secondary_allocation_ids": null,
            "secondary_private_ip_address_count": 0,
            "secondary_private_ip_addresses": [],
            "subnet_id": "subnet-c5764603d5d123b4f",
            "tags": null,
            "tags_all": {},
            "timeouts": null
          },
          "sensitive_attributes": [],
          "identity_schema_version": 0,
          "private": "eyJlMmJmYjczMC1lY2FhLTExZTYtOGY4OC0zNDM2M2JjN2M0YzAiOnsiY3JlYXRlIjo2MDAwMDAwMDAwMDAsImRlbGV0ZSI6MTgwMDAwMDAwMDAwMCwidXBkYXRlIjo2MDAwMDAwMDAwMDB9fQ==",
          "dependencies": [
            "aws_eip.nat",
            "aws_internet_gateway.main",
            "aws_subnet.frontend",
            "aws_vpc.main",
            "data.aws_availability_zones.available",
            "random_shuffle.az"
          ]
        }
      ]
    },
    {
      "mode": "managed",
      "type": "aws_resourcegroups_group",
      "name": "main",
      "provider": "provider[\"registry.terraform.io/hashicorp/aws\"]",
      "instances": [
        {
          "schema_version": 0,
          "attributes": {
            "arn": "arn:aws:resource-groups:us-west-1:000000000000:group/fleet-portal-dev",
            "configuration": [],
            "description": "",
            "id": "fleet-portal-dev",
            "name": "fleet-portal-dev",
            "resource_query": [
              {
                "query": "{\"ResourceTypeFilters\":[\"AWS::AllSupported\"],\"TagFilters\":[{\"Key\":\"application\",\"Values\":[\"fleet-portal\"]},{\"Key\":\"environment\",\"Values\":[\"dev\"]}]}",
                "type": "TAG_FILTERS_1_0"
              }
            ],
            "tags": null,
            "tags_all": {},
            "timeouts": null
          },
          "sensitive_attributes": [],
          "identity_schema_version": 0,
          "private": "eyJlMmJmYjczMC1lY2FhLTExZTYtOGY4OC0zNDM2M2JjN2M0YzAiOnsiY3JlYXRlIjo5MDAwMDAwMDAwMDAsInVwZGF0ZSI6OTAwMDAwMDAwMDAwfX0="
        }
      ]
    },
    {
      "mode": "managed",
      "type": "aws_route_table",
      "name": "backend",
      "provider": "provider[\"registry.terraform.io/hashicorp/aws\"]",
      "instances": [
        {
          "index_key": "0",
          "schema_version": 0,
          "attributes": {
            "arn": "arn:aws:ec2:us-east-1:000000000000:route-table/rtb-17ed060878df630db",
            "id": "rtb-17ed060878df630db",
            "owner_id": "000000000000",
            "propagating_vgws": [],
            "route": [
              {
                "carrier_gateway_id": "",
                "cidr_block": "0.0.0.0/0",
                "core_network_arn": "",
                "destination_prefix_list_id": "",
                "egress_only_gateway_id": "",
                "gateway_id": "",
                "ipv6_cidr_block": "",
                "local_gateway_id": "",
                "nat_gateway_id": "nat-52e7dc38528af0bae",
                "network_interface_id": "",
                "transit_gateway_id": "",
                "vpc_endpoint_id": "",
                "vpc_peering_connection_id": ""
              }
            ],
            "tags": null,
            "tags_all": {},
            "timeouts": null,
            "vpc_id": "vpc-da84cc9581bc4ec93"
          },
          "sensitive_attributes": [],
          "identity_schema_version": 0,
          "private": "eyJlMmJmYjczMC1lY2FhLTExZTYtOGY4OC0zNDM2M2JjN2M0YzAiOnsiY3JlYXRlIjozMDAwMDAwMDAwMDAsImRlbGV0ZSI6MzAwMDAwMDAwMDAwLCJ1cGRhdGUiOjEyMDAwMDAwMDAwMH19",
          "dependencies": [
            "aws_eip.nat",
            "aws_internet_gateway.main",
            "aws_nat_gateway.nat",
            "aws_subnet.frontend",
            "aws_vpc.main",
            "data.aws_availability_zones.available",
            "random_shuffle.az"
          ]
        },
        {
          "index_key": "1",
          "schema_version": 0,
          "attributes": {
            "arn": "arn:aws:ec2:us-east-1:000000000000:route-table/rtb-4998763364a761b7a",
            "id": "rtb-4998763364a761b7a",
            "owner_id": "000000000000",
            "propagating_vgws": [],
            "route": [
              {
                "carrier_gateway_id": "",
                "cidr_block": "0.0.0.0/0",
                "core_network_arn": "",
                "destination_prefix_list_id": "",
                "egress_only_gateway_id": "",
                "gateway_id": "",
                "ipv6_cidr_block": "",
                "local_gateway_id": "",
                "nat_gateway_id": "nat-e2be65e3d26ec7f0f",
                "network_interface_id": "",
                "transit_gateway_id": "",
                "vpc_endpoint_id": "",
                "vpc_peering_connection_id": ""
              }
            ],
            "tags": null,
            "tags_all": {},
            "timeouts": null,
            "vpc_id": "vpc-da84cc9581bc4ec93"
          },
          "sensitive_attributes": [],
          "identity_schema_version": 0,
          "private": "eyJlMmJmYjczMC1lY2FhLTExZTYtOGY4OC0zNDM2M2JjN2M0YzAiOnsiY3JlYXRlIjozMDAwMDAwMDAwMDAsImRlbGV0ZSI6MzAwMDAwMDAwMDAwLCJ1cGRhdGUiOjEyMDAwMDAwMDAwMH19",
          "dependencies": [
            "aws_eip.nat",
            "aws_internet_gateway.main",
            "aws_nat_gateway.nat",
            "aws_subnet.frontend",
            "aws_vpc.main",
            "data.aws_availability_zones.available",
            "random_shuffle.az"
          ]
        },
        {
          "index_key": "2",
          "schema_version": 0,
          "attributes": {
            "arn": "arn:aws:ec2:us-east-1:000000000000:route-table/rtb-504c191fd0b45bfa0",
            "id": "rtb-504c191fd0b45bfa0",
            "owner_id": "000000000000",
            "propagating_vgws": [],
            "route": [
              {
                "carrier_gateway_id": "",
                "cidr_block": "0.0.0.0/0",
                "core_network_arn": "",
                "destination_prefix_list_id": "",
                "egress_only_gateway_id": "",
                "gateway_id": "",
                "ipv6_cidr_block": "",
                "local_gateway_id": "",
                "nat_gateway_id": "nat-a598d5a5b9e034fe4",
                "network_interface_id": "",
                "transit_gateway_id": "",
                "vpc_endpoint_id": "",
                "vpc_peering_connection_id": ""
              }
            ],
            "tags": null,
            "tags_all": {},
            "timeouts": null,
            "vpc_id": "vpc-da84cc9581bc4ec93"
          },
          "sensitive_attributes": [],
          "identity_schema_version": 0,
          "private": "eyJlMmJmYjczMC1lY2FhLTExZTYtOGY4OC0zNDM2M2JjN2M0YzAiOnsiY3JlYXRlIjozMDAwMDAwMDAwMDAsImRlbGV0ZSI6MzAwMDAwMDAwMDAwLCJ1cGRhdGUiOjEyMDAwMDAwMDAwMH19",
          "dependencies": [
            "aws_eip.nat",
            "aws_internet_gateway.main",
            "aws_nat_gateway.nat",
            "aws_subnet.frontend",
            "aws_vpc.main",
            "data.aws_availability_zones.available",
            "random_shuffle.az"
          ]
        }
      ]
    },
    {
      "mode": "managed",
      "type": "aws_route_table",
      "name": "frontend",
      "provider": "provider[\"registry.terraform.io/hashicorp/aws\"]",
      "instances": [
        {
          "schema_version": 0,
          "attributes": {
            "arn": "arn:aws:ec2:us-east-1:000000000000:route-table/rtb-0f94e96d81b9f479f",
            "id": "rtb-0f94e96d81b9f479f",
            "owner_id": "000000000000",
            "propagating_vgws": [],
            "route": [
              {
                "carrier_gateway_id": "",
                "cidr_block": "0.0.0.0/0",
                "core_network_arn": "",
                "destination_prefix_list_id": "",
                "egress_only_gateway_id": "",
                "gateway_id": "igw-05248a2030fa74984",
                "ipv6_cidr_block": "",
                "local_gateway_id": "",
                "nat_gateway_id": "",
                "network_interface_id": "",
                "transit_gateway_id": "",
                "vpc_endpoint_id": "",
                "vpc_peering_connection_id": ""
              }
            ],
            "tags": null,
            "tags_all": {},
            "timeouts": null,
            "vpc_id": "vpc-da84cc9581bc4ec93"
          },
          "sensitive_attributes": [],
          "identity_schema_version": 0,
          "private": "eyJlMmJmYjczMC1lY2FhLTExZTYtOGY4OC0zNDM2M2JjN2M0YzAiOnsiY3JlYXRlIjozMDAwMDAwMDAwMDAsImRlbGV0ZSI6MzAwMDAwMDAwMDAwLCJ1cGRhdGUiOjEyMDAwMDAwMDAwMH19",
          "dependencies": [
            "aws_internet_gateway.main",
            "aws_vpc.main"
          ]
        }
      ]
    },
    {
      "mode": "managed",
      "type": "aws_route_table_association",
      "name": "backend",
      "provider": "provider[\"registry.terraform.io/hashicorp/aws\"]",
      "instances": [
        {
          "index_key": "0",
          "schema_version": 0,
          "attributes": {
            "gateway_id": "",
            "id": "rtbassoc-d18425397b2029e7b",
            "route_table_id": "rtb-17ed060878df630db",
            "subnet_id": "subnet-1c9df20f5546d97eb",
            "timeouts": null
          },
          "sensitive_attributes": [],
          "identity_schema_version": 0,
          "private": "eyJlMmJmYjczMC1lY2FhLTExZTYtOGY4OC0zNDM2M2JjN2M0YzAiOnsiY3JlYXRlIjozMDAwMDAwMDAwMDAsImRlbGV0ZSI6MzAwMDAwMDAwMDAwLCJ1cGRhdGUiOjEyMDAwMDAwMDAwMH19",
          "dependencies": [
            "aws_eip.nat",
            "aws_internet_gateway.main",
            "aws_nat_gateway.nat",
            "aws_route_table.backend",
            "aws_subnet.backend",
            "aws_subnet.frontend",
            "aws_vpc.main",
            "data.aws_availability_zones.available",
            "random_shuffle.az"
          ]
        },
        {
          "index_key": "1",
          "schema_version": 0,
          "attributes": {
            "gateway_id": "",
            "id": "rtbassoc-6163271b1654f2774",
            "route_table_id": "rtb-4998763364a761b7a",
            "subnet_id": "subnet-a3f0a2382603f3cad",
            "timeouts": null
          },
          "sensitive_attributes": [],
          "identity_schema_version": 0,
          "private": "eyJlMmJmYjczMC1lY2FhLTExZTYtOGY4OC0zNDM2M2JjN2M0YzAiOnsiY3JlYXRlIjozMDAwMDAwMDAwMDAsImRlbGV0ZSI6MzAwMDAwMDAwMDAwLCJ1cGRhdGUiOjEyMDAwMDAwMDAwMH19",
          "dependencies": [
            "aws_eip.nat",
            "aws_internet_gateway.main",
            "aws_nat_gateway.nat",
            "aws_route_table.backend",
            "aws_subnet.backend",
            "aws_subnet.frontend",
            "aws_vpc.main",
            "data.aws_availability_zones.available",
            "random_shuffle.az"
          ]
        },
        {
          "index_key": "2",
          "schema_version": 0,
          "attributes": {
            "gateway_id": "",
            "id": "rtbassoc-e511a6aac70f75783",
            "route_table_id": "rtb-504c191fd0b45bfa0",
            "subnet_id": "subnet-2ffbff441d28502b8",
            "timeouts": null
          },
          "sensitive_attributes": [],
          "identity_schema_version": 0,
          "private": "eyJlMmJmYjczMC1lY2FhLTExZTYtOGY4OC0zNDM2M2JjN2M0YzAiOnsiY3JlYXRlIjozMDAwMDAwMDAwMDAsImRlbGV0ZSI6MzAwMDAwMDAwMDAwLCJ1cGRhdGUiOjEyMDAwMDAwMDAwMH19",
          "dependencies": [
            "aws_eip.nat",
            "aws_internet_gateway.main",
            "aws_nat_gateway.nat",
            "aws_route_table.backend",
            "aws_subnet.backend",
            "aws_subnet.frontend",
            "aws_vpc.main",
            "data.aws_availability_zones.available",
            "random_shuffle.az"
          ]
        }
      ]
    },
    {
      "mode": "managed",
      "type": "aws_route_table_association",
      "name": "frontend",
      "provider": "provider[\"registry.terraform.io/hashicorp/aws\"]",
      "instances": [
        {
          "index_key": "0",
          "schema_version": 0,
          "attributes": {
            "gateway_id": "",
            "id": "rtbassoc-c13491fa01ae17594",
            "route_table_id": "rtb-0f94e96d81b9f479f",
            "subnet_id": "subnet-9dabe9b3886535d4d",
            "timeouts": null
          },
          "sensitive_attributes": [],
          "identity_schema_version": 0,
          "private": "eyJlMmJmYjczMC1lY2FhLTExZTYtOGY4OC0zNDM2M2JjN2M0YzAiOnsiY3JlYXRlIjozMDAwMDAwMDAwMDAsImRlbGV0ZSI6MzAwMDAwMDAwMDAwLCJ1cGRhdGUiOjEyMDAwMDAwMDAwMH19",
          "dependencies": [
            "aws_internet_gateway.main",
            "aws_route_table.frontend",
            "aws_subnet.frontend",
            "aws_vpc.main",
            "data.aws_availability_zones.available",
            "random_shuffle.az"
          ]
        },
        {
          "index_key": "1",
          "schema_version": 0,
          "attributes": {
            "gateway_id": "",
            "id": "rtbassoc-f2db3975de52c1ca0",
            "route_table_id": "rtb-0f94e96d81b9f479f",
            "subnet_id": "subnet-f3e4017281c18d305",
            "timeouts": null
          },
          "sensitive_attributes": [],
          "identity_schema_version": 0,
          "private": "eyJlMmJmYjczMC1lY2FhLTExZTYtOGY4OC0zNDM2M2JjN2M0YzAiOnsiY3JlYXRlIjozMDAwMDAwMDAwMDAsImRlbGV0ZSI6MzAwMDAwMDAwMDAwLCJ1cGRhdGUiOjEyMDAwMDAwMDAwMH19",
          "dependencies": [
            "aws_internet_gateway.main",
            "aws_route_table.frontend",
            "aws_subnet.frontend",
            "aws_vpc.main",
            "data.aws_availability_zones.available",
            "random_shuffle.az"
          ]
        },
        {
          "index_key": "2",
          "schema_version": 0,
          "attributes": {
            "gateway_id": "",
            "id": "rtbassoc-5762d844ced125e44",
            "route_table_id": "rtb-0f94e96d81b9f479f",
            "subnet_id": "subnet-c5764603d5d123b4f",
            "timeouts": null
          },
          "sensitive_attributes": [],
          "identity_schema_version": 0,
          "private": "eyJlMmJmYjczMC1lY2FhLTExZTYtOGY4OC0zNDM2M2JjN2M0YzAiOnsiY3JlYXRlIjozMDAwMDAwMDAwMDAsImRlbGV0ZSI6MzAwMDAwMDAwMDAwLCJ1cGRhdGUiOjEyMDAwMDAwMDAwMH19",
          "dependencies": [
            "aws_internet_gateway.main",
            "aws_route_table.frontend",
            "aws_subnet.frontend",
            "aws_vpc.main",
            "data.aws_availability_zones.available",
            "random_shuffle.az"
          ]
        }
      ]
    },
    {
      "mode": "managed",
      "type": "aws_secretsmanager_secret",
      "name": "database_connection_string",
      "provider": "provider[\"registry.terraform.io/hashicorp/aws\"]",
      "instances": [
        {
          "schema_version": 0,
          "attributes": {
            "arn": "arn:aws:secretsmanager:us-east-1:000000000000:secret:fleet-portal-dev-connection-string-RSDIeG",
            "description": "Database connection string",
            "force_overwrite_replica_secret": false,
            "id": "arn:aws:secretsmanager:us-east-1:000000000000:secret:fleet-portal-dev-connection-string-RSDIeG",
            "kms_key_id": "",
            "name": "fleet-portal-dev-connection-string",
            "name_prefix": "",
            "policy": "",
            "recovery_window_in_days": 30,
            "replica": [],
            "tags": null,
            "tags_all": {}
          },
          "sensitive_attributes": [],
          "identity_schema_version": 0,
          "private": "bnVsbA=="
        }
      ]
    },
    {
      "mode": "managed",
      "type": "aws_secretsmanager_secret_version",
      "name": "database_connection_string",
      "provider": "provider[\"registry.terraform.io/hashicorp/aws\"]",
      "instances": [
        {
          "schema_version": 0,
          "attributes": {
            "arn": "arn:aws:secretsmanager:us-east-1:000000000000:secret:fleet-portal-dev-connection-string-RSDIeG",
            "has_secret_string_wo": null,
            "id": "arn:aws:secretsmanager:us-east-1:000000000000:secret:fleet-portal-dev-connection-string-RSDIeG|terraform-2026040921393007760000000e",
            "secret_binary": "",
            "secret_id": "arn:aws:secretsmanager:us-east-1:000000000000:secret:fleet-portal-dev-connection-string-RSDIeG",
            "secret_string": "Q4yuNNa]5YfT_tVQ",
            "secret_string_wo": null,
            "secret_string_wo_version": null,
            "version_id": "terraform-2026040921393007760000000e",
            "version_stages": [
              "AWSCURRENT"
            ]
          },
          "sensitive_attributes": [
            [
              {
                "type": "get_attr",
                "value": "secret_binary"
              }
            ],
            [
              {
                "type": "get_attr",
                "value": "secret_string"
              }
            ],
            [
              {
                "type": "get_attr",
                "value": "secret_string_wo"
              }
            ]
          ],
          "identity_schema_version": 0,
          "private": "bnVsbA==",
          "dependencies": [
            "aws_secretsmanager_secret.database_connection_string",
            "random_password.database_connection_string"
          ]
        }
      ]
    },
    {
      "mode": "managed",
      "type": "aws_security_group",
      "name": "cluster",
      "provider": "provider[\"registry.terraform.io/hashicorp/aws\"]",
      "instances": [
        {
          "schema_version": 1,
          "attributes": {
            "arn": "arn:aws:ec2:us-east-1:000000000000:security-group/sg-3a3b873de792a77bc",
            "description": "Managed by Terraform",
            "egress": [
              {
                "cidr_blocks": [
                  "0.0.0.0/0"
                ],
                "description": "",
                "from_port": 0,
                "ipv6_cidr_blocks": [],
                "prefix_list_ids": [],
                "protocol": "-1",
                "security_groups": [],
                "self": false,
                "to_port": 0
              }
            ],
            "id": "sg-3a3b873de792a77bc",
            "ingress": [],
            "name": "fleet-portal-dev-cluster",
            "name_prefix": "",
            "owner_id": "000000000000",
            "revoke_rules_on_delete": false,
            "tags": null,
            "tags_all": {},
            "timeouts": null,
            "vpc_id": "vpc-da84cc9581bc4ec93"
          },
          "sensitive_attributes": [],
          "identity_schema_version": 0,
          "private": "eyJlMmJmYjczMC1lY2FhLTExZTYtOGY4OC0zNDM2M2JjN2M0YzAiOnsiY3JlYXRlIjo2MDAwMDAwMDAwMDAsImRlbGV0ZSI6OTAwMDAwMDAwMDAwfSwic2NoZW1hX3ZlcnNpb24iOiIxIn0=",
          "dependencies": [
            "aws_vpc.main"
          ]
        }
      ]
    },
    {
      "mode": "managed",
      "type": "aws_security_group",
      "name": "cluster_nodes",
      "provider": "provider[\"registry.terraform.io/hashicorp/aws\"]",
      "instances": [
        {
          "schema_version": 1,
          "attributes": {
            "arn": "arn:aws:ec2:us-east-1:000000000000:security-group/sg-e86dbbdd92e4af75b",
            "description": "Managed by Terraform",
            "egress": [
              {
                "cidr_blocks": [
                  "0.0.0.0/0"
                ],
                "description": "",
                "from_port": 0,
                "ipv6_cidr_blocks": [],
                "prefix_list_ids": [],
                "protocol": "-1",
                "security_groups": [],
                "self": false,
                "to_port": 0
              }
            ],
            "id": "sg-e86dbbdd92e4af75b",
            "ingress": [],
            "name": "fleet-portal-dev-cluster-nodes",
            "name_prefix": "",
            "owner_id": "000000000000",
            "revoke_rules_on_delete": false,
            "tags": null,
            "tags_all": {},
            "timeouts": null,
            "vpc_id": "vpc-da84cc9581bc4ec93"
          },
          "sensitive_attributes": [],
          "identity_schema_version": 0,
          "private": "eyJlMmJmYjczMC1lY2FhLTExZTYtOGY4OC0zNDM2M2JjN2M0YzAiOnsiY3JlYXRlIjo2MDAwMDAwMDAwMDAsImRlbGV0ZSI6OTAwMDAwMDAwMDAwfSwic2NoZW1hX3ZlcnNpb24iOiIxIn0=",
          "dependencies": [
            "aws_vpc.main"
          ]
        }
      ]
    },
    {
      "mode": "managed",
      "type": "aws_security_group_rule",
      "name": "cluster_ingress_https",
      "provider": "provider[\"registry.terraform.io/hashicorp/aws\"]",
      "instances": [
        {
          "schema_version": 2,
          "attributes": {
            "cidr_blocks": [
              "0.0.0.0/0"
            ],
            "description": null,
            "from_port": 443,
            "id": "sgrule-2856536282",
            "ipv6_cidr_blocks": null,
            "prefix_list_ids": null,
            "protocol": "tcp",
            "security_group_id": "sg-3a3b873de792a77bc",
            "security_group_rule_id": "sgr-d1db7a027b2b0af8d",
            "self": false,
            "source_security_group_id": null,
            "timeouts": null,
            "to_port": 443,
            "type": "ingress"
          },
          "sensitive_attributes": [],
          "identity_schema_version": 0,
          "private": "eyJlMmJmYjczMC1lY2FhLTExZTYtOGY4OC0zNDM2M2JjN2M0YzAiOnsiY3JlYXRlIjozMDAwMDAwMDAwMDB9LCJzY2hlbWFfdmVyc2lvbiI6IjIifQ==",
          "dependencies": [
            "aws_security_group.cluster",
            "aws_vpc.main"
          ]
        }
      ]
    },
    {
      "mode": "managed",
      "type": "aws_security_group_rule",
      "name": "nodeport",
      "provider": "provider[\"registry.terraform.io/hashicorp/aws\"]",
      "instances": [
        {
          "schema_version": 2,
          "attributes": {
            "cidr_blocks": [
              "0.0.0.0/0"
            ],
            "description": "nodeport",
            "from_port": 30000,
            "id": "sgrule-243688043",
            "ipv6_cidr_blocks": null,
            "prefix_list_ids": null,
            "protocol": "tcp",
            "security_group_id": "sg-e86dbbdd92e4af75b",
            "security_group_rule_id": "sgr-2c33bff6da2f8aa21",
            "self": false,
            "source_security_group_id": null,
            "timeouts": null,
            "to_port": 32768,
            "type": "ingress"
          },
          "sensitive_attributes": [],
          "identity_schema_version": 0,
          "private": "eyJlMmJmYjczMC1lY2FhLTExZTYtOGY4OC0zNDM2M2JjN2M0YzAiOnsiY3JlYXRlIjozMDAwMDAwMDAwMDB9LCJzY2hlbWFfdmVyc2lvbiI6IjIifQ==",
          "dependencies": [
            "aws_security_group.cluster_nodes",
            "aws_vpc.main"
          ]
        }
      ]
    },
    {
      "mode": "managed",
      "type": "aws_security_group_rule",
      "name": "nodeport_cluster",
      "provider": "provider[\"registry.terraform.io/hashicorp/aws\"]",
      "instances": [
        {
          "schema_version": 2,
          "attributes": {
            "cidr_blocks": [
              "0.0.0.0/0"
            ],
            "description": "nodeport",
            "from_port": 30000,
            "id": "sgrule-2755403814",
            "ipv6_cidr_blocks": null,
            "prefix_list_ids": null,
            "protocol": "tcp",
            "security_group_id": "sg-3a3b873de792a77bc",
            "security_group_rule_id": "sgr-aece207ae5d49a30a",
            "self": false,
            "source_security_group_id": null,
            "timeouts": null,
            "to_port": 32768,
            "type": "ingress"
          },
          "sensitive_attributes": [],
          "identity_schema_version": 0,
          "private": "eyJlMmJmYjczMC1lY2FhLTExZTYtOGY4OC0zNDM2M2JjN2M0YzAiOnsiY3JlYXRlIjozMDAwMDAwMDAwMDB9LCJzY2hlbWFfdmVyc2lvbiI6IjIifQ==",
          "dependencies": [
            "aws_security_group.cluster",
            "aws_vpc.main"
          ]
        }
      ]
    },
    {
      "mode": "managed",
      "type": "aws_security_group_rule",
      "name": "nodeport_cluster_udp",
      "provider": "provider[\"registry.terraform.io/hashicorp/aws\"]",
      "instances": [
        {
          "schema_version": 2,
          "attributes": {
            "cidr_blocks": [
              "0.0.0.0/0"
            ],
            "description": "nodeport",
            "from_port": 30000,
            "id": "sgrule-3673408190",
            "ipv6_cidr_blocks": null,
            "prefix_list_ids": null,
            "protocol": "udp",
            "security_group_id": "sg-3a3b873de792a77bc",
            "security_group_rule_id": "sgr-05539fed334579166",
            "self": false,
            "source_security_group_id": null,
            "timeouts": null,
            "to_port": 32768,
            "type": "ingress"
          },
          "sensitive_attributes": [],
          "identity_schema_version": 0,
          "private": "eyJlMmJmYjczMC1lY2FhLTExZTYtOGY4OC0zNDM2M2JjN2M0YzAiOnsiY3JlYXRlIjozMDAwMDAwMDAwMDB9LCJzY2hlbWFfdmVyc2lvbiI6IjIifQ==",
          "dependencies": [
            "aws_security_group.cluster",
            "aws_vpc.main"
          ]
        }
      ]
    },
    {
      "mode": "managed",
      "type": "aws_subnet",
      "name": "backend",
      "provider": "provider[\"registry.terraform.io/hashicorp/aws\"]",
      "instances": [
        {
          "index_key": "0",
          "schema_version": 1,
          "attributes": {
            "arn": "arn:aws:ec2:us-east-1:000000000000:subnet/subnet-1c9df20f5546d97eb",
            "assign_ipv6_address_on_creation": false,
            "availability_zone": "us-east-1d",
            "availability_zone_id": "use1-az4",
            "cidr_block": "10.0.3.0/24",
            "customer_owned_ipv4_pool": "",
            "enable_dns64": false,
            "enable_lni_at_device_index": 0,
            "enable_resource_name_dns_a_record_on_launch": false,
            "enable_resource_name_dns_aaaa_record_on_launch": false,
            "id": "subnet-1c9df20f5546d97eb",
            "ipv6_cidr_block": "",
            "ipv6_cidr_block_association_id": "",
            "ipv6_native": false,
            "map_customer_owned_ip_on_launch": false,
            "map_public_ip_on_launch": false,
            "outpost_arn": "",
            "owner_id": "000000000000",
            "private_dns_hostname_type_on_launch": "ip-name",
            "tags": null,
            "tags_all": {},
            "timeouts": null,
            "vpc_id": "vpc-da84cc9581bc4ec93"
          },
          "sensitive_attributes": [],
          "identity_schema_version": 0,
          "private": "eyJlMmJmYjczMC1lY2FhLTExZTYtOGY4OC0zNDM2M2JjN2M0YzAiOnsiY3JlYXRlIjo2MDAwMDAwMDAwMDAsImRlbGV0ZSI6MTIwMDAwMDAwMDAwMH0sInNjaGVtYV92ZXJzaW9uIjoiMSJ9",
          "dependencies": [
            "aws_vpc.main",
            "data.aws_availability_zones.available",
            "random_shuffle.az"
          ]
        },
        {
          "index_key": "1",
          "schema_version": 1,
          "attributes": {
            "arn": "arn:aws:ec2:us-east-1:000000000000:subnet/subnet-a3f0a2382603f3cad",
            "assign_ipv6_address_on_creation": false,
            "availability_zone": "us-east-1e",
            "availability_zone_id": "use1-az3",
            "cidr_block": "10.0.4.0/24",
            "customer_owned_ipv4_pool": "",
            "enable_dns64": false,
            "enable_lni_at_device_index": 0,
            "enable_resource_name_dns_a_record_on_launch": false,
            "enable_resource_name_dns_aaaa_record_on_launch": false,
            "id": "subnet-a3f0a2382603f3cad",
            "ipv6_cidr_block": "",
            "ipv6_cidr_block_association_id": "",
            "ipv6_native": false,
            "map_customer_owned_ip_on_launch": false,
            "map_public_ip_on_launch": false,
            "outpost_arn": "",
            "owner_id": "000000000000",
            "private_dns_hostname_type_on_launch": "ip-name",
            "tags": null,
            "tags_all": {},
            "timeouts": null,
            "vpc_id": "vpc-da84cc9581bc4ec93"
          },
          "sensitive_attributes": [],
          "identity_schema_version": 0,
          "private": "eyJlMmJmYjczMC1lY2FhLTExZTYtOGY4OC0zNDM2M2JjN2M0YzAiOnsiY3JlYXRlIjo2MDAwMDAwMDAwMDAsImRlbGV0ZSI6MTIwMDAwMDAwMDAwMH0sInNjaGVtYV92ZXJzaW9uIjoiMSJ9",
          "dependencies": [
            "aws_vpc.main",
            "data.aws_availability_zones.available",
            "random_shuffle.az"
          ]
        },
        {
          "index_key": "2",
          "schema_version": 1,
          "attributes": {
            "arn": "arn:aws:ec2:us-east-1:000000000000:subnet/subnet-2ffbff441d28502b8",
            "assign_ipv6_address_on_creation": false,
            "availability_zone": "us-east-1a",
            "availability_zone_id": "use1-az6",
            "cidr_block": "10.0.5.0/24",
            "customer_owned_ipv4_pool": "",
            "enable_dns64": false,
            "enable_lni_at_device_index": 0,
            "enable_resource_name_dns_a_record_on_launch": false,
            "enable_resource_name_dns_aaaa_record_on_launch": false,
            "id": "subnet-2ffbff441d28502b8",
            "ipv6_cidr_block": "",
            "ipv6_cidr_block_association_id": "",
            "ipv6_native": false,
            "map_customer_owned_ip_on_launch": false,
            "map_public_ip_on_launch": false,
            "outpost_arn": "",
            "owner_id": "000000000000",
            "private_dns_hostname_type_on_launch": "ip-name",
            "tags": null,
            "tags_all": {},
            "timeouts": null,
            "vpc_id": "vpc-da84cc9581bc4ec93"
          },
          "sensitive_attributes": [],
          "identity_schema_version": 0,
          "private": "eyJlMmJmYjczMC1lY2FhLTExZTYtOGY4OC0zNDM2M2JjN2M0YzAiOnsiY3JlYXRlIjo2MDAwMDAwMDAwMDAsImRlbGV0ZSI6MTIwMDAwMDAwMDAwMH0sInNjaGVtYV92ZXJzaW9uIjoiMSJ9",
          "dependencies": [
            "aws_vpc.main",
            "data.aws_availability_zones.available",
            "random_shuffle.az"
          ]
        }
      ]
    },
    {
      "mode": "managed",
      "type": "aws_subnet",
      "name": "frontend",
      "provider": "provider[\"registry.terraform.io/hashicorp/aws\"]",
      "instances": [
        {
          "index_key": "0",
          "schema_version": 1,
          "attributes": {
            "arn": "arn:aws:ec2:us-east-1:000000000000:subnet/subnet-9dabe9b3886535d4d",
            "assign_ipv6_address_on_creation": false,
            "availability_zone": "us-east-1d",
            "availability_zone_id": "use1-az4",
            "cidr_block": "10.0.0.0/24",
            "customer_owned_ipv4_pool": "",
            "enable_dns64": false,
            "enable_lni_at_device_index": 0,
            "enable_resource_name_dns_a_record_on_launch": false,
            "enable_resource_name_dns_aaaa_record_on_launch": false,
            "id": "subnet-9dabe9b3886535d4d",
            "ipv6_cidr_block": "",
            "ipv6_cidr_block_association_id": "",
            "ipv6_native": false,
            "map_customer_owned_ip_on_launch": false,
            "map_public_ip_on_launch": true,
            "outpost_arn": "",
            "owner_id": "000000000000",
            "private_dns_hostname_type_on_launch": "ip-name",
            "tags": null,
            "tags_all": {},
            "timeouts": null,
            "vpc_id": "vpc-da84cc9581bc4ec93"
          },
          "sensitive_attributes": [],
          "identity_schema_version": 0,
          "private": "eyJlMmJmYjczMC1lY2FhLTExZTYtOGY4OC0zNDM2M2JjN2M0YzAiOnsiY3JlYXRlIjo2MDAwMDAwMDAwMDAsImRlbGV0ZSI6MTIwMDAwMDAwMDAwMH0sInNjaGVtYV92ZXJzaW9uIjoiMSJ9",
          "dependencies": [
            "aws_vpc.main",
            "data.aws_availability_zones.available",
            "random_shuffle.az"
          ]
        },
        {
          "index_key": "1",
          "schema_version": 1,
          "attributes": {
            "arn": "arn:aws:ec2:us-east-1:000000000000:subnet/subnet-f3e4017281c18d305",
            "assign_ipv6_address_on_creation": false,
            "availability_zone": "us-east-1e",
            "availability_zone_id": "use1-az3",
            "cidr_block": "10.0.1.0/24",
            "customer_owned_ipv4_pool": "",
            "enable_dns64": false,
            "enable_lni_at_device_index": 0,
            "enable_resource_name_dns_a_record_on_launch": false,
            "enable_resource_name_dns_aaaa_record_on_launch": false,
            "id": "subnet-f3e4017281c18d305",
            "ipv6_cidr_block": "",
            "ipv6_cidr_block_association_id": "",
            "ipv6_native": false,
            "map_customer_owned_ip_on_launch": false,
            "map_public_ip_on_launch": true,
            "outpost_arn": "",
            "owner_id": "000000000000",
            "private_dns_hostname_type_on_launch": "ip-name",
            "tags": null,
            "tags_all": {},
            "timeouts": null,
            "vpc_id": "vpc-da84cc9581bc4ec93"
          },
          "sensitive_attributes": [],
          "identity_schema_version": 0,
          "private": "eyJlMmJmYjczMC1lY2FhLTExZTYtOGY4OC0zNDM2M2JjN2M0YzAiOnsiY3JlYXRlIjo2MDAwMDAwMDAwMDAsImRlbGV0ZSI6MTIwMDAwMDAwMDAwMH0sInNjaGVtYV92ZXJzaW9uIjoiMSJ9",
          "dependencies": [
            "aws_vpc.main",
            "data.aws_availability_zones.available",
            "random_shuffle.az"
          ]
        },
        {
          "index_key": "2",
          "schema_version": 1,
          "attributes": {
            "arn": "arn:aws:ec2:us-east-1:000000000000:subnet/subnet-c5764603d5d123b4f",
            "assign_ipv6_address_on_creation": false,
            "availability_zone": "us-east-1a",
            "availability_zone_id": "use1-az6",
            "cidr_block": "10.0.2.0/24",
            "customer_owned_ipv4_pool": "",
            "enable_dns64": false,
            "enable_lni_at_device_index": 0,
            "enable_resource_name_dns_a_record_on_launch": false,
            "enable_resource_name_dns_aaaa_record_on_launch": false,
            "id": "subnet-c5764603d5d123b4f",
            "ipv6_cidr_block": "",
            "ipv6_cidr_block_association_id": "",
            "ipv6_native": false,
            "map_customer_owned_ip_on_launch": false,
            "map_public_ip_on_launch": true,
            "outpost_arn": "",
            "owner_id": "000000000000",
            "private_dns_hostname_type_on_launch": "ip-name",
            "tags": null,
            "tags_all": {},
            "timeouts": null,
            "vpc_id": "vpc-da84cc9581bc4ec93"
          },
          "sensitive_attributes": [],
          "identity_schema_version": 0,
          "private": "eyJlMmJmYjczMC1lY2FhLTExZTYtOGY4OC0zNDM2M2JjN2M0YzAiOnsiY3JlYXRlIjo2MDAwMDAwMDAwMDAsImRlbGV0ZSI6MTIwMDAwMDAwMDAwMH0sInNjaGVtYV92ZXJzaW9uIjoiMSJ9",
          "dependencies": [
            "aws_vpc.main",
            "data.aws_availability_zones.available",
            "random_shuffle.az"
          ]
        }
      ]
    },
    {
      "mode": "managed",
      "type": "aws_vpc",
      "name": "main",
      "provider": "provider[\"registry.terraform.io/hashicorp/aws\"]",
      "instances": [
        {
          "schema_version": 1,
          "attributes": {
            "arn": "arn:aws:ec2:us-east-1:000000000000:vpc/vpc-da84cc9581bc4ec93",
            "assign_generated_ipv6_cidr_block": false,
            "cidr_block": "10.0.0.0/21",
            "default_network_acl_id": "acl-511dcc9739eae0423",
            "default_route_table_id": "rtb-40cfd5b863bd24a85",
            "default_security_group_id": "sg-d72e56b68a00864da",
            "dhcp_options_id": "default",
            "enable_dns_hostnames": false,
            "enable_dns_support": true,
            "enable_network_address_usage_metrics": false,
            "id": "vpc-da84cc9581bc4ec93",
            "instance_tenancy": "default",
            "ipv4_ipam_pool_id": null,
            "ipv4_netmask_length": null,
            "ipv6_association_id": "",
            "ipv6_cidr_block": "",
            "ipv6_cidr_block_network_border_group": "",
            "ipv6_ipam_pool_id": "",
            "ipv6_netmask_length": 0,
            "main_route_table_id": "rtb-40cfd5b863bd24a85",
            "owner_id": "000000000000",
            "tags": {
              "Name": "fleet-portal-dev-network",
              "application": "fleet-portal",
              "environment": "dev"
            },
            "tags_all": {
              "Name": "fleet-portal-dev-network",
              "application": "fleet-portal",
              "environment": "dev"
            }
          },
          "sensitive_attributes": [],
          "identity_schema_version": 0,
          "private": "eyJzY2hlbWFfdmVyc2lvbiI6IjEifQ=="
        }
      ]
    },
    {
      "mode": "managed",
      "type": "random_password",
      "name": "database_connection_string",
      "provider": "provider[\"registry.terraform.io/hashicorp/random\"]",
      "instances": [
        {
          "schema_version": 3,
          "attributes": {
            "bcrypt_hash": "$2a$10$9wl8vwjvR7RfpLkA/ur9yu.S3FBteK6XIrD7Hazceiytg5wA1ruqa",
            "id": "none",
            "keepers": null,
            "length": 16,
            "lower": true,
            "min_lower": 0,
            "min_numeric": 0,
            "min_special": 0,
            "min_upper": 0,
            "number": true,
            "numeric": true,
            "override_special": "!#$%\u0026*()-_=+[]{}\u003c\u003e:?",
            "result": "Q4yuNNa]5YfT_tVQ",
            "special": true,
            "upper": true
          },
          "sensitive_attributes": [
            [
              {
                "type": "get_attr",
                "value": "bcrypt_hash"
              }
            ],
            [
              {
                "type": "get_attr",
                "value": "result"
              }
            ]
          ],
          "identity_schema_version": 0
        }
      ]
    },
    {
      "mode": "managed",
      "type": "random_shuffle",
      "name": "az",
      "provider": "provider[\"registry.terraform.io/hashicorp/random\"]",
      "instances": [
        {
          "schema_version": 0,
          "attributes": {
            "id": "-",
            "input": [
              "us-east-1a",
              "us-east-1b",
              "us-east-1c",
              "us-east-1d",
              "us-east-1e",
              "us-east-1f"
            ],
            "keepers": null,
            "result": [
              "us-east-1d",
              "us-east-1e",
              "us-east-1a"
            ],
            "result_count": 3,
            "seed": null
          },
          "sensitive_attributes": [],
          "identity_schema_version": 0,
          "dependencies": [
            "data.aws_availability_zones.available"
          ]
        }
      ]
    }
  ],
  "check_results": null
}
