{
  "version": 4,
  "terraform_version": "1.14.8",
  "serial": 8,
  "lineage": "a78629c5-85e4-1fc7-06ab-0de0690d53e8",
  "outputs": {
    "backend_repository": {
      "value": "ecr-fleet-portal-dev-backend",
      "type": "string"
    },
    "backend_repository_url": {
      "value": "000000000000.dkr.ecr.us-east-1.localhost.localstack.cloud:4566/ecr-fleet-portal-dev-backend",
      "type": "string"
    },
    "frontend_repository": {
      "value": "ecr-fleet-portal-dev-frontend",
      "type": "string"
    },
    "frontend_repository_url": {
      "value": "000000000000.dkr.ecr.us-east-1.localhost.localstack.cloud:4566/ecr-fleet-portal-dev-frontend",
      "type": "string"
    }
  },
  "resources": [
    {
      "mode": "data",
      "type": "aws_availability_zones",
      "name": "available",
      "provider": "provider[\"registry.terraform.io/hashicorp/aws\"]",
      "instances": [
        {
          "schema_version": 0,
          "attributes": {
            "all_availability_zones": null,
            "exclude_names": null,
            "exclude_zone_ids": null,
            "filter": null,
            "group_names": [
              ""
            ],
            "id": "us-east-1",
            "names": [
              "us-east-1a",
              "us-east-1b",
              "us-east-1c",
              "us-east-1d",
              "us-east-1e",
              "us-east-1f"
            ],
            "state": "available",
            "timeouts": null,
            "zone_ids": [
              "use1-az6",
              "use1-az1",
              "use1-az2",
              "use1-az4",
              "use1-az3",
              "use1-az5"
            ]
          },
          "sensitive_attributes": [],
          "identity_schema_version": 0
        }
      ]
    },
    {
      "mode": "managed",
      "type": "aws_ecr_repository",
      "name": "main",
      "provider": "provider[\"registry.terraform.io/hashicorp/aws\"]",
      "instances": [
        {
          "index_key": "backend",
          "schema_version": 0,
          "attributes": {
            "arn": "arn:aws:ecr:us-east-1:000000000000:repository/ecr-fleet-portal-dev-backend",
            "encryption_configuration": [
              {
                "encryption_type": "AES256",
                "kms_key": ""
              }
            ],
            "force_delete": true,
            "id": "ecr-fleet-portal-dev-backend",
            "image_scanning_configuration": [
              {
                "scan_on_push": false
              }
            ],
            "image_tag_mutability": "MUTABLE",
            "name": "ecr-fleet-portal-dev-backend",
            "registry_id": "000000000000",
            "repository_url": "000000000000.dkr.ecr.us-east-1.localhost.localstack.cloud:4566/ecr-fleet-portal-dev-backend",
            "tags": {
              "application": "fleet-portal",
              "environment": "dev"
            },
            "tags_all": {
              "application": "fleet-portal",
              "environment": "dev"
            },
            "timeouts": null
          },
          "sensitive_attributes": [],
          "identity_schema_version": 0,
          "private": "eyJlMmJmYjczMC1lY2FhLTExZTYtOGY4OC0zNDM2M2JjN2M0YzAiOnsiZGVsZXRlIjoxMjAwMDAwMDAwMDAwfX0="
        },
        {
          "index_key": "frontend",
          "schema_version": 0,
          "attributes": {
            "arn": "arn:aws:ecr:us-east-1:000000000000:repository/ecr-fleet-portal-dev-frontend",
            "encryption_configuration": [
              {
                "encryption_type": "AES256",
                "kms_key": ""
              }
            ],
            "force_delete": true,
            "id": "ecr-fleet-portal-dev-frontend",
            "image_scanning_configuration": [
              {
                "scan_on_push": false
              }
            ],
            "image_tag_mutability": "MUTABLE",
            "name": "ecr-fleet-portal-dev-frontend",
            "registry_id": "000000000000",
            "repository_url": "000000000000.dkr.ecr.us-east-1.localhost.localstack.cloud:4566/ecr-fleet-portal-dev-frontend",
            "tags": {
              "application": "fleet-portal",
              "environment": "dev"
            },
            "tags_all": {
              "application": "fleet-portal",
              "environment": "dev"
            },
            "timeouts": null
          },
          "sensitive_attributes": [],
          "identity_schema_version": 0,
          "private": "eyJlMmJmYjczMC1lY2FhLTExZTYtOGY4OC0zNDM2M2JjN2M0YzAiOnsiZGVsZXRlIjoxMjAwMDAwMDAwMDAwfX0="
        }
      ]
    },
    {
      "mode": "managed",
      "type": "aws_iam_user",
      "name": "admin",
      "provider": "provider[\"registry.terraform.io/hashicorp/aws\"]",
      "instances": [
        {
          "index_key": "markti",
          "schema_version": 0,
          "attributes": {
            "arn": "arn:aws:iam::000000000000:user/markti",
            "force_destroy": false,
            "id": "markti",
            "name": "markti",
            "path": "/",
            "permissions_boundary": "",
            "tags": null,
            "tags_all": {},
            "unique_id": "AIDAQAAAAAAAE7IIMYRC4"
          },
          "sensitive_attributes": [],
          "identity_schema_version": 0,
          "private": "bnVsbA=="
        }
      ]
    },
    {
      "mode": "managed",
      "type": "aws_iam_user",
      "name": "ecr_image_pushers",
      "provider": "provider[\"registry.terraform.io/hashicorp/aws\"]",
      "instances": [
        {
          "index_key": "Terraform",
          "schema_version": 0,
          "attributes": {
            "arn": "arn:aws:iam::000000000000:user/Terraform",
            "force_destroy": false,
            "id": "Terraform",
            "name": "Terraform",
            "path": "/",
            "permissions_boundary": "",
            "tags": null,
            "tags_all": {},
            "unique_id": "AIDAQAAAAAAAM2LJNQC56"
          },
          "sensitive_attributes": [],
          "identity_schema_version": 0,
          "private": "bnVsbA=="
        }
      ]
    },
    {
      "mode": "managed",
      "type": "random_shuffle",
      "name": "az",
      "provider": "provider[\"registry.terraform.io/hashicorp/random\"]",
      "instances": [
        {
          "schema_version": 0,
          "attributes": {
            "id": "-",
            "input": [
              "us-east-1a",
              "us-east-1b",
              "us-east-1c",
              "us-east-1d",
              "us-east-1e",
              "us-east-1f"
            ],
            "keepers": null,
            "result": [
              "us-east-1d",
              "us-east-1e",
              "us-east-1a"
            ],
            "result_count": 3,
            "seed": null
          },
          "sensitive_attributes": [],
          "identity_schema_version": 0,
          "dependencies": [
            "data.aws_availability_zones.available"
          ]
        }
      ]
    }
  ],
  "check_results": null
}
