{
  "version": 4,
  "terraform_version": "1.14.8",
  "serial": 77,
  "lineage": "74dd204b-2cd9-957f-4d3c-4d7f243ea569",
  "outputs": {
    "admin_group_arn": {
      "value": "arn:aws:iam::000000000000:group/fleet-portal-dev-admin",
      "type": "string"
    },
    "alb_controller_role": {
      "value": "arn:aws:iam::000000000000:role/aws-load-balancer-controller-role",
      "type": "string"
    },
    "backend_repository": {
      "value": "ecr-fleet-portal-dev-backend",
      "type": "string"
    },
    "backend_repository_url": {
      "value": "000000000000.dkr.ecr.us-east-1.localhost.localstack.cloud:4566/ecr-fleet-portal-dev-backend",
      "type": "string"
    },
    "console_role_arn": {
      "value": "arn:aws:iam::000000000000:role/fleet-portal-dev-console-access",
      "type": "string"
    },
    "frontend_repository": {
      "value": "ecr-fleet-portal-dev-frontend",
      "type": "string"
    },
    "frontend_repository_url": {
      "value": "000000000000.dkr.ecr.us-east-1.localhost.localstack.cloud:4566/ecr-fleet-portal-dev-frontend",
      "type": "string"
    },
    "kubernetes_cluster_name": {
      "value": "eks-fleet-portal-dev",
      "type": "string"
    },
    "primary_region": {
      "value": "us-east-1",
      "type": "string"
    },
    "workload_identity_role": {
      "value": "arn:aws:iam::000000000000:role/fleet-portal-dev-workload-identity",
      "type": "string"
    }
  },
  "resources": [
    {
      "mode": "data",
      "type": "aws_availability_zones",
      "name": "available",
      "provider": "provider[\"registry.terraform.io/hashicorp/aws\"]",
      "instances": [
        {
          "schema_version": 0,
          "attributes": {
            "all_availability_zones": null,
            "exclude_names": null,
            "exclude_zone_ids": null,
            "filter": null,
            "group_names": [
              ""
            ],
            "id": "us-east-1",
            "names": [
              "us-east-1a",
              "us-east-1b",
              "us-east-1c",
              "us-east-1d",
              "us-east-1e",
              "us-east-1f"
            ],
            "state": "available",
            "timeouts": null,
            "zone_ids": [
              "use1-az6",
              "use1-az1",
              "use1-az2",
              "use1-az4",
              "use1-az3",
              "use1-az5"
            ]
          },
          "sensitive_attributes": [],
          "identity_schema_version": 0
        }
      ]
    },
    {
      "mode": "data",
      "type": "aws_caller_identity",
      "name": "current",
      "provider": "provider[\"registry.terraform.io/hashicorp/aws\"]",
      "instances": [
        {
          "schema_version": 0,
          "attributes": {
            "account_id": "000000000000",
            "arn": "arn:aws:iam::000000000000:root",
            "id": "000000000000",
            "user_id": "000000000000"
          },
          "sensitive_attributes": [],
          "identity_schema_version": 0
        }
      ]
    },
    {
      "mode": "data",
      "type": "aws_iam_policy_document",
      "name": "console_access",
      "provider": "provider[\"registry.terraform.io/hashicorp/aws\"]",
      "instances": [
        {
          "schema_version": 0,
          "attributes": {
            "id": "1402585708",
            "json": "{\n  \"Version\": \"2012-10-17\",\n  \"Statement\": [\n    {\n      \"Effect\": \"Allow\",\n      \"Action\": [\n        \"iam:ListRoles\",\n        \"eks:ListUpdates\",\n        \"eks:ListNodegroups\",\n        \"eks:ListIdentityProviderConfigs\",\n        \"eks:ListFargateProfiles\",\n        \"eks:ListClusters\",\n        \"eks:ListAddons\",\n        \"eks:DescribeNodegroup\",\n        \"eks:DescribeCluster\",\n        \"eks:DescribeAddonVersions\",\n        \"eks:AccessKubernetesApi\"\n      ],\n      \"Resource\": \"*\"\n    },\n    {\n      \"Effect\": \"Allow\",\n      \"Action\": \"ssm:GetParameter\",\n      \"Resource\": \"arn:aws:ssm:*:000000000000:parameter/*\"\n    }\n  ]\n}",
            "minified_json": "{\"Version\":\"2012-10-17\",\"Statement\":[{\"Effect\":\"Allow\",\"Action\":[\"iam:ListRoles\",\"eks:ListUpdates\",\"eks:ListNodegroups\",\"eks:ListIdentityProviderConfigs\",\"eks:ListFargateProfiles\",\"eks:ListClusters\",\"eks:ListAddons\",\"eks:DescribeNodegroup\",\"eks:DescribeCluster\",\"eks:DescribeAddonVersions\",\"eks:AccessKubernetesApi\"],\"Resource\":\"*\"},{\"Effect\":\"Allow\",\"Action\":\"ssm:GetParameter\",\"Resource\":\"arn:aws:ssm:*:000000000000:parameter/*\"}]}",
            "override_json": null,
            "override_policy_documents": null,
            "policy_id": null,
            "source_json": null,
            "source_policy_documents": null,
            "statement": [
              {
                "actions": [
                  "eks:AccessKubernetesApi",
                  "eks:DescribeAddonVersions",
                  "eks:DescribeCluster",
                  "eks:DescribeNodegroup",
                  "eks:ListAddons",
                  "eks:ListClusters",
                  "eks:ListFargateProfiles",
                  "eks:ListIdentityProviderConfigs",
                  "eks:ListNodegroups",
                  "eks:ListUpdates",
                  "iam:ListRoles"
                ],
                "condition": [],
                "effect": "Allow",
                "not_actions": [],
                "not_principals": [],
                "not_resources": [],
                "principals": [],
                "resources": [
                  "*"
                ],
                "sid": ""
              },
              {
                "actions": [
                  "ssm:GetParameter"
                ],
                "condition": [],
                "effect": "Allow",
                "not_actions": [],
                "not_principals": [],
                "not_resources": [],
                "principals": [],
                "resources": [
                  "arn:aws:ssm:*:000000000000:parameter/*"
                ],
                "sid": ""
              }
            ],
            "version": "2012-10-17"
          },
          "sensitive_attributes": [],
          "identity_schema_version": 0
        }
      ]
    },
    {
      "mode": "data",
      "type": "aws_iam_policy_document",
      "name": "console_access_assume_role_policy",
      "provider": "provider[\"registry.terraform.io/hashicorp/aws\"]",
      "instances": [
        {
          "schema_version": 0,
          "attributes": {
            "id": "729565498",
            "json": "{\n  \"Version\": \"2012-10-17\",\n  \"Statement\": [\n    {\n      \"Effect\": \"Allow\",\n      \"Action\": \"sts:AssumeRole\",\n      \"Principal\": {\n        \"AWS\": \"*\"\n      }\n    }\n  ]\n}",
            "minified_json": "{\"Version\":\"2012-10-17\",\"Statement\":[{\"Effect\":\"Allow\",\"Action\":\"sts:AssumeRole\",\"Principal\":{\"AWS\":\"*\"}}]}",
            "override_json": null,
            "override_policy_documents": null,
            "policy_id": null,
            "source_json": null,
            "source_policy_documents": null,
            "statement": [
              {
                "actions": [
                  "sts:AssumeRole"
                ],
                "condition": [],
                "effect": "Allow",
                "not_actions": [],
                "not_principals": [],
                "not_resources": [],
                "principals": [
                  {
                    "identifiers": [
                      "*"
                    ],
                    "type": "AWS"
                  }
                ],
                "resources": [],
                "sid": ""
              }
            ],
            "version": "2012-10-17"
          },
          "sensitive_attributes": [],
          "identity_schema_version": 0
        }
      ]
    },
    {
      "mode": "data",
      "type": "aws_iam_policy_document",
      "name": "container_cluster_assume_role",
      "provider": "provider[\"registry.terraform.io/hashicorp/aws\"]",
      "instances": [
        {
          "schema_version": 0,
          "attributes": {
            "id": "3552664922",
            "json": "{\n  \"Version\": \"2012-10-17\",\n  \"Statement\": [\n    {\n      \"Effect\": \"Allow\",\n      \"Action\": \"sts:AssumeRole\",\n      \"Principal\": {\n        \"Service\": \"eks.amazonaws.com\"\n      }\n    }\n  ]\n}",
            "minified_json": "{\"Version\":\"2012-10-17\",\"Statement\":[{\"Effect\":\"Allow\",\"Action\":\"sts:AssumeRole\",\"Principal\":{\"Service\":\"eks.amazonaws.com\"}}]}",
            "override_json": null,
            "override_policy_documents": null,
            "policy_id": null,
            "source_json": null,
            "source_policy_documents": null,
            "statement": [
              {
                "actions": [
                  "sts:AssumeRole"
                ],
                "condition": [],
                "effect": "Allow",
                "not_actions": [],
                "not_principals": [],
                "not_resources": [],
                "principals": [
                  {
                    "identifiers": [
                      "eks.amazonaws.com"
                    ],
                    "type": "Service"
                  }
                ],
                "resources": [],
                "sid": ""
              }
            ],
            "version": "2012-10-17"
          },
          "sensitive_attributes": [],
          "identity_schema_version": 0
        }
      ]
    },
    {
      "mode": "data",
      "type": "aws_iam_policy_document",
      "name": "container_node_group",
      "provider": "provider[\"registry.terraform.io/hashicorp/aws\"]",
      "instances": [
        {
          "schema_version": 0,
          "attributes": {
            "id": "2560088296",
            "json": "{\n  \"Version\": \"2012-10-17\",\n  \"Statement\": [\n    {\n      \"Sid\": \"EKSNodeAssumeRole\",\n      \"Effect\": \"Allow\",\n      \"Action\": \"sts:AssumeRole\",\n      \"Principal\": {\n        \"Service\": \"ec2.amazonaws.com\"\n      }\n    }\n  ]\n}",
            "minified_json": "{\"Version\":\"2012-10-17\",\"Statement\":[{\"Sid\":\"EKSNodeAssumeRole\",\"Effect\":\"Allow\",\"Action\":\"sts:AssumeRole\",\"Principal\":{\"Service\":\"ec2.amazonaws.com\"}}]}",
            "override_json": null,
            "override_policy_documents": null,
            "policy_id": null,
            "source_json": null,
            "source_policy_documents": null,
            "statement": [
              {
                "actions": [
                  "sts:AssumeRole"
                ],
                "condition": [],
                "effect": "Allow",
                "not_actions": [],
                "not_principals": [],
                "not_resources": [],
                "principals": [
                  {
                    "identifiers": [
                      "ec2.amazonaws.com"
                    ],
                    "type": "Service"
                  }
                ],
                "resources": [],
                "sid": "EKSNodeAssumeRole"
              }
            ],
            "version": "2012-10-17"
          },
          "sensitive_attributes": [],
          "identity_schema_version": 0
        }
      ]
    },
    {
      "mode": "data",
      "type": "aws_iam_policy_document",
      "name": "eks_connector",
      "provider": "provider[\"registry.terraform.io/hashicorp/aws\"]",
      "instances": [
        {
          "schema_version": 0,
          "attributes": {
            "id": "1620424492",
            "json": "{\n  \"Version\": \"2012-10-17\",\n  \"Statement\": [\n    {\n      \"Sid\": \"SsmControlChannel\",\n      \"Effect\": \"Allow\",\n      \"Action\": \"ssmmessages:CreateControlChannel\",\n      \"Resource\": \"arn:aws:eks:*:*:cluster/*\"\n    },\n    {\n      \"Sid\": \"ssmDataplaneOperations\",\n      \"Effect\": \"Allow\",\n      \"Action\": [\n        \"ssmmessages:OpenDataChannel\",\n        \"ssmmessages:OpenControlChannel\",\n        \"ssmmessages:CreateDataChannel\"\n      ],\n      \"Resource\": \"*\"\n    }\n  ]\n}",
            "minified_json": "{\"Version\":\"2012-10-17\",\"Statement\":[{\"Sid\":\"SsmControlChannel\",\"Effect\":\"Allow\",\"Action\":\"ssmmessages:CreateControlChannel\",\"Resource\":\"arn:aws:eks:*:*:cluster/*\"},{\"Sid\":\"ssmDataplaneOperations\",\"Effect\":\"Allow\",\"Action\":[\"ssmmessages:OpenDataChannel\",\"ssmmessages:OpenControlChannel\",\"ssmmessages:CreateDataChannel\"],\"Resource\":\"*\"}]}",
            "override_json": null,
            "override_policy_documents": null,
            "policy_id": null,
            "source_json": null,
            "source_policy_documents": null,
            "statement": [
              {
                "actions": [
                  "ssmmessages:CreateControlChannel"
                ],
                "condition": [],
                "effect": "Allow",
                "not_actions": [],
                "not_principals": [],
                "not_resources": [],
                "principals": [],
                "resources": [
                  "arn:aws:eks:*:*:cluster/*"
                ],
                "sid": "SsmControlChannel"
              },
              {
                "actions": [
                  "ssmmessages:CreateDataChannel",
                  "ssmmessages:OpenControlChannel",
                  "ssmmessages:OpenDataChannel"
                ],
                "condition": [],
                "effect": "Allow",
                "not_actions": [],
                "not_principals": [],
                "not_resources": [],
                "principals": [],
                "resources": [
                  "*"
                ],
                "sid": "ssmDataplaneOperations"
              }
            ],
            "version": "2012-10-17"
          },
          "sensitive_attributes": [],
          "identity_schema_version": 0
        }
      ]
    },
    {
      "mode": "data",
      "type": "aws_iam_policy_document",
      "name": "eks_connector_assume_role_policy",
      "provider": "provider[\"registry.terraform.io/hashicorp/aws\"]",
      "instances": [
        {
          "schema_version": 0,
          "attributes": {
            "id": "454589364",
            "json": "{\n  \"Version\": \"2012-10-17\",\n  \"Statement\": [\n    {\n      \"Effect\": \"Allow\",\n      \"Action\": \"sts:AssumeRole\",\n      \"Principal\": {\n        \"Service\": \"ssm.amazonaws.com\"\n      }\n    }\n  ]\n}",
            "minified_json": "{\"Version\":\"2012-10-17\",\"Statement\":[{\"Effect\":\"Allow\",\"Action\":\"sts:AssumeRole\",\"Principal\":{\"Service\":\"ssm.amazonaws.com\"}}]}",
            "override_json": null,
            "override_policy_documents": null,
            "policy_id": null,
            "source_json": null,
            "source_policy_documents": null,
            "statement": [
              {
                "actions": [
                  "sts:AssumeRole"
                ],
                "condition": [],
                "effect": "Allow",
                "not_actions": [],
                "not_principals": [],
                "not_resources": [],
                "principals": [
                  {
                    "identifiers": [
                      "ssm.amazonaws.com"
                    ],
                    "type": "Service"
                  }
                ],
                "resources": [],
                "sid": ""
              }
            ],
            "version": "2012-10-17"
          },
          "sensitive_attributes": [],
          "identity_schema_version": 0
        }
      ]
    },
    {
      "mode": "data",
      "type": "aws_iam_policy_document",
      "name": "workload_identity_assume_role_policy",
      "provider": "provider[\"registry.terraform.io/hashicorp/aws\"]",
      "instances": [
        {
          "schema_version": 0,
          "attributes": {
            "id": "3061861500",
            "json": "{\n  \"Version\": \"2012-10-17\",\n  \"Statement\": [\n    {\n      \"Effect\": \"Allow\",\n      \"Action\": \"sts:AssumeRoleWithWebIdentity\",\n      \"Principal\": {\n        \"Federated\": \"arn:aws:iam::000000000000:oidc-provider/localhost.localstack.cloud:4510\"\n      },\n      \"Condition\": {\n        \"StringEquals\": {\n          \"localhost.localstack.cloud:4510:sub\": \"system:serviceaccount:app:fleet-portal\"\n        }\n      }\n    }\n  ]\n}",
            "minified_json": "{\"Version\":\"2012-10-17\",\"Statement\":[{\"Effect\":\"Allow\",\"Action\":\"sts:AssumeRoleWithWebIdentity\",\"Principal\":{\"Federated\":\"arn:aws:iam::000000000000:oidc-provider/localhost.localstack.cloud:4510\"},\"Condition\":{\"StringEquals\":{\"localhost.localstack.cloud:4510:sub\":\"system:serviceaccount:app:fleet-portal\"}}}]}",
            "override_json": null,
            "override_policy_documents": null,
            "policy_id": null,
            "source_json": null,
            "source_policy_documents": null,
            "statement": [
              {
                "actions": [
                  "sts:AssumeRoleWithWebIdentity"
                ],
                "condition": [
                  {
                    "test": "StringEquals",
                    "values": [
                      "system:serviceaccount:app:fleet-portal"
                    ],
                    "variable": "localhost.localstack.cloud:4510:sub"
                  }
                ],
                "effect": "Allow",
                "not_actions": [],
                "not_principals": [],
                "not_resources": [],
                "principals": [
                  {
                    "identifiers": [
                      "arn:aws:iam::000000000000:oidc-provider/localhost.localstack.cloud:4510"
                    ],
                    "type": "Federated"
                  }
                ],
                "resources": [],
                "sid": ""
              }
            ],
            "version": "2012-10-17"
          },
          "sensitive_attributes": [],
          "identity_schema_version": 0
        }
      ]
    },
    {
      "mode": "data",
      "type": "aws_iam_policy_document",
      "name": "workload_identity_policy",
      "provider": "provider[\"registry.terraform.io/hashicorp/aws\"]",
      "instances": [
        {
          "schema_version": 0,
          "attributes": {
            "id": "4079294051",
            "json": "{\n  \"Version\": \"2012-10-17\",\n  \"Statement\": [\n    {\n      \"Effect\": \"Allow\",\n      \"Action\": [\n        \"secretsmanager:GetSecretValue\",\n        \"secretsmanager:DescribeSecret\"\n      ],\n      \"Resource\": \"arn:aws:secretsmanager:us-east-1:000000000000:secret:*\"\n    }\n  ]\n}",
            "minified_json": "{\"Version\":\"2012-10-17\",\"Statement\":[{\"Effect\":\"Allow\",\"Action\":[\"secretsmanager:GetSecretValue\",\"secretsmanager:DescribeSecret\"],\"Resource\":\"arn:aws:secretsmanager:us-east-1:000000000000:secret:*\"}]}",
            "override_json": null,
            "override_policy_documents": null,
            "policy_id": null,
            "source_json": null,
            "source_policy_documents": null,
            "statement": [
              {
                "actions": [
                  "secretsmanager:DescribeSecret",
                  "secretsmanager:GetSecretValue"
                ],
                "condition": [],
                "effect": "Allow",
                "not_actions": [],
                "not_principals": [],
                "not_resources": [],
                "principals": [],
                "resources": [
                  "arn:aws:secretsmanager:us-east-1:000000000000:secret:*"
                ],
                "sid": ""
              }
            ],
            "version": "2012-10-17"
          },
          "sensitive_attributes": [],
          "identity_schema_version": 0
        }
      ]
    },
    {
      "mode": "data",
      "type": "aws_partition",
      "name": "current",
      "provider": "provider[\"registry.terraform.io/hashicorp/aws\"]",
      "instances": [
        {
          "schema_version": 0,
          "attributes": {
            "dns_suffix": "amazonaws.com",
            "id": "aws",
            "partition": "aws",
            "reverse_dns_prefix": "com.amazonaws"
          },
          "sensitive_attributes": [],
          "identity_schema_version": 0
        }
      ]
    },
    {
      "mode": "data",
      "type": "tls_certificate",
      "name": "container_cluster_oidc",
      "provider": "provider[\"registry.terraform.io/hashicorp/tls\"]",
      "instances": [
        {
          "schema_version": 0,
          "attributes": {
            "certificates": [
              {
                "cert_pem": "-----BEGIN CERTIFICATE-----\nMIIFgTCCBGmgAwIBAgIQOXJEOvkit1HX02wQ3TE1lTANBgkqhkiG9w0BAQwFADB7\nMQswCQYDVQQGEwJHQjEbMBkGA1UECAwSR3JlYXRlciBNYW5jaGVzdGVyMRAwDgYD\nVQQHDAdTYWxmb3JkMRowGAYDVQQKDBFDb21vZG8gQ0EgTGltaXRlZDEhMB8GA1UE\nAwwYQUFBIENlcnRpZmljYXRlIFNlcnZpY2VzMB4XDTE5MDMxMjAwMDAwMFoXDTI4\nMTIzMTIzNTk1OVowgYgxCzAJBgNVBAYTAlVTMRMwEQYDVQQIEwpOZXcgSmVyc2V5\nMRQwEgYDVQQHEwtKZXJzZXkgQ2l0eTEeMBwGA1UEChMVVGhlIFVTRVJUUlVTVCBO\nZXR3b3JrMS4wLAYDVQQDEyVVU0VSVHJ1c3QgUlNBIENlcnRpZmljYXRpb24gQXV0\naG9yaXR5MIICIjANBgkqhkiG9w0BAQEFAAOCAg8AMIICCgKCAgEAgBJlFzYOw9sI\ns9CsVw127c0n00ytUINh4qogTQktZAnczomfzD2p7PbPwdzx07HWezcoEStH2jnG\nvDoZtF+mvX2do2NCtnbyqTsrkfjib9DsFiCQCT7i6HTJGLSR1GJk23+jBvGIGGqQ\nIjy8/hPwhxR79uQfjtTkUcYRZ0YIUcuGFFQ/vDP+fmyc/xadGL1RjjWmp2bIcmfb\nIWax1Jt4A8BQOujM8Ny8nkz+rwWWNR9XWrf/zvk9tyy29lTdyOcSOk2uTIq3XJq0\ntyA9yn8iNK5+O2hmAUTnAU5GU5szYPeUvlM3kHND8zLDU+/bqv50TmnHa4xgk97E\nxwzf4TKuzJM7UXiVZ4vuPVb+DNBpDxsP8yUmazNt925H+nND5X4OpWaxKXwyhGNV\nicQNwZNUMBkTrNN9N6frXTpsNVzbQdcS2qlJC9/YgIoJk2KOtWbPJYjNhLixP6Q5\nD9kCnusSTJV882sFqV4Wg8y4Z+LoE53MW4LTTLPtW//e5XOsIzstAL81VXQJSdhJ\nWBp/kjbmUZIO8yZ9HE0XvMnsQybQv0FfQKlERPSZ51eHnlAfV1SoPv10Yy+xUGUJ\n5lhCLkMaTLTwJUdZ+gQek9QmRkpQgbLevni3/GcV4clXhB4PY9bpYrrWX1Uu6lzG\nKAgEJTm4Diup8kyXHAc/DVL17e8vgg8CAwEAAaOB8jCB7zAfBgNVHSMEGDAWgBSg\nEQojPpbxB+zirynvgqV/0DCktDAdBgNVHQ4EFgQUU3m/WqorSs9UgOHYm8Cd8rID\nZsswDgYDVR0PAQH/BAQDAgGGMA8GA1UdEwEB/wQFMAMBAf8wEQYDVR0gBAowCDAG\nBgRVHSAAMEMGA1UdHwQ8MDowOKA2oDSGMmh0dHA6Ly9jcmwuY29tb2RvY2EuY29t\nL0FBQUNlcnRpZmljYXRlU2VydmljZXMuY3JsMDQGCCsGAQUFBwEBBCgwJjAkBggr\nBgEFBQcwAYYYaHR0cDovL29jc3AuY29tb2RvY2EuY29tMA0GCSqGSIb3DQEBDAUA\nA4IBAQAYh1HcdCE9nIrgJ7cz0C7M7PDmy14R3iJvm3WOnnL+5Nb+qh+cli3vA0p+\nrvSNb3I8QzvAP+u431yqqcau8vzY7qN7Q/aGNnwU4M309z/+3ri0ivCRlv79Q2R+\n/czSAaF9ffgZGclCKxO/WIu6pKJmBHaIkU4MiRTOok3JMrO66BQavHHxW/BBC5gA\nCiIDEOUMsfnNkjcZ7Tvx5Dq2+UUTJnWvu6rvP3t3O9LEApE9GQDTF1w52z97GA1F\nzZOFli9d31kWTz9RvdVFGD/tSo7oBmF0Ixa1DVBzJ0RHfxBdiSprhTEUxOipakyA\nvGp4z7h/jnZymQyd/teRCBaho1+V\n-----END CERTIFICATE-----\n",
                "is_ca": true,
                "issuer": "CN=AAA Certificate Services,O=Comodo CA Limited,L=Salford,ST=Greater Manchester,C=GB",
                "max_path_length": -1,
                "not_after": "2028-12-31T23:59:59Z",
                "not_before": "2019-03-12T00:00:00Z",
                "public_key_algorithm": "RSA",
                "serial_number": "76359301477803385872276235234032301461",
                "sha1_fingerprint": "d89e3bd43d5d909b47a18977aa9d5ce36cee184c",
                "signature_algorithm": "SHA384-RSA",
                "subject": "CN=USERTrust RSA Certification Authority,O=The USERTRUST Network,L=Jersey City,ST=New Jersey,C=US",
                "version": 3
              },
              {
                "cert_pem": "-----BEGIN CERTIFICATE-----\nMIIG1TCCBL2gAwIBAgIQbFWr29AHksedBwzYEZ7WvzANBgkqhkiG9w0BAQwFADCB\niDELMAkGA1UEBhMCVVMxEzARBgNVBAgTCk5ldyBKZXJzZXkxFDASBgNVBAcTC0pl\ncnNleSBDaXR5MR4wHAYDVQQKExVUaGUgVVNFUlRSVVNUIE5ldHdvcmsxLjAsBgNV\nBAMTJVVTRVJUcnVzdCBSU0EgQ2VydGlmaWNhdGlvbiBBdXRob3JpdHkwHhcNMjAw\nMTMwMDAwMDAwWhcNMzAwMTI5MjM1OTU5WjBLMQswCQYDVQQGEwJBVDEQMA4GA1UE\nChMHWmVyb1NTTDEqMCgGA1UEAxMhWmVyb1NTTCBSU0EgRG9tYWluIFNlY3VyZSBT\naXRlIENBMIICIjANBgkqhkiG9w0BAQEFAAOCAg8AMIICCgKCAgEAhmlzfqO1Mdgj\n4W3dpBPTVBX1AuvcAyG1fl0dUnw/MeueCWzRWTheZ35LVo91kLI3DDVaZKW+TBAs\nJBjEbYmMwcWSTWYCg5334SF0+ctDAsFxsX+rTDh9kSrG/4mp6OShubLaEIUJiZo4\nt873TuSd0Wj5DWt3DtpAG8T35l/v+xrN8ub8PSSoX5Vkgw+jWf4KQtNvUFLDq8mF\nWhUnPL6jHAADXpvs4lTNYwOtx9yQtbpxwSt7QJY1+ICrmRJB6BuKRt/jfDJF9Jsc\nRQVlHIxQdKAJl7oaVnXgDkqtk2qddd3kCDXd74gv813G91z7CjsGyJ93oJIlNS3U\ngFbD6V54JMgZ3rSmotYbz98oZxX7MKbtCm1aJ/q+hTv2YK1yMxrnfcieKmOYBbFD\nhnW5O6RMA703dBK92j6XRN2EttLkQuujZgy+jXRKtaWMIlkNkWJmOiHmErQngHvt\niNkIcjJumq1ddFX4iaTI40a6zgvIBtxFeDs2RfcaH73er7ctNUUqgQT5rFgJhMmF\nx76rQgB5OZUkodb5k2ex7P+Gu4J86bS15094UuYcV09hVeknmTh5Ex9CBKipLS2W\n2wKBakf+aVYnNCU6S0nASqt2xrZpGC1v7v6DhuepyyJtn3qSV2PoBiU5Sql+aARp\nwUibQMGm44gjyNDqDlVp+ShLQlUH9x8CAwEAAaOCAXUwggFxMB8GA1UdIwQYMBaA\nFFN5v1qqK0rPVIDh2JvAnfKyA2bLMB0GA1UdDgQWBBTI2XhootkZaNU9ct5fCj7c\ntYaGpjAOBgNVHQ8BAf8EBAMCAYYwEgYDVR0TAQH/BAgwBgEB/wIBADAdBgNVHSUE\nFjAUBggrBgEFBQcDAQYIKwYBBQUHAwIwIgYDVR0gBBswGTANBgsrBgEEAbIxAQIC\nTjAIBgZngQwBAgEwUAYDVR0fBEkwRzBFoEOgQYY/aHR0cDovL2NybC51c2VydHJ1\nc3QuY29tL1VTRVJUcnVzdFJTQUNlcnRpZmljYXRpb25BdXRob3JpdHkuY3JsMHYG\nCCsGAQUFBwEBBGowaDA/BggrBgEFBQcwAoYzaHR0cDovL2NydC51c2VydHJ1c3Qu\nY29tL1VTRVJUcnVzdFJTQUFkZFRydXN0Q0EuY3J0MCUGCCsGAQUFBzABhhlodHRw\nOi8vb2NzcC51c2VydHJ1c3QuY29tMA0GCSqGSIb3DQEBDAUAA4ICAQAVDwoIzQDV\nercT0eYqZjBNJ8VNWwVFlQOtZERqn5iWnEVaLZZdzxlbvz2Fx0ExUNuUEgYkIVM4\nYocKkCQ7hO5noicoq/DrEYH5IuNcuW1I8JJZ9DLuB1fYvIHlZ2JG46iNbVKA3ygA\nEz86RvDQlt2C494qqPVItRjrz9YlJEGT0DrttyApq0YLFDzf+Z1pkMhh7c+7fXeJ\nqmIhfJpduKc8HEQkYQQShen426S3H0JrIAbKcBCiyYFuOhfyvuwVCFDfFvrjADjd\n4jX1uQXd161IyFRbm89s2Oj5oU1wDYz5sx+hoCuh6lSs+/uPuWomIq3y1GDFNafW\n+LsHBU16lQo5Q2yh25laQsKRgyPmMpHJ98edm6y2sHUabASmRHxvGiuwwE25aDU0\n2SAeepyImJ2CzB80YG7WxlynHqNhpE7xfC7PzQlLgmfEHdU+tHFeQazRQnrFkW2W\nkqRGIq7cKRnyypvjPMkjeiV9lRdAM9fSJvsB3svUuu1coIG1xxI1yegoGM4r5QP4\nRGIVvYaiI76C0djoSbQ/dkIUUXQuB8AL5jyH34g3BZaaXyvpmnV4ilppMXVAnAYG\nON51WhJ6W0xNdNJwzYASZYH+tmCWI+N60Gv2NNMGHwMZ7e9bXgzUCZH5FaBFDGR5\nS9VWqHB73Q+OyIVvIbKYcSc2w/aSuFKGSA==\n-----END CERTIFICATE-----\n",
                "is_ca": true,
                "issuer": "CN=USERTrust RSA Certification Authority,O=The USERTRUST Network,L=Jersey City,ST=New Jersey,C=US",
                "max_path_length": 0,
                "not_after": "2030-01-29T23:59:59Z",
                "not_before": "2020-01-30T00:00:00Z",
                "public_key_algorithm": "RSA",
                "serial_number": "144001454485138227352869355710675080895",
                "sha1_fingerprint": "c81a8bd1f9cf6d84c525f378ca1d3f8c30770e34",
                "signature_algorithm": "SHA384-RSA",
                "subject": "CN=ZeroSSL RSA Domain Secure Site CA,O=ZeroSSL,C=AT",
                "version": 3
              },
              {
                "cert_pem": "-----BEGIN CERTIFICATE-----\nMIIPIjCCDQqgAwIBAgIRAOVVCadGDcucJuCb+aq4TccwDQYJKoZIhvcNAQEMBQAw\nSzELMAkGA1UEBhMCQVQxEDAOBgNVBAoTB1plcm9TU0wxKjAoBgNVBAMTIVplcm9T\nU0wgUlNBIERvbWFpbiBTZWN1cmUgU2l0ZSBDQTAeFw0yNjAzMTAwMDAwMDBaFw0y\nNjA2MDgyMzU5NTlaMCUxIzAhBgNVBAMTGmxvY2FsaG9zdC5sb2NhbHN0YWNrLmNs\nb3VkMIIBIjANBgkqhkiG9w0BAQEFAAOCAQ8AMIIBCgKCAQEAqYT+A5PIZqfpYgNG\nI2pesDE+lPD8viYMfLJswNBDNlkezWoe5kLJftzWRXmwhupXZVwMvu7+uLAgOSXd\nbH5zXb2dgqkfEapJtgVWG+2fq1tj4IYD/QMbVfS/e/Z9NWB3q5MFCz9kYny8IK7w\n0zjZt1Uxdd4T84WkN0/elLxoS1PcJl7tSDuHL8Okw/nm1ihWu57aQczTZg6ph7ED\nMU4lMvJMF2FNaQJpJJ71mfWagcI8VJ6DqcGBWyvZ1k1JySHLSK58DAvTHQMrCrQ8\nreYIcBey/OsB6zSc0lxDwTX3NolI6IUNJVNHxef4wvCkfgAkttjVmsGexMVlzSHj\n8jw89wIDAQABo4ILJTCCCyEwHwYDVR0jBBgwFoAUyNl4aKLZGWjVPXLeXwo+3LWG\nhqYwHQYDVR0OBBYEFBxrBO8glvJ7Ew7021ZXIP72yhJzMA4GA1UdDwEB/wQEAwIF\noDAMBgNVHRMBAf8EAjAAMBMGA1UdJQQMMAoGCCsGAQUFBwMBMEkGA1UdIARCMEAw\nNAYLKwYBBAGyMQECAk4wJTAjBggrBgEFBQcCARYXaHR0cHM6Ly9zZWN0aWdvLmNv\nbS9DUFMwCAYGZ4EMAQIBMIGIBggrBgEFBQcBAQR8MHowSwYIKwYBBQUHMAKGP2h0\ndHA6Ly96ZXJvc3NsLmNydC5zZWN0aWdvLmNvbS9aZXJvU1NMUlNBRG9tYWluU2Vj\ndXJlU2l0ZUNBLmNydDArBggrBgEFBQcwAYYfaHR0cDovL3plcm9zc2wub2NzcC5z\nZWN0aWdvLmNvbTCCAQQGCisGAQQB1nkCBAIEgfUEgfIA8AB1AA5XlLzzrqk+Mxss\nmQez95Dfm8I9cTIl3SGpJaxhxU4hAAABnNk2RDcAAAQDAEYwRAIgLK1gqrFnVxtU\ntW73bDL9ywZbTYyKmMx0+IqSZIzkAJECIFv0BrJeHMdSOJremZJhX0NP/6FMT0NX\nhnA+1grLnRlRAHcAFoMtq/CpJQ8P8DqlRf/Iv8gj0IdL9gQpJ/jnHzMT9foAAAGc\n2TZE7AAABAMASDBGAiEA2h7KbCEs74NkynTq/aYq5KO3XyjzDURBIIDvGFB8UKkC\nIQDFMt8itAzIRP3ixHd70wcJmlb9kagV4CXtJPt7hzBhBzCCCMwGA1UdEQSCCMMw\nggi/ghpsb2NhbGhvc3QubG9jYWxzdGFjay5jbG91ZIImKi5hY2EuYXp1cmUubG9j\nYWxob3N0LmxvY2Fsc3RhY2suY2xvdWSCJiouYWthLmF6dXJlLmxvY2FsaG9zdC5s\nb2NhbHN0YWNrLmNsb3VkgicqLmFtcGxpZnlhcHAubG9jYWxob3N0LmxvY2Fsc3Rh\nY2suY2xvdWSCIiouYXp1cmUubG9jYWxob3N0LmxvY2Fsc3RhY2suY2xvdWSCKiou\nYXp1cmVjci5henVyZS5sb2NhbGhvc3QubG9jYWxzdGFjay5jbG91ZIIwKi5henVy\nZXdlYnNpdGVzLmF6dXJlLmxvY2FsaG9zdC5sb2NhbHN0YWNrLmNsb3VkgiwqLmJs\nb2IuY29yZS5henVyZS5sb2NhbGhvc3QubG9jYWxzdGFjay5jbG91ZIInKi5jbG91\nZGZyb250LmxvY2FsaG9zdC5sb2NhbHN0YWNrLmNsb3VkgjEqLmRrci5lY3IuZXUt\nY2VudHJhbC0xLmxvY2FsaG9zdC5sb2NhbHN0YWNrLmNsb3Vkgi4qLmRrci5lY3Iu\nZXUtd2VzdC0xLmxvY2FsaG9zdC5sb2NhbHN0YWNrLmNsb3Vkgi4qLmRrci5lY3Iu\ndXMtZWFzdC0xLmxvY2FsaG9zdC5sb2NhbHN0YWNrLmNsb3Vkgi4qLmRrci5lY3Iu\ndXMtZWFzdC0yLmxvY2FsaG9zdC5sb2NhbHN0YWNrLmNsb3Vkgi4qLmRrci5lY3Iu\ndXMtd2VzdC0xLmxvY2FsaG9zdC5sb2NhbHN0YWNrLmNsb3Vkgi4qLmRrci5lY3Iu\ndXMtd2VzdC0yLmxvY2FsaG9zdC5sb2NhbHN0YWNrLmNsb3VkgiAqLmVsYi5sb2Nh\nbGhvc3QubG9jYWxzdGFjay5jbG91ZII0Ki5ldS1jZW50cmFsLTEub3BlbnNlYXJj\naC5sb2NhbGhvc3QubG9jYWxzdGFjay5jbG91ZIIxKi5ldS13ZXN0LTEub3BlbnNl\nYXJjaC5sb2NhbGhvc3QubG9jYWxzdGFjay5jbG91ZIIoKi5leGVjdXRlLWFwaS5s\nb2NhbGhvc3QubG9jYWxzdGFjay5jbG91ZIIsKi5maWxlLmNvcmUuYXp1cmUubG9j\nYWxob3N0LmxvY2Fsc3RhY2suY2xvdWSCNCoubGFtYmRhLXVybC5ldS1jZW50cmFs\nLTEubG9jYWxob3N0LmxvY2Fsc3RhY2suY2xvdWSCMSoubGFtYmRhLXVybC5ldS13\nZXN0LTEubG9jYWxob3N0LmxvY2Fsc3RhY2suY2xvdWSCMSoubGFtYmRhLXVybC51\ncy1lYXN0LTEubG9jYWxob3N0LmxvY2Fsc3RhY2suY2xvdWSCMSoubGFtYmRhLXVy\nbC51cy1lYXN0LTIubG9jYWxob3N0LmxvY2Fsc3RhY2suY2xvdWSCMSoubGFtYmRh\nLXVybC51cy13ZXN0LTEubG9jYWxob3N0LmxvY2Fsc3RhY2suY2xvdWSCMSoubGFt\nYmRhLXVybC51cy13ZXN0LTIubG9jYWxob3N0LmxvY2Fsc3RhY2suY2xvdWSCHCou\nbG9jYWxob3N0LmxvY2Fsc3RhY2suY2xvdWSCKCoubXlzcWwuYXp1cmUubG9jYWxo\nb3N0LmxvY2Fsc3RhY2suY2xvdWSCJyoub3BlbnNlYXJjaC5sb2NhbGhvc3QubG9j\nYWxzdGFjay5jbG91ZIItKi5wb3N0Z3Jlc3FsLmF6dXJlLmxvY2FsaG9zdC5sb2Nh\nbHN0YWNrLmNsb3Vkgi0qLnF1ZXVlLmNvcmUuYXp1cmUubG9jYWxob3N0LmxvY2Fs\nc3RhY2suY2xvdWSCKCoucmVkaXMuYXp1cmUubG9jYWxob3N0LmxvY2Fsc3RhY2su\nY2xvdWSCJyouczMtd2Vic2l0ZS5sb2NhbGhvc3QubG9jYWxzdGFjay5jbG91ZIIf\nKi5zMy5sb2NhbGhvc3QubG9jYWxzdGFjay5jbG91ZII0Ki5zY20uYXp1cmV3ZWJz\naXRlcy5henVyZS5sb2NhbGhvc3QubG9jYWxzdGFjay5jbG91ZIIgKi5zY20ubG9j\nYWxob3N0LmxvY2Fsc3RhY2suY2xvdWSCLSouc2VydmljZWJ1cy5henVyZS5sb2Nh\nbGhvc3QubG9jYWxzdGFjay5jbG91ZIImKi5zbm93Zmxha2UubG9jYWxob3N0Lmxv\nY2Fsc3RhY2suY2xvdWSCLSoudGFibGUuY29yZS5henVyZS5sb2NhbGhvc3QubG9j\nYWxzdGFjay5jbG91ZIIxKi51cy1lYXN0LTEub3BlbnNlYXJjaC5sb2NhbGhvc3Qu\nbG9jYWxzdGFjay5jbG91ZIIxKi51cy1lYXN0LTIub3BlbnNlYXJjaC5sb2NhbGhv\nc3QubG9jYWxzdGFjay5jbG91ZIIxKi51cy13ZXN0LTEub3BlbnNlYXJjaC5sb2Nh\nbGhvc3QubG9jYWxzdGFjay5jbG91ZIIxKi51cy13ZXN0LTIub3BlbnNlYXJjaC5s\nb2NhbGhvc3QubG9jYWxzdGFjay5jbG91ZIIoKi52YXVsdC5henVyZS5sb2NhbGhv\nc3QubG9jYWxzdGFjay5jbG91ZIIrc3FzLmV1LWNlbnRyYWwtMS5sb2NhbGhvc3Qu\nbG9jYWxzdGFjay5jbG91ZIIoc3FzLmV1LXdlc3QtMS5sb2NhbGhvc3QubG9jYWxz\ndGFjay5jbG91ZIIoc3FzLnVzLWVhc3QtMS5sb2NhbGhvc3QubG9jYWxzdGFjay5j\nbG91ZIIoc3FzLnVzLWVhc3QtMi5sb2NhbGhvc3QubG9jYWxzdGFjay5jbG91ZIIo\nc3FzLnVzLXdlc3QtMS5sb2NhbGhvc3QubG9jYWxzdGFjay5jbG91ZIIoc3FzLnVz\nLXdlc3QtMi5sb2NhbGhvc3QubG9jYWxzdGFjay5jbG91ZDANBgkqhkiG9w0BAQwF\nAAOCAgEAK0Xu1D5F2d0ivfGH8WsnijqlT6VwC4wxHgUtg9Svh2CjWWKqV9QmMtsr\nQVaH47/ptae46yzsoxW9bASBNzWxV7vlPfSCWluWgtJUHtOyX2bwhbcFvJQlONhD\nXeTly5lwh+vZp41NyEWFwiAzSZL1L4W7YFrx7tEwfuBdlaZMAkMf5NZ19fEPVBTS\nuuJN03tDH6m63lLKwgbGDY/+JCLngloNctjSGjn9NB/FrtdAdqEPEjSvI60bu0hP\ncRkPyNtQtsJDJqh4IBcnEq9zii36YFH8k+fM223PpHgYiN/eU3dUYOO15aZ7s6IB\nvhgKSBeEU70wz0xUJOEZHNlwy2Z1bRWK+q3WccUf6z/8HhXqAXDkyqS5rZXa7Qnc\n4y7Fuxzcl0xAjTdAqvHygf5eH2q9dLuXwaes05Ut2o5OZigTPovGIR8uCkTNh+vU\nOgt2zXfth7HaNlY0dicenI92FHAztjS1hfBwEDNAKxgzsaogYz14aJPvsyzq6drP\nIIj3u/YjwdIZzEDGPtAb8FPEvH5TKnzbdQ+RqIVXHlZxlej3G8dAwO01hiVr/QZ2\ni1iyWCljwDYjf++tynaegbzHm3w+nyTvjaDKPtRv1x62dpbRG5PA8nxkmX5oGPXT\nG/4MeGzid4PCZyP7lFmcI1XKI6QBYDG13xqtEJJNOb2eVmPVLyY=\n-----END CERTIFICATE-----\n",
                "is_ca": false,
                "issuer": "CN=ZeroSSL RSA Domain Secure Site CA,O=ZeroSSL,C=AT",
                "max_path_length": -1,
                "not_after": "2026-06-08T23:59:59Z",
                "not_before": "2026-03-10T00:00:00Z",
                "public_key_algorithm": "RSA",
                "serial_number": "304834752062191396234613756130795998663",
                "sha1_fingerprint": "46c8329d4088af394a04bec81084188afb112748",
                "signature_algorithm": "SHA384-RSA",
                "subject": "CN=localhost.localstack.cloud",
                "version": 3
              }
            ],
            "content": null,
            "id": "7f7bc853c8bf224af13271133e64c639fca4ae58",
            "url": "https://localhost.localstack.cloud:4510",
            "verify_chain": true
          },
          "sensitive_attributes": [],
          "identity_schema_version": 0
        }
      ]
    },
    {
      "mode": "managed",
      "type": "aws_cloudwatch_log_group",
      "name": "container_cluster",
      "provider": "provider[\"registry.terraform.io/hashicorp/aws\"]",
      "instances": [
        {
          "schema_version": 0,
          "attributes": {
            "arn": "arn:aws:logs:us-east-1:000000000000:log-group:/aws/eks/eks-fleet-portal-dev/cluster",
            "id": "/aws/eks/eks-fleet-portal-dev/cluster",
            "kms_key_id": "",
            "log_group_class": "STANDARD",
            "name": "/aws/eks/eks-fleet-portal-dev/cluster",
            "name_prefix": "",
            "retention_in_days": 7,
            "skip_destroy": false,
            "tags": {
              "application": "fleet-portal",
              "environment": "dev"
            },
            "tags_all": {
              "application": "fleet-portal",
              "environment": "dev"
            }
          },
          "sensitive_attributes": [],
          "identity_schema_version": 0,
          "private": "bnVsbA=="
        }
      ]
    },
    {
      "mode": "managed",
      "type": "aws_ecr_repository",
      "name": "main",
      "provider": "provider[\"registry.terraform.io/hashicorp/aws\"]",
      "instances": [
        {
          "index_key": "backend",
          "schema_version": 0,
          "attributes": {
            "arn": "arn:aws:ecr:us-east-1:000000000000:repository/ecr-fleet-portal-dev-backend",
            "encryption_configuration": [
              {
                "encryption_type": "AES256",
                "kms_key": ""
              }
            ],
            "force_delete": true,
            "id": "ecr-fleet-portal-dev-backend",
            "image_scanning_configuration": [
              {
                "scan_on_push": false
              }
            ],
            "image_tag_mutability": "MUTABLE",
            "name": "ecr-fleet-portal-dev-backend",
            "registry_id": "000000000000",
            "repository_url": "000000000000.dkr.ecr.us-east-1.localhost.localstack.cloud:4566/ecr-fleet-portal-dev-backend",
            "tags": {
              "application": "fleet-portal",
              "environment": "dev"
            },
            "tags_all": {
              "application": "fleet-portal",
              "environment": "dev"
            },
            "timeouts": null
          },
          "sensitive_attributes": [],
          "identity_schema_version": 0,
          "private": "eyJlMmJmYjczMC1lY2FhLTExZTYtOGY4OC0zNDM2M2JjN2M0YzAiOnsiZGVsZXRlIjoxMjAwMDAwMDAwMDAwfX0="
        },
        {
          "index_key": "frontend",
          "schema_version": 0,
          "attributes": {
            "arn": "arn:aws:ecr:us-east-1:000000000000:repository/ecr-fleet-portal-dev-frontend",
            "encryption_configuration": [
              {
                "encryption_type": "AES256",
                "kms_key": ""
              }
            ],
            "force_delete": true,
            "id": "ecr-fleet-portal-dev-frontend",
            "image_scanning_configuration": [
              {
                "scan_on_push": false
              }
            ],
            "image_tag_mutability": "MUTABLE",
            "name": "ecr-fleet-portal-dev-frontend",
            "registry_id": "000000000000",
            "repository_url": "000000000000.dkr.ecr.us-east-1.localhost.localstack.cloud:4566/ecr-fleet-portal-dev-frontend",
            "tags": {
              "application": "fleet-portal",
              "environment": "dev"
            },
            "tags_all": {
              "application": "fleet-portal",
              "environment": "dev"
            },
            "timeouts": null
          },
          "sensitive_attributes": [],
          "identity_schema_version": 0,
          "private": "eyJlMmJmYjczMC1lY2FhLTExZTYtOGY4OC0zNDM2M2JjN2M0YzAiOnsiZGVsZXRlIjoxMjAwMDAwMDAwMDAwfX0="
        }
      ]
    },
    {
      "mode": "managed",
      "type": "aws_eip",
      "name": "nat",
      "provider": "provider[\"registry.terraform.io/hashicorp/aws\"]",
      "instances": [
        {
          "index_key": "0",
          "schema_version": 0,
          "attributes": {
            "address": null,
            "allocation_id": "eipalloc-dcefb1f88d3544e27",
            "arn": "arn:aws:ec2:us-east-1::elastic-ip/eipalloc-dcefb1f88d3544e27",
            "associate_with_private_ip": null,
            "association_id": "",
            "carrier_ip": "",
            "customer_owned_ip": "",
            "customer_owned_ipv4_pool": "",
            "domain": "vpc",
            "id": "eipalloc-dcefb1f88d3544e27",
            "instance": "",
            "ipam_pool_id": null,
            "network_border_group": "",
            "network_interface": "",
            "private_dns": null,
            "private_ip": "",
            "ptr_record": "",
            "public_dns": "ec2-127-77-231-79.compute-1.amazonaws.com",
            "public_ip": "127.77.231.79",
            "public_ipv4_pool": "",
            "tags": null,
            "tags_all": {},
            "timeouts": null,
            "vpc": true
          },
          "sensitive_attributes": [],
          "identity_schema_version": 0,
          "private": "eyJlMmJmYjczMC1lY2FhLTExZTYtOGY4OC0zNDM2M2JjN2M0YzAiOnsiZGVsZXRlIjoxODAwMDAwMDAwMDAsInJlYWQiOjkwMDAwMDAwMDAwMCwidXBkYXRlIjozMDAwMDAwMDAwMDB9fQ==",
          "dependencies": [
            "data.aws_availability_zones.available",
            "random_shuffle.az"
          ]
        },
        {
          "index_key": "1",
          "schema_version": 0,
          "attributes": {
            "address": null,
            "allocation_id": "eipalloc-fe645d611fe3b58b2",
            "arn": "arn:aws:ec2:us-east-1::elastic-ip/eipalloc-fe645d611fe3b58b2",
            "associate_with_private_ip": null,
            "association_id": "",
            "carrier_ip": "",
            "customer_owned_ip": "",
            "customer_owned_ipv4_pool": "",
            "domain": "vpc",
            "id": "eipalloc-fe645d611fe3b58b2",
            "instance": "",
            "ipam_pool_id": null,
            "network_border_group": "",
            "network_interface": "",
            "private_dns": null,
            "private_ip": "",
            "ptr_record": "",
            "public_dns": "ec2-127-5-138-145.compute-1.amazonaws.com",
            "public_ip": "127.5.138.145",
            "public_ipv4_pool": "",
            "tags": null,
            "tags_all": {},
            "timeouts": null,
            "vpc": true
          },
          "sensitive_attributes": [],
          "identity_schema_version": 0,
          "private": "eyJlMmJmYjczMC1lY2FhLTExZTYtOGY4OC0zNDM2M2JjN2M0YzAiOnsiZGVsZXRlIjoxODAwMDAwMDAwMDAsInJlYWQiOjkwMDAwMDAwMDAwMCwidXBkYXRlIjozMDAwMDAwMDAwMDB9fQ==",
          "dependencies": [
            "data.aws_availability_zones.available",
            "random_shuffle.az"
          ]
        },
        {
          "index_key": "2",
          "schema_version": 0,
          "attributes": {
            "address": null,
            "allocation_id": "eipalloc-9a6a86c03b5cc4935",
            "arn": "arn:aws:ec2:us-east-1::elastic-ip/eipalloc-9a6a86c03b5cc4935",
            "associate_with_private_ip": null,
            "association_id": "",
            "carrier_ip": "",
            "customer_owned_ip": "",
            "customer_owned_ipv4_pool": "",
            "domain": "vpc",
            "id": "eipalloc-9a6a86c03b5cc4935",
            "instance": "",
            "ipam_pool_id": null,
            "network_border_group": "",
            "network_interface": "",
            "private_dns": null,
            "private_ip": "",
            "ptr_record": "",
            "public_dns": "ec2-127-38-25-190.compute-1.amazonaws.com",
            "public_ip": "127.38.25.190",
            "public_ipv4_pool": "",
            "tags": null,
            "tags_all": {},
            "timeouts": null,
            "vpc": true
          },
          "sensitive_attributes": [],
          "identity_schema_version": 0,
          "private": "eyJlMmJmYjczMC1lY2FhLTExZTYtOGY4OC0zNDM2M2JjN2M0YzAiOnsiZGVsZXRlIjoxODAwMDAwMDAwMDAsInJlYWQiOjkwMDAwMDAwMDAwMCwidXBkYXRlIjozMDAwMDAwMDAwMDB9fQ==",
          "dependencies": [
            "data.aws_availability_zones.available",
            "random_shuffle.az"
          ]
        }
      ]
    },
    {
      "mode": "managed",
      "type": "aws_eks_cluster",
      "name": "main",
      "provider": "provider[\"registry.terraform.io/hashicorp/aws\"]",
      "instances": [
        {
          "schema_version": 1,
          "attributes": {
            "access_config": [],
            "arn": "arn:aws:eks:us-east-1:000000000000:cluster/eks-fleet-portal-dev",
            "bootstrap_self_managed_addons": true,
            "certificate_authority": [
              {
                "data": "LS0tLS1CRUdJTiBDRVJUSUZJQ0FURS0tLS0tCk1JSVBJakNDRFFxZ0F3SUJBZ0lSQU9WVkNhZEdEY3VjSnVDYithcTRUY2N3RFFZSktvWklodmNOQVFFTUJRQXcKU3pFTE1Ba0dBMVVFQmhNQ1FWUXhFREFPQmdOVkJBb1RCMXBsY205VFUwd3hLakFvQmdOVkJBTVRJVnBsY205VApVMHdnVWxOQklFUnZiV0ZwYmlCVFpXTjFjbVVnVTJsMFpTQkRRVEFlRncweU5qQXpNVEF3TURBd01EQmFGdzB5Ck5qQTJNRGd5TXpVNU5UbGFNQ1V4SXpBaEJnTlZCQU1UR214dlkyRnNhRzl6ZEM1c2IyTmhiSE4wWVdOckxtTnMKYjNWa01JSUJJakFOQmdrcWhraUc5dzBCQVFFRkFBT0NBUThBTUlJQkNnS0NBUUVBcVlUK0E1UElacWZwWWdORwpJMnBlc0RFK2xQRDh2aVlNZkxKc3dOQkRObGtleldvZTVrTEpmdHpXUlhtd2h1cFhaVndNdnU3K3VMQWdPU1hkCmJINXpYYjJkZ3FrZkVhcEp0Z1ZXRysyZnExdGo0SVlEL1FNYlZmUy9lL1o5TldCM3E1TUZDejlrWW55OElLN3cKMHpqWnQxVXhkZDRUODRXa04wL2VsTHhvUzFQY0psN3RTRHVITDhPa3cvbm0xaWhXdTU3YVFjelRaZzZwaDdFRApNVTRsTXZKTUYyRk5hUUpwSko3MW1mV2FnY0k4Vko2RHFjR0JXeXZaMWsxSnlTSExTSzU4REF2VEhRTXJDclE4CnJlWUljQmV5L09zQjZ6U2MwbHhEd1RYM05vbEk2SVVOSlZOSHhlZjR3dkNrZmdBa3R0alZtc0dleE1WbHpTSGoKOGp3ODl3SURBUUFCbzRJTEpUQ0NDeUV3SHdZRFZSMGpCQmd3Rm9BVXlObDRhS0xaR1dqVlBYTGVYd28rM0xXRwpocVl3SFFZRFZSME9CQllFRkJ4ckJPOGdsdko3RXc3MDIxWlhJUDcyeWhKek1BNEdBMVVkRHdFQi93UUVBd0lGCm9EQU1CZ05WSFJNQkFmOEVBakFBTUJNR0ExVWRKUVFNTUFvR0NDc0dBUVVGQndNQk1Fa0dBMVVkSUFSQ01FQXcKTkFZTEt3WUJCQUd5TVFFQ0FrNHdKVEFqQmdnckJnRUZCUWNDQVJZWGFIUjBjSE02THk5elpXTjBhV2R2TG1OdgpiUzlEVUZNd0NBWUdaNEVNQVFJQk1JR0lCZ2dyQmdFRkJRY0JBUVI4TUhvd1N3WUlLd1lCQlFVSE1BS0dQMmgwCmRIQTZMeTk2WlhKdmMzTnNMbU55ZEM1elpXTjBhV2R2TG1OdmJTOWFaWEp2VTFOTVVsTkJSRzl0WVdsdVUyVmoKZFhKbFUybDBaVU5CTG1OeWREQXJCZ2dyQmdFRkJRY3dBWVlmYUhSMGNEb3ZMM3BsY205emMyd3ViMk56Y0M1egpaV04wYVdkdkxtTnZiVENDQVFRR0Npc0dBUVFCMW5rQ0JBSUVnZlVFZ2ZJQThBQjFBQTVYbEx6enJxaytNeHNzCm1RZXo5NURmbThJOWNUSWwzU0dwSmF4aHhVNGhBQUFCbk5rMlJEY0FBQVFEQUVZd1JBSWdMSzFncXJGblZ4dFUKdFc3M2JETDl5d1piVFl5S21NeDArSXFTWkl6a0FKRUNJRnYwQnJKZUhNZFNPSnJlbVpKaFgwTlAvNkZNVDBOWApobkErMWdyTG5SbFJBSGNBRm9NdHEvQ3BKUThQOERxbFJmL0l2OGdqMElkTDlnUXBKL2puSHpNVDlmb0FBQUdjCjJUWkU3QUFBQkFNQVNEQkdBaUVBMmg3S2JDRXM3NE5reW5UcS9hWXE1S08zWHlqekRVUkJJSUR2R0ZCOFVLa0MKSVFERk10OGl0QXpJUlAzaXhIZDcwd2NKbWxiOWthZ1Y0Q1h0SlB0N2h6QmhCekNDQ013R0ExVWRFUVNDQ01NdwpnZ2kvZ2hwc2IyTmhiR2h2YzNRdWJHOWpZV3h6ZEdGamF5NWpiRzkxWklJbUtpNWhZMkV1WVhwMWNtVXViRzlqCllXeG9iM04wTG14dlkyRnNjM1JoWTJzdVkyeHZkV1NDSmlvdVlXdGhMbUY2ZFhKbExteHZZMkZzYUc5emRDNXMKYjJOaGJITjBZV05yTG1Oc2IzVmtnaWNxTG1GdGNHeHBabmxoY0hBdWJHOWpZV3hvYjNOMExteHZZMkZzYzNSaApZMnN1WTJ4dmRXU0NJaW91WVhwMWNtVXViRzlqWVd4b2IzTjBMbXh2WTJGc2MzUmhZMnN1WTJ4dmRXU0NLaW91CllYcDFjbVZqY2k1aGVuVnlaUzVzYjJOaGJHaHZjM1F1Ykc5allXeHpkR0ZqYXk1amJHOTFaSUl3S2k1aGVuVnkKWlhkbFluTnBkR1Z6TG1GNmRYSmxMbXh2WTJGc2FHOXpkQzVzYjJOaGJITjBZV05yTG1Oc2IzVmtnaXdxTG1KcwpiMkl1WTI5eVpTNWhlblZ5WlM1c2IyTmhiR2h2YzNRdWJHOWpZV3h6ZEdGamF5NWpiRzkxWklJbktpNWpiRzkxClpHWnliMjUwTG14dlkyRnNhRzl6ZEM1c2IyTmhiSE4wWVdOckxtTnNiM1ZrZ2pFcUxtUnJjaTVsWTNJdVpYVXQKWTJWdWRISmhiQzB4TG14dlkyRnNhRzl6ZEM1c2IyTmhiSE4wWVdOckxtTnNiM1ZrZ2k0cUxtUnJjaTVsWTNJdQpaWFV0ZDJWemRDMHhMbXh2WTJGc2FHOXpkQzVzYjJOaGJITjBZV05yTG1Oc2IzVmtnaTRxTG1ScmNpNWxZM0l1CmRYTXRaV0Z6ZEMweExteHZZMkZzYUc5emRDNXNiMk5oYkhOMFlXTnJMbU5zYjNWa2dpNHFMbVJyY2k1bFkzSXUKZFhNdFpXRnpkQzB5TG14dlkyRnNhRzl6ZEM1c2IyTmhiSE4wWVdOckxtTnNiM1ZrZ2k0cUxtUnJjaTVsWTNJdQpkWE10ZDJWemRDMHhMbXh2WTJGc2FHOXpkQzVzYjJOaGJITjBZV05yTG1Oc2IzVmtnaTRxTG1ScmNpNWxZM0l1CmRYTXRkMlZ6ZEMweUxteHZZMkZzYUc5emRDNXNiMk5oYkhOMFlXTnJMbU5zYjNWa2dpQXFMbVZzWWk1c2IyTmgKYkdodmMzUXViRzlqWVd4emRHRmpheTVqYkc5MVpJSTBLaTVsZFMxalpXNTBjbUZzTFRFdWIzQmxibk5sWVhKagphQzVzYjJOaGJHaHZjM1F1Ykc5allXeHpkR0ZqYXk1amJHOTFaSUl4S2k1bGRTMTNaWE4wTFRFdWIzQmxibk5sCllYSmphQzVzYjJOaGJHaHZjM1F1Ykc5allXeHpkR0ZqYXk1amJHOTFaSUlvS2k1bGVHVmpkWFJsTFdGd2FTNXMKYjJOaGJHaHZjM1F1Ykc5allXeHpkR0ZqYXk1amJHOTFaSUlzS2k1bWFXeGxMbU52Y21VdVlYcDFjbVV1Ykc5agpZV3hvYjNOMExteHZZMkZzYzNSaFkyc3VZMnh2ZFdTQ05Db3ViR0Z0WW1SaExYVnliQzVsZFMxalpXNTBjbUZzCkxURXViRzlqWVd4b2IzTjBMbXh2WTJGc2MzUmhZMnN1WTJ4dmRXU0NNU291YkdGdFltUmhMWFZ5YkM1bGRTMTMKWlhOMExURXViRzlqWVd4b2IzTjBMbXh2WTJGc2MzUmhZMnN1WTJ4dmRXU0NNU291YkdGdFltUmhMWFZ5YkM1MQpjeTFsWVhOMExURXViRzlqWVd4b2IzTjBMbXh2WTJGc2MzUmhZMnN1WTJ4dmRXU0NNU291YkdGdFltUmhMWFZ5CmJDNTFjeTFsWVhOMExUSXViRzlqWVd4b2IzTjBMbXh2WTJGc2MzUmhZMnN1WTJ4dmRXU0NNU291YkdGdFltUmgKTFhWeWJDNTFjeTEzWlhOMExURXViRzlqWVd4b2IzTjBMbXh2WTJGc2MzUmhZMnN1WTJ4dmRXU0NNU291YkdGdApZbVJoTFhWeWJDNTFjeTEzWlhOMExUSXViRzlqWVd4b2IzTjBMbXh2WTJGc2MzUmhZMnN1WTJ4dmRXU0NIQ291CmJHOWpZV3hvYjNOMExteHZZMkZzYzNSaFkyc3VZMnh2ZFdTQ0tDb3ViWGx6Y1d3dVlYcDFjbVV1Ykc5allXeG8KYjNOMExteHZZMkZzYzNSaFkyc3VZMnh2ZFdTQ0p5b3ViM0JsYm5ObFlYSmphQzVzYjJOaGJHaHZjM1F1Ykc5agpZV3h6ZEdGamF5NWpiRzkxWklJdEtpNXdiM04wWjNKbGMzRnNMbUY2ZFhKbExteHZZMkZzYUc5emRDNXNiMk5oCmJITjBZV05yTG1Oc2IzVmtnaTBxTG5GMVpYVmxMbU52Y21VdVlYcDFjbVV1Ykc5allXeG9iM04wTG14dlkyRnMKYzNSaFkyc3VZMnh2ZFdTQ0tDb3VjbVZrYVhNdVlYcDFjbVV1Ykc5allXeG9iM04wTG14dlkyRnNjM1JoWTJzdQpZMnh2ZFdTQ0p5b3Vjek10ZDJWaWMybDBaUzVzYjJOaGJHaHZjM1F1Ykc5allXeHpkR0ZqYXk1amJHOTFaSUlmCktpNXpNeTVzYjJOaGJHaHZjM1F1Ykc5allXeHpkR0ZqYXk1amJHOTFaSUkwS2k1elkyMHVZWHAxY21WM1pXSnoKYVhSbGN5NWhlblZ5WlM1c2IyTmhiR2h2YzNRdWJHOWpZV3h6ZEdGamF5NWpiRzkxWklJZ0tpNXpZMjB1Ykc5agpZV3hvYjNOMExteHZZMkZzYzNSaFkyc3VZMnh2ZFdTQ0xTb3VjMlZ5ZG1salpXSjFjeTVoZW5WeVpTNXNiMk5oCmJHaHZjM1F1Ykc5allXeHpkR0ZqYXk1amJHOTFaSUltS2k1emJtOTNabXhoYTJVdWJHOWpZV3hvYjNOMExteHYKWTJGc2MzUmhZMnN1WTJ4dmRXU0NMU291ZEdGaWJHVXVZMjl5WlM1aGVuVnlaUzVzYjJOaGJHaHZjM1F1Ykc5agpZV3h6ZEdGamF5NWpiRzkxWklJeEtpNTFjeTFsWVhOMExURXViM0JsYm5ObFlYSmphQzVzYjJOaGJHaHZjM1F1CmJHOWpZV3h6ZEdGamF5NWpiRzkxWklJeEtpNTFjeTFsWVhOMExUSXViM0JsYm5ObFlYSmphQzVzYjJOaGJHaHYKYzNRdWJHOWpZV3h6ZEdGamF5NWpiRzkxWklJeEtpNTFjeTEzWlhOMExURXViM0JsYm5ObFlYSmphQzVzYjJOaApiR2h2YzNRdWJHOWpZV3h6ZEdGamF5NWpiRzkxWklJeEtpNTFjeTEzWlhOMExUSXViM0JsYm5ObFlYSmphQzVzCmIyTmhiR2h2YzNRdWJHOWpZV3h6ZEdGamF5NWpiRzkxWklJb0tpNTJZWFZzZEM1aGVuVnlaUzVzYjJOaGJHaHYKYzNRdWJHOWpZV3h6ZEdGamF5NWpiRzkxWklJcmMzRnpMbVYxTFdObGJuUnlZV3d0TVM1c2IyTmhiR2h2YzNRdQpiRzlqWVd4emRHRmpheTVqYkc5MVpJSW9jM0Z6TG1WMUxYZGxjM1F0TVM1c2IyTmhiR2h2YzNRdWJHOWpZV3h6CmRHRmpheTVqYkc5MVpJSW9jM0Z6TG5WekxXVmhjM1F0TVM1c2IyTmhiR2h2YzNRdWJHOWpZV3h6ZEdGamF5NWoKYkc5MVpJSW9jM0Z6TG5WekxXVmhjM1F0TWk1c2IyTmhiR2h2YzNRdWJHOWpZV3h6ZEdGamF5NWpiRzkxWklJbwpjM0Z6TG5WekxYZGxjM1F0TVM1c2IyTmhiR2h2YzNRdWJHOWpZV3h6ZEdGamF5NWpiRzkxWklJb2MzRnpMblZ6CkxYZGxjM1F0TWk1c2IyTmhiR2h2YzNRdWJHOWpZV3h6ZEdGamF5NWpiRzkxWkRBTkJna3Foa2lHOXcwQkFRd0YKQUFPQ0FnRUFLMFh1MUQ1RjJkMGl2ZkdIOFdzbmlqcWxUNlZ3QzR3eEhnVXRnOVN2aDJDaldXS3FWOVFtTXRzcgpRVmFINDcvcHRhZTQ2eXpzb3hXOWJBU0JOeld4Vjd2bFBmU0NXbHVXZ3RKVUh0T3lYMmJ3aGJjRnZKUWxPTmhEClhlVGx5NWx3aCt2WnA0MU55RVdGd2lBelNaTDFMNFc3WUZyeDd0RXdmdUJkbGFaTUFrTWY1TloxOWZFUFZCVFMKdXVKTjAzdERINm02M2xMS3dnYkdEWS8rSkNMbmdsb05jdGpTR2puOU5CL0ZydGRBZHFFUEVqU3ZJNjBidTBoUApjUmtQeU50UXRzSkRKcWg0SUJjbkVxOXppaTM2WUZIOGsrZk0yMjNQcEhnWWlOL2VVM2RVWU9PMTVhWjdzNklCCnZoZ0tTQmVFVTcwd3oweFVKT0VaSE5sd3kyWjFiUldLK3EzV2NjVWY2ei84SGhYcUFYRGt5cVM1clpYYTdRbmMKNHk3RnV4emNsMHhBalRkQXF2SHlnZjVlSDJxOWRMdVh3YWVzMDVVdDJvNU9aaWdUUG92R0lSOHVDa1ROaCt2VQpPZ3QyelhmdGg3SGFObFkwZGljZW5JOTJGSEF6dGpTMWhmQndFRE5BS3hnenNhb2dZejE0YUpQdnN5enE2ZHJQCklJajN1L1lqd2RJWnpFREdQdEFiOEZQRXZINVRLbnpiZFErUnFJVlhIbFp4bGVqM0c4ZEF3TzAxaGlWci9RWjIKaTFpeVdDbGp3RFlqZisrdHluYWVnYnpIbTN3K255VHZqYURLUHRSdjF4NjJkcGJSRzVQQThueGttWDVvR1BYVApHLzRNZUd6aWQ0UENaeVA3bEZtY0kxWEtJNlFCWURHMTN4cXRFSkpOT2IyZVZtUFZMeVk9Ci0tLS0tRU5EIENFUlRJRklDQVRFLS0tLS0KLS0tLS1CRUdJTiBDRVJUSUZJQ0FURS0tLS0tCk1JSUcxVENDQkwyZ0F3SUJBZ0lRYkZXcjI5QUhrc2VkQnd6WUVaN1d2ekFOQmdrcWhraUc5dzBCQVF3RkFEQ0IKaURFTE1Ba0dBMVVFQmhNQ1ZWTXhFekFSQmdOVkJBZ1RDazVsZHlCS1pYSnpaWGt4RkRBU0JnTlZCQWNUQzBwbApjbk5sZVNCRGFYUjVNUjR3SEFZRFZRUUtFeFZVYUdVZ1ZWTkZVbFJTVlZOVUlFNWxkSGR2Y21zeExqQXNCZ05WCkJBTVRKVlZUUlZKVWNuVnpkQ0JTVTBFZ1EyVnlkR2xtYVdOaGRHbHZiaUJCZFhSb2IzSnBkSGt3SGhjTk1qQXcKTVRNd01EQXdNREF3V2hjTk16QXdNVEk1TWpNMU9UVTVXakJMTVFzd0NRWURWUVFHRXdKQlZERVFNQTRHQTFVRQpDaE1IV21WeWIxTlRUREVxTUNnR0ExVUVBeE1oV21WeWIxTlRUQ0JTVTBFZ1JHOXRZV2x1SUZObFkzVnlaU0JUCmFYUmxJRU5CTUlJQ0lqQU5CZ2txaGtpRzl3MEJBUUVGQUFPQ0FnOEFNSUlDQ2dLQ0FnRUFobWx6ZnFPMU1kZ2oKNFczZHBCUFRWQlgxQXV2Y0F5RzFmbDBkVW53L01ldWVDV3pSV1RoZVozNUxWbzkxa0xJM0REVmFaS1crVEJBcwpKQmpFYlltTXdjV1NUV1lDZzUzMzRTRjArY3REQXNGeHNYK3JURGg5a1NyRy80bXA2T1NodWJMYUVJVUppWm80CnQ4NzNUdVNkMFdqNURXdDNEdHBBRzhUMzVsL3YreHJOOHViOFBTU29YNVZrZ3craldmNEtRdE52VUZMRHE4bUYKV2hVblBMNmpIQUFEWHB2czRsVE5Zd090eDl5UXRicHh3U3Q3UUpZMStJQ3JtUkpCNkJ1S1J0L2pmREpGOUpzYwpSUVZsSEl4UWRLQUpsN29hVm5YZ0RrcXRrMnFkZGQza0NEWGQ3NGd2ODEzRzkxejdDanNHeUo5M29KSWxOUzNVCmdGYkQ2VjU0Sk1nWjNyU21vdFliejk4b1p4WDdNS2J0Q20xYUovcStoVHYyWUsxeU14cm5mY2llS21PWUJiRkQKaG5XNU82Uk1BNzAzZEJLOTJqNlhSTjJFdHRMa1F1dWpaZ3kralhSS3RhV01JbGtOa1dKbU9pSG1FclFuZ0h2dAppTmtJY2pKdW1xMWRkRlg0aWFUSTQwYTZ6Z3ZJQnR4RmVEczJSZmNhSDczZXI3Y3ROVVVxZ1FUNXJGZ0poTW1GCng3NnJRZ0I1T1pVa29kYjVrMmV4N1ArR3U0Sjg2YlMxNTA5NFV1WWNWMDloVmVrbm1UaDVFeDlDQktpcExTMlcKMndLQmFrZithVlluTkNVNlMwbkFTcXQyeHJacEdDMXY3djZEaHVlcHl5SnRuM3FTVjJQb0JpVTVTcWwrYUFScAp3VWliUU1HbTQ0Z2p5TkRxRGxWcCtTaExRbFVIOXg4Q0F3RUFBYU9DQVhVd2dnRnhNQjhHQTFVZEl3UVlNQmFBCkZGTjV2MXFxSzByUFZJRGgySnZBbmZLeUEyYkxNQjBHQTFVZERnUVdCQlRJMlhob290a1phTlU5Y3Q1ZkNqN2MKdFlhR3BqQU9CZ05WSFE4QkFmOEVCQU1DQVlZd0VnWURWUjBUQVFIL0JBZ3dCZ0VCL3dJQkFEQWRCZ05WSFNVRQpGakFVQmdnckJnRUZCUWNEQVFZSUt3WUJCUVVIQXdJd0lnWURWUjBnQkJzd0dUQU5CZ3NyQmdFRUFiSXhBUUlDClRqQUlCZ1puZ1F3QkFnRXdVQVlEVlIwZkJFa3dSekJGb0VPZ1FZWS9hSFIwY0RvdkwyTnliQzUxYzJWeWRISjEKYzNRdVkyOXRMMVZUUlZKVWNuVnpkRkpUUVVObGNuUnBabWxqWVhScGIyNUJkWFJvYjNKcGRIa3VZM0pzTUhZRwpDQ3NHQVFVRkJ3RUJCR293YURBL0JnZ3JCZ0VGQlFjd0FvWXphSFIwY0RvdkwyTnlkQzUxYzJWeWRISjFjM1F1ClkyOXRMMVZUUlZKVWNuVnpkRkpUUVVGa1pGUnlkWE4wUTBFdVkzSjBNQ1VHQ0NzR0FRVUZCekFCaGhsb2RIUncKT2k4dmIyTnpjQzUxYzJWeWRISjFjM1F1WTI5dE1BMEdDU3FHU0liM0RRRUJEQVVBQTRJQ0FRQVZEd29JelFEVgplcmNUMGVZcVpqQk5KOFZOV3dWRmxRT3RaRVJxbjVpV25FVmFMWlpkenhsYnZ6MkZ4MEV4VU51VUVnWWtJVk00CllvY0trQ1E3aE81bm9pY29xL0RyRVlINUl1TmN1VzFJOEpKWjlETHVCMWZZdklIbFoySkc0NmlOYlZLQTN5Z0EKRXo4NlJ2RFFsdDJDNDk0cXFQVkl0UmpyejlZbEpFR1QwRHJ0dHlBcHEwWUxGRHpmK1oxcGtNaGg3Yys3ZlhlSgpxbUloZkpwZHVLYzhIRVFrWVFRU2hlbjQyNlMzSDBKcklBYktjQkNpeVlGdU9oZnl2dXdWQ0ZEZkZ2cmpBRGpkCjRqWDF1UVhkMTYxSXlGUmJtODlzMk9qNW9VMXdEWXo1c3graG9DdWg2bFNzKy91UHVXb21JcTN5MUdERk5hZlcKK0xzSEJVMTZsUW81UTJ5aDI1bGFRc0tSZ3lQbU1wSEo5OGVkbTZ5MnNIVWFiQVNtUkh4dkdpdXd3RTI1YURVMAoyU0FlZXB5SW1KMkN6QjgwWUc3V3hseW5IcU5ocEU3eGZDN1B6UWxMZ21mRUhkVSt0SEZlUWF6UlFuckZrVzJXCmtxUkdJcTdjS1JueXlwdmpQTWtqZWlWOWxSZEFNOWZTSnZzQjNzdlV1dTFjb0lHMXh4STF5ZWdvR000cjVRUDQKUkdJVnZZYWlJNzZDMGRqb1NiUS9ka0lVVVhRdUI4QUw1anlIMzRnM0JaYWFYeXZwbW5WNGlscHBNWFZBbkFZRwpPTjUxV2hKNlcweE5kTkp3ellBU1pZSCt0bUNXSStONjBHdjJOTk1HSHdNWjdlOWJYZ3pVQ1pINUZhQkZER1I1ClM5VldxSEI3M1ErT3lJVnZJYktZY1NjMncvYVN1RktHU0E9PQotLS0tLUVORCBDRVJUSUZJQ0FURS0tLS0tCi0tLS0tQkVHSU4gQ0VSVElGSUNBVEUtLS0tLQpNSUlGZ1RDQ0JHbWdBd0lCQWdJUU9YSkVPdmtpdDFIWDAyd1EzVEUxbFRBTkJna3Foa2lHOXcwQkFRd0ZBREI3Ck1Rc3dDUVlEVlFRR0V3SkhRakViTUJrR0ExVUVDQXdTUjNKbFlYUmxjaUJOWVc1amFHVnpkR1Z5TVJBd0RnWUQKVlFRSERBZFRZV3htYjNKa01Sb3dHQVlEVlFRS0RCRkRiMjF2Wkc4Z1EwRWdUR2x0YVhSbFpERWhNQjhHQTFVRQpBd3dZUVVGQklFTmxjblJwWm1sallYUmxJRk5sY25acFkyVnpNQjRYRFRFNU1ETXhNakF3TURBd01Gb1hEVEk0Ck1USXpNVEl6TlRrMU9Wb3dnWWd4Q3pBSkJnTlZCQVlUQWxWVE1STXdFUVlEVlFRSUV3cE9aWGNnU21WeWMyVjUKTVJRd0VnWURWUVFIRXd0S1pYSnpaWGtnUTJsMGVURWVNQndHQTFVRUNoTVZWR2hsSUZWVFJWSlVVbFZUVkNCTwpaWFIzYjNKck1TNHdMQVlEVlFRREV5VlZVMFZTVkhKMWMzUWdVbE5CSUVObGNuUnBabWxqWVhScGIyNGdRWFYwCmFHOXlhWFI1TUlJQ0lqQU5CZ2txaGtpRzl3MEJBUUVGQUFPQ0FnOEFNSUlDQ2dLQ0FnRUFnQkpsRnpZT3c5c0kKczlDc1Z3MTI3YzBuMDB5dFVJTmg0cW9nVFFrdFpBbmN6b21mekQycDdQYlB3ZHp4MDdIV2V6Y29FU3RIMmpuRwp2RG9adEYrbXZYMmRvMk5DdG5ieXFUc3JrZmppYjlEc0ZpQ1FDVDdpNkhUSkdMU1IxR0prMjMrakJ2R0lHR3FRCklqeTgvaFB3aHhSNzl1UWZqdFRrVWNZUlowWUlVY3VHRkZRL3ZEUCtmbXljL3hhZEdMMVJqaldtcDJiSWNtZmIKSVdheDFKdDRBOEJRT3VqTThOeThua3orcndXV05SOVhXcmYvenZrOXR5eTI5bFRkeU9jU09rMnVUSXEzWEpxMAp0eUE5eW44aU5LNStPMmhtQVVUbkFVNUdVNXN6WVBlVXZsTTNrSE5EOHpMRFUrL2JxdjUwVG1uSGE0eGdrOTdFCnh3emY0VEt1ekpNN1VYaVZaNHZ1UFZiK0ROQnBEeHNQOHlVbWF6TnQ5MjVIK25ORDVYNE9wV2F4S1h3eWhHTlYKaWNRTndaTlVNQmtUck5OOU42ZnJYVHBzTlZ6YlFkY1MycWxKQzkvWWdJb0prMktPdFdiUEpZak5oTGl4UDZRNQpEOWtDbnVzU1RKVjg4MnNGcVY0V2c4eTRaK0xvRTUzTVc0TFRUTFB0Vy8vZTVYT3NJenN0QUw4MVZYUUpTZGhKCldCcC9ramJtVVpJTzh5WjlIRTBYdk1uc1F5YlF2MEZmUUtsRVJQU1o1MWVIbmxBZlYxU29QdjEwWXkreFVHVUoKNWxoQ0xrTWFUTFR3SlVkWitnUWVrOVFtUmtwUWdiTGV2bmkzL0djVjRjbFhoQjRQWTlicFlycldYMVV1Nmx6RwpLQWdFSlRtNERpdXA4a3lYSEFjL0RWTDE3ZTh2Z2c4Q0F3RUFBYU9COGpDQjd6QWZCZ05WSFNNRUdEQVdnQlNnCkVRb2pQcGJ4Qit6aXJ5bnZncVYvMERDa3REQWRCZ05WSFE0RUZnUVVVM20vV3FvclNzOVVnT0hZbThDZDhySUQKWnNzd0RnWURWUjBQQVFIL0JBUURBZ0dHTUE4R0ExVWRFd0VCL3dRRk1BTUJBZjh3RVFZRFZSMGdCQW93Q0RBRwpCZ1JWSFNBQU1FTUdBMVVkSHdROE1Eb3dPS0Eyb0RTR01taDBkSEE2THk5amNtd3VZMjl0YjJSdlkyRXVZMjl0CkwwRkJRVU5sY25ScFptbGpZWFJsVTJWeWRtbGpaWE11WTNKc01EUUdDQ3NHQVFVRkJ3RUJCQ2d3SmpBa0JnZ3IKQmdFRkJRY3dBWVlZYUhSMGNEb3ZMMjlqYzNBdVkyOXRiMlJ2WTJFdVkyOXRNQTBHQ1NxR1NJYjNEUUVCREFVQQpBNElCQVFBWWgxSGNkQ0U5bklyZ0o3Y3owQzdNN1BEbXkxNFIzaUp2bTNXT25uTCs1TmIrcWgrY2xpM3ZBMHArCnJ2U05iM0k4UXp2QVArdTQzMXlxcWNhdTh2elk3cU43US9hR05ud1U0TTMwOXovKzNyaTBpdkNSbHY3OVEyUisKL2N6U0FhRjlmZmdaR2NsQ0t4Ty9XSXU2cEtKbUJIYUlrVTRNaVJUT29rM0pNck82NkJRYXZISHhXL0JCQzVnQQpDaUlERU9VTXNmbk5ramNaN1R2eDVEcTIrVVVUSm5XdnU2cnZQM3QzTzlMRUFwRTlHUURURjF3NTJ6OTdHQTFGCnpaT0ZsaTlkMzFrV1R6OVJ2ZFZGR0QvdFNvN29CbUYwSXhhMURWQnpKMFJIZnhCZGlTcHJoVEVVeE9pcGFreUEKdkdwNHo3aC9qblp5bVF5ZC90ZVJDQmFobzErVgotLS0tLUVORCBDRVJUSUZJQ0FURS0tLS0t"
              }
            ],
            "cluster_id": null,
            "compute_config": [],
            "created_at": "2026-04-07T07:02:48Z",
            "enabled_cluster_log_types": [
              "api",
              "audit"
            ],
            "encryption_config": [],
            "endpoint": "https://localhost.localstack.cloud:4510",
            "force_update_version": null,
            "id": "eks-fleet-portal-dev",
            "identity": [
              {
                "oidc": [
                  {
                    "issuer": "https://localhost.localstack.cloud:4510"
                  }
                ]
              }
            ],
            "kubernetes_network_config": [
              {
                "elastic_load_balancing": [
                  {
                    "enabled": false
                  }
                ],
                "ip_family": "ipv4",
                "service_ipv4_cidr": "10.100.0.0/16",
                "service_ipv6_cidr": ""
              }
            ],
            "name": "eks-fleet-portal-dev",
            "outpost_config": [],
            "platform_version": "eks.5",
            "remote_network_config": [],
            "role_arn": "arn:aws:iam::000000000000:role/eks-fleet-portal-dev-cluster-role",
            "status": "ACTIVE",
            "storage_config": [],
            "tags": {
              "application": "fleet-portal",
              "environment": "dev"
            },
            "tags_all": {
              "application": "fleet-portal",
              "environment": "dev"
            },
            "timeouts": null,
            "upgrade_policy": [
              {
                "support_type": "EXTENDED"
              }
            ],
            "version": "1.35",
            "vpc_config": [
              {
                "cluster_security_group_id": "sg-9098b9fa60eabd95e",
                "endpoint_private_access": true,
                "endpoint_public_access": true,
                "public_access_cidrs": [
                  "0.0.0.0/0"
                ],
                "security_group_ids": [
                  "sg-22c0f791eab2b4ada",
                  "sg-dc38778a5de2c2d7b"
                ],
                "subnet_ids": [
                  "subnet-67c649b28e9b92506",
                  "subnet-70a9c7f379ef5deda",
                  "subnet-7702262e987794b59"
                ],
                "vpc_id": "vpc-d40e928f60301fd83"
              }
            ],
            "zonal_shift_config": []
          },
          "sensitive_attributes": [],
          "identity_schema_version": 0,
          "private": "eyJlMmJmYjczMC1lY2FhLTExZTYtOGY4OC0zNDM2M2JjN2M0YzAiOnsiY3JlYXRlIjoxODAwMDAwMDAwMDAwLCJkZWxldGUiOjkwMDAwMDAwMDAwMCwidXBkYXRlIjozNjAwMDAwMDAwMDAwfSwic2NoZW1hX3ZlcnNpb24iOiIxIn0=",
          "dependencies": [
            "aws_cloudwatch_log_group.container_cluster",
            "aws_iam_role.container_cluster",
            "aws_iam_role_policy_attachment.eks_cluster_policy",
            "aws_iam_role_policy_attachment.eks_vpc_controller_policy",
            "aws_security_group.cluster",
            "aws_security_group.cluster_nodes",
            "aws_subnet.backend",
            "aws_vpc.main",
            "data.aws_availability_zones.available",
            "data.aws_iam_policy_document.container_cluster_assume_role",
            "random_shuffle.az"
          ]
        }
      ]
    },
    {
      "mode": "managed",
      "type": "aws_eks_node_group",
      "name": "main",
      "provider": "provider[\"registry.terraform.io/hashicorp/aws\"]",
      "instances": [
        {
          "schema_version": 0,
          "attributes": {
            "ami_type": "AL2_x86_64",
            "arn": "arn:aws:eks:us-east-1:000000000000:nodegroup/eks-fleet-portal-dev/ng-user/a170f3b5-3a67-4cc4-ad8d-b7cc3ffdb146",
            "capacity_type": "ON_DEMAND",
            "cluster_name": "eks-fleet-portal-dev",
            "disk_size": 0,
            "force_update_version": null,
            "id": "eks-fleet-portal-dev:ng-user",
            "instance_types": [
              "t3.medium"
            ],
            "labels": null,
            "launch_template": [],
            "node_group_name": "ng-user",
            "node_group_name_prefix": "",
            "node_repair_config": [],
            "node_role_arn": "arn:aws:iam::000000000000:role/eks-fleet-portal-dev-nodegroup-role",
            "release_version": "",
            "remote_access": [],
            "resources": [],
            "scaling_config": [
              {
                "desired_size": 3,
                "max_size": 4,
                "min_size": 1
              }
            ],
            "status": "ACTIVE",
            "subnet_ids": [
              "subnet-67c649b28e9b92506",
              "subnet-70a9c7f379ef5deda",
              "subnet-7702262e987794b59"
            ],
            "tags": null,
            "tags_all": {},
            "taint": [],
            "timeouts": null,
            "update_config": [
              {
                "max_unavailable": 1,
                "max_unavailable_percentage": 0
              }
            ],
            "version": "1.35"
          },
          "sensitive_attributes": [],
          "identity_schema_version": 0,
          "private": "eyJlMmJmYjczMC1lY2FhLTExZTYtOGY4OC0zNDM2M2JjN2M0YzAiOnsiY3JlYXRlIjozNjAwMDAwMDAwMDAwLCJkZWxldGUiOjM2MDAwMDAwMDAwMDAsInVwZGF0ZSI6MzYwMDAwMDAwMDAwMH19",
          "dependencies": [
            "aws_cloudwatch_log_group.container_cluster",
            "aws_eks_cluster.main",
            "aws_iam_role.container_cluster",
            "aws_iam_role.container_node_group",
            "aws_iam_role_policy_attachment.eks_cluster_policy",
            "aws_iam_role_policy_attachment.eks_cni_policy",
            "aws_iam_role_policy_attachment.eks_ecr_policy",
            "aws_iam_role_policy_attachment.eks_vpc_controller_policy",
            "aws_iam_role_policy_attachment.eks_worker_node_policy",
            "aws_security_group.cluster",
            "aws_security_group.cluster_nodes",
            "aws_subnet.backend",
            "aws_vpc.main",
            "data.aws_availability_zones.available",
            "data.aws_iam_policy_document.container_cluster_assume_role",
            "data.aws_iam_policy_document.container_node_group",
            "random_shuffle.az"
          ]
        }
      ]
    },
    {
      "mode": "managed",
      "type": "aws_iam_group",
      "name": "admin",
      "provider": "provider[\"registry.terraform.io/hashicorp/aws\"]",
      "instances": [
        {
          "schema_version": 0,
          "attributes": {
            "arn": "arn:aws:iam::000000000000:group/fleet-portal-dev-admin",
            "id": "fleet-portal-dev-admin",
            "name": "fleet-portal-dev-admin",
            "path": "/",
            "unique_id": "AGPAQAAAAAAAIEPGLVJLL"
          },
          "sensitive_attributes": [],
          "identity_schema_version": 0,
          "private": "bnVsbA=="
        }
      ]
    },
    {
      "mode": "managed",
      "type": "aws_iam_group",
      "name": "ecr_image_pushers",
      "provider": "provider[\"registry.terraform.io/hashicorp/aws\"]",
      "instances": [
        {
          "schema_version": 0,
          "attributes": {
            "arn": "arn:aws:iam::000000000000:group/fleet-portal-dev-ecr-image-pushers",
            "id": "fleet-portal-dev-ecr-image-pushers",
            "name": "fleet-portal-dev-ecr-image-pushers",
            "path": "/",
            "unique_id": "AGPAQAAAAAAANZGELWP6Y"
          },
          "sensitive_attributes": [],
          "identity_schema_version": 0,
          "private": "bnVsbA=="
        }
      ]
    },
    {
      "mode": "managed",
      "type": "aws_iam_group_membership",
      "name": "admin",
      "provider": "provider[\"registry.terraform.io/hashicorp/aws\"]",
      "instances": [
        {
          "schema_version": 0,
          "attributes": {
            "group": "fleet-portal-dev-admin",
            "id": "fleet-portal-dev-admin",
            "name": "fleet-portal-dev-admin",
            "users": [
              "markti"
            ]
          },
          "sensitive_attributes": [],
          "identity_schema_version": 0,
          "private": "bnVsbA==",
          "dependencies": [
            "aws_iam_group.admin"
          ]
        }
      ]
    },
    {
      "mode": "managed",
      "type": "aws_iam_group_membership",
      "name": "ecr_image_pushers",
      "provider": "provider[\"registry.terraform.io/hashicorp/aws\"]",
      "instances": [
        {
          "schema_version": 0,
          "attributes": {
            "group": "fleet-portal-dev-ecr-image-pushers",
            "id": "fleet-portal-dev-ecr-image-push-membership",
            "name": "fleet-portal-dev-ecr-image-push-membership",
            "users": [
              "Terraform"
            ]
          },
          "sensitive_attributes": [],
          "identity_schema_version": 0,
          "private": "bnVsbA==",
          "dependencies": [
            "aws_iam_group.ecr_image_pushers"
          ]
        }
      ]
    },
    {
      "mode": "managed",
      "type": "aws_iam_group_policy",
      "name": "ecr_image_pushers",
      "provider": "provider[\"registry.terraform.io/hashicorp/aws\"]",
      "instances": [
        {
          "index_key": "backend",
          "schema_version": 0,
          "attributes": {
            "group": "fleet-portal-dev-ecr-image-pushers",
            "id": "fleet-portal-dev-ecr-image-pushers:fleet-portal-dev-backend-ecr-image-push-policy",
            "name": "fleet-portal-dev-backend-ecr-image-push-policy",
            "name_prefix": "",
            "policy": "{\"Version\":\"2012-10-17\",\"Statement\":[{\"Action\":[\"ecr:GetDownloadUrlForLayer\",\"ecr:BatchGetImage\",\"ecr:BatchCheckLayerAvailability\",\"ecr:PutImage\",\"ecr:InitiateLayerUpload\",\"ecr:UploadLayerPart\",\"ecr:CompleteLayerUpload\"],\"Effect\":\"Allow\",\"Resource\":\"arn:aws:ecr:us-east-1:000000000000:repository/ecr-fleet-portal-dev-backend\"}]}"
          },
          "sensitive_attributes": [],
          "identity_schema_version": 0,
          "private": "bnVsbA==",
          "dependencies": [
            "aws_ecr_repository.main",
            "aws_iam_group.ecr_image_pushers"
          ]
        },
        {
          "index_key": "frontend",
          "schema_version": 0,
          "attributes": {
            "group": "fleet-portal-dev-ecr-image-pushers",
            "id": "fleet-portal-dev-ecr-image-pushers:fleet-portal-dev-frontend-ecr-image-push-policy",
            "name": "fleet-portal-dev-frontend-ecr-image-push-policy",
            "name_prefix": "",
            "policy": "{\"Version\":\"2012-10-17\",\"Statement\":[{\"Action\":[\"ecr:GetDownloadUrlForLayer\",\"ecr:BatchGetImage\",\"ecr:BatchCheckLayerAvailability\",\"ecr:PutImage\",\"ecr:InitiateLayerUpload\",\"ecr:UploadLayerPart\",\"ecr:CompleteLayerUpload\"],\"Effect\":\"Allow\",\"Resource\":\"arn:aws:ecr:us-east-1:000000000000:repository/ecr-fleet-portal-dev-frontend\"}]}"
          },
          "sensitive_attributes": [],
          "identity_schema_version": 0,
          "private": "bnVsbA==",
          "dependencies": [
            "aws_ecr_repository.main",
            "aws_iam_group.ecr_image_pushers"
          ]
        }
      ]
    },
    {
      "mode": "managed",
      "type": "aws_iam_group_policy_attachment",
      "name": "console_access",
      "provider": "provider[\"registry.terraform.io/hashicorp/aws\"]",
      "instances": [
        {
          "schema_version": 0,
          "attributes": {
            "group": "fleet-portal-dev-admin",
            "id": "fleet-portal-dev-admin-20260407070247968500000007",
            "policy_arn": "arn:aws:iam::000000000000:policy/fleet-portal-dev-console-access"
          },
          "sensitive_attributes": [],
          "identity_schema_version": 0,
          "private": "bnVsbA==",
          "dependencies": [
            "aws_iam_group.admin",
            "aws_iam_policy.console_access",
            "data.aws_caller_identity.current",
            "data.aws_iam_policy_document.console_access"
          ]
        }
      ]
    },
    {
      "mode": "managed",
      "type": "aws_iam_openid_connect_provider",
      "name": "container_cluster_oidc",
      "provider": "provider[\"registry.terraform.io/hashicorp/aws\"]",
      "instances": [
        {
          "schema_version": 0,
          "attributes": {
            "arn": "arn:aws:iam::000000000000:oidc-provider/localhost.localstack.cloud:4510",
            "client_id_list": [
              "sts.amazonaws.com"
            ],
            "id": "arn:aws:iam::000000000000:oidc-provider/localhost.localstack.cloud:4510",
            "tags": null,
            "tags_all": {},
            "thumbprint_list": [
              "d89e3bd43d5d909b47a18977aa9d5ce36cee184c"
            ],
            "url": "localhost.localstack.cloud:4510"
          },
          "sensitive_attributes": [],
          "identity_schema_version": 0,
          "private": "bnVsbA==",
          "dependencies": [
            "aws_cloudwatch_log_group.container_cluster",
            "aws_eks_cluster.main",
            "aws_iam_role.container_cluster",
            "aws_iam_role_policy_attachment.eks_cluster_policy",
            "aws_iam_role_policy_attachment.eks_vpc_controller_policy",
            "aws_security_group.cluster",
            "aws_security_group.cluster_nodes",
            "aws_subnet.backend",
            "aws_vpc.main",
            "data.aws_availability_zones.available",
            "data.aws_iam_policy_document.container_cluster_assume_role",
            "data.tls_certificate.container_cluster_oidc",
            "random_shuffle.az"
          ]
        }
      ]
    },
    {
      "mode": "managed",
      "type": "aws_iam_policy",
      "name": "alb_controller",
      "provider": "provider[\"registry.terraform.io/hashicorp/aws\"]",
      "instances": [
        {
          "schema_version": 0,
          "attributes": {
            "arn": "arn:aws:iam::000000000000:policy/AWSLoadBalancerControllerIAMPolicy",
            "attachment_count": 0,
            "description": "Policy for the AWS Load Balancer Controller",
            "id": "arn:aws:iam::000000000000:policy/AWSLoadBalancerControllerIAMPolicy",
            "name": "AWSLoadBalancerControllerIAMPolicy",
            "name_prefix": "",
            "path": "/",
            "policy": "{\"Statement\":[{\"Action\":[\"iam:CreateServiceLinkedRole\"],\"Condition\":{\"StringEquals\":{\"iam:AWSServiceName\":\"elasticloadbalancing.amazonaws.com\"}},\"Effect\":\"Allow\",\"Resource\":\"*\"},{\"Action\":[\"ec2:DescribeAccountAttributes\",\"ec2:DescribeAddresses\",\"ec2:DescribeAvailabilityZones\",\"ec2:DescribeInternetGateways\",\"ec2:DescribeVpcs\",\"ec2:DescribeVpcPeeringConnections\",\"ec2:DescribeSubnets\",\"ec2:DescribeSecurityGroups\",\"ec2:DescribeInstances\",\"ec2:DescribeNetworkInterfaces\",\"ec2:DescribeTags\",\"ec2:GetCoipPoolUsage\",\"ec2:DescribeCoipPools\",\"elasticloadbalancing:DescribeLoadBalancers\",\"elasticloadbalancing:DescribeLoadBalancerAttributes\",\"elasticloadbalancing:DescribeListeners\",\"elasticloadbalancing:DescribeListenerCertificates\",\"elasticloadbalancing:DescribeSSLPolicies\",\"elasticloadbalancing:DescribeRules\",\"elasticloadbalancing:DescribeTargetGroups\",\"elasticloadbalancing:DescribeTargetGroupAttributes\",\"elasticloadbalancing:DescribeTargetHealth\",\"elasticloadbalancing:DescribeTags\",\"elasticloadbalancing:DescribeTrustStores\"],\"Effect\":\"Allow\",\"Resource\":\"*\"},{\"Action\":[\"cognito-idp:DescribeUserPoolClient\",\"acm:ListCertificates\",\"acm:DescribeCertificate\",\"iam:ListServerCertificates\",\"iam:GetServerCertificate\",\"waf-regional:GetWebACL\",\"waf-regional:GetWebACLForResource\",\"waf-regional:AssociateWebACL\",\"waf-regional:DisassociateWebACL\",\"wafv2:GetWebACL\",\"wafv2:GetWebACLForResource\",\"wafv2:AssociateWebACL\",\"wafv2:DisassociateWebACL\",\"shield:GetSubscriptionState\",\"shield:DescribeProtection\",\"shield:CreateProtection\",\"shield:DeleteProtection\"],\"Effect\":\"Allow\",\"Resource\":\"*\"},{\"Action\":[\"ec2:AuthorizeSecurityGroupIngress\",\"ec2:RevokeSecurityGroupIngress\"],\"Effect\":\"Allow\",\"Resource\":\"*\"},{\"Action\":[\"ec2:CreateSecurityGroup\"],\"Effect\":\"Allow\",\"Resource\":\"*\"},{\"Action\":[\"ec2:CreateTags\"],\"Condition\":{\"Null\":{\"aws:RequestTag/elbv2.k8s.aws/cluster\":\"false\"},\"StringEquals\":{\"ec2:CreateAction\":\"CreateSecurityGroup\"}},\"Effect\":\"Allow\",\"Resource\":\"arn:aws:ec2:*:*:security-group/*\"},{\"Action\":[\"ec2:CreateTags\",\"ec2:DeleteTags\"],\"Condition\":{\"Null\":{\"aws:RequestTag/elbv2.k8s.aws/cluster\":\"true\",\"aws:ResourceTag/elbv2.k8s.aws/cluster\":\"false\"}},\"Effect\":\"Allow\",\"Resource\":\"arn:aws:ec2:*:*:security-group/*\"},{\"Action\":[\"ec2:AuthorizeSecurityGroupIngress\",\"ec2:RevokeSecurityGroupIngress\",\"ec2:DeleteSecurityGroup\"],\"Condition\":{\"Null\":{\"aws:ResourceTag/elbv2.k8s.aws/cluster\":\"false\"}},\"Effect\":\"Allow\",\"Resource\":\"*\"},{\"Action\":[\"elasticloadbalancing:CreateLoadBalancer\",\"elasticloadbalancing:CreateTargetGroup\"],\"Condition\":{\"Null\":{\"aws:RequestTag/elbv2.k8s.aws/cluster\":\"false\"}},\"Effect\":\"Allow\",\"Resource\":\"*\"},{\"Action\":[\"elasticloadbalancing:CreateListener\",\"elasticloadbalancing:DeleteListener\",\"elasticloadbalancing:CreateRule\",\"elasticloadbalancing:DeleteRule\"],\"Effect\":\"Allow\",\"Resource\":\"*\"},{\"Action\":[\"elasticloadbalancing:AddTags\",\"elasticloadbalancing:RemoveTags\"],\"Condition\":{\"Null\":{\"aws:RequestTag/elbv2.k8s.aws/cluster\":\"true\",\"aws:ResourceTag/elbv2.k8s.aws/cluster\":\"false\"}},\"Effect\":\"Allow\",\"Resource\":[\"arn:aws:elasticloadbalancing:*:*:targetgroup/*/*\",\"arn:aws:elasticloadbalancing:*:*:loadbalancer/net/*/*\",\"arn:aws:elasticloadbalancing:*:*:loadbalancer/app/*/*\"]},{\"Action\":[\"elasticloadbalancing:AddTags\",\"elasticloadbalancing:RemoveTags\"],\"Effect\":\"Allow\",\"Resource\":[\"arn:aws:elasticloadbalancing:*:*:listener/net/*/*/*\",\"arn:aws:elasticloadbalancing:*:*:listener/app/*/*/*\",\"arn:aws:elasticloadbalancing:*:*:listener-rule/net/*/*/*\",\"arn:aws:elasticloadbalancing:*:*:listener-rule/app/*/*/*\"]},{\"Action\":[\"elasticloadbalancing:ModifyLoadBalancerAttributes\",\"elasticloadbalancing:SetIpAddressType\",\"elasticloadbalancing:SetSecurityGroups\",\"elasticloadbalancing:SetSubnets\",\"elasticloadbalancing:DeleteLoadBalancer\",\"elasticloadbalancing:ModifyTargetGroup\",\"elasticloadbalancing:ModifyTargetGroupAttributes\",\"elasticloadbalancing:DeleteTargetGroup\"],\"Condition\":{\"Null\":{\"aws:ResourceTag/elbv2.k8s.aws/cluster\":\"false\"}},\"Effect\":\"Allow\",\"Resource\":\"*\"},{\"Action\":[\"elasticloadbalancing:AddTags\"],\"Condition\":{\"Null\":{\"aws:RequestTag/elbv2.k8s.aws/cluster\":\"false\"},\"StringEquals\":{\"elasticloadbalancing:CreateAction\":[\"CreateTargetGroup\",\"CreateLoadBalancer\"]}},\"Effect\":\"Allow\",\"Resource\":[\"arn:aws:elasticloadbalancing:*:*:targetgroup/*/*\",\"arn:aws:elasticloadbalancing:*:*:loadbalancer/net/*/*\",\"arn:aws:elasticloadbalancing:*:*:loadbalancer/app/*/*\"]},{\"Action\":[\"elasticloadbalancing:RegisterTargets\",\"elasticloadbalancing:DeregisterTargets\"],\"Effect\":\"Allow\",\"Resource\":\"arn:aws:elasticloadbalancing:*:*:targetgroup/*/*\"},{\"Action\":[\"elasticloadbalancing:SetWebAcl\",\"elasticloadbalancing:ModifyListener\",\"elasticloadbalancing:AddListenerCertificates\",\"elasticloadbalancing:RemoveListenerCertificates\",\"elasticloadbalancing:ModifyRule\"],\"Effect\":\"Allow\",\"Resource\":\"*\"}],\"Version\":\"2012-10-17\"}",
            "policy_id": "A5ZAASC0FNG37P9FT9Q3M",
            "tags": null,
            "tags_all": {}
          },
          "sensitive_attributes": [],
          "identity_schema_version": 0,
          "private": "bnVsbA=="
        }
      ]
    },
    {
      "mode": "managed",
      "type": "aws_iam_policy",
      "name": "console_access",
      "provider": "provider[\"registry.terraform.io/hashicorp/aws\"]",
      "instances": [
        {
          "schema_version": 0,
          "attributes": {
            "arn": "arn:aws:iam::000000000000:policy/fleet-portal-dev-console-access",
            "attachment_count": 0,
            "description": "Allow users to assume the role to access EKS from the console",
            "id": "arn:aws:iam::000000000000:policy/fleet-portal-dev-console-access",
            "name": "fleet-portal-dev-console-access",
            "name_prefix": "",
            "path": "/",
            "policy": "{\"Statement\":[{\"Action\":[\"iam:ListRoles\",\"eks:ListUpdates\",\"eks:ListNodegroups\",\"eks:ListIdentityProviderConfigs\",\"eks:ListFargateProfiles\",\"eks:ListClusters\",\"eks:ListAddons\",\"eks:DescribeNodegroup\",\"eks:DescribeCluster\",\"eks:DescribeAddonVersions\",\"eks:AccessKubernetesApi\"],\"Effect\":\"Allow\",\"Resource\":\"*\"},{\"Action\":\"ssm:GetParameter\",\"Effect\":\"Allow\",\"Resource\":\"arn:aws:ssm:*:000000000000:parameter/*\"}],\"Version\":\"2012-10-17\"}",
            "policy_id": "ANGAVI7TEJ0TWQCFTL6OH",
            "tags": null,
            "tags_all": {}
          },
          "sensitive_attributes": [],
          "identity_schema_version": 0,
          "private": "bnVsbA==",
          "dependencies": [
            "data.aws_caller_identity.current",
            "data.aws_iam_policy_document.console_access"
          ]
        }
      ]
    },
    {
      "mode": "managed",
      "type": "aws_iam_policy",
      "name": "eks_connector",
      "provider": "provider[\"registry.terraform.io/hashicorp/aws\"]",
      "instances": [
        {
          "schema_version": 0,
          "attributes": {
            "arn": "arn:aws:iam::000000000000:policy/AmazonEKSConnectorAgentPolicy",
            "attachment_count": 0,
            "description": "",
            "id": "arn:aws:iam::000000000000:policy/AmazonEKSConnectorAgentPolicy",
            "name": "AmazonEKSConnectorAgentPolicy",
            "name_prefix": "",
            "path": "/",
            "policy": "{\"Statement\":[{\"Action\":\"ssmmessages:CreateControlChannel\",\"Effect\":\"Allow\",\"Resource\":\"arn:aws:eks:*:*:cluster/*\",\"Sid\":\"SsmControlChannel\"},{\"Action\":[\"ssmmessages:OpenDataChannel\",\"ssmmessages:OpenControlChannel\",\"ssmmessages:CreateDataChannel\"],\"Effect\":\"Allow\",\"Resource\":\"*\",\"Sid\":\"ssmDataplaneOperations\"}],\"Version\":\"2012-10-17\"}",
            "policy_id": "A6D452O3VF170GI8A8FTY",
            "tags": null,
            "tags_all": {}
          },
          "sensitive_attributes": [],
          "identity_schema_version": 0,
          "private": "bnVsbA==",
          "dependencies": [
            "data.aws_iam_policy_document.eks_connector"
          ]
        }
      ]
    },
    {
      "mode": "managed",
      "type": "aws_iam_policy",
      "name": "workload_identity",
      "provider": "provider[\"registry.terraform.io/hashicorp/aws\"]",
      "instances": [
        {
          "schema_version": 0,
          "attributes": {
            "arn": "arn:aws:iam::000000000000:policy/fleet-portal-dev-workload-identity",
            "attachment_count": 0,
            "description": "Policy for fleet-portal-dev Workload Identity",
            "id": "arn:aws:iam::000000000000:policy/fleet-portal-dev-workload-identity",
            "name": "fleet-portal-dev-workload-identity",
            "name_prefix": "",
            "path": "/",
            "policy": "{\"Statement\":[{\"Action\":[\"secretsmanager:GetSecretValue\",\"secretsmanager:DescribeSecret\"],\"Effect\":\"Allow\",\"Resource\":\"arn:aws:secretsmanager:us-east-1:000000000000:secret:*\"}],\"Version\":\"2012-10-17\"}",
            "policy_id": "A28X026ERXMU69F7C42JX",
            "tags": null,
            "tags_all": {}
          },
          "sensitive_attributes": [],
          "identity_schema_version": 0,
          "private": "bnVsbA==",
          "dependencies": [
            "data.aws_caller_identity.current",
            "data.aws_iam_policy_document.workload_identity_policy"
          ]
        }
      ]
    },
    {
      "mode": "managed",
      "type": "aws_iam_role",
      "name": "alb_controller",
      "provider": "provider[\"registry.terraform.io/hashicorp/aws\"]",
      "instances": [
        {
          "schema_version": 0,
          "attributes": {
            "arn": "arn:aws:iam::000000000000:role/aws-load-balancer-controller-role",
            "assume_role_policy": "{\"Statement\":[{\"Action\":\"sts:AssumeRole\",\"Effect\":\"Allow\",\"Principal\":{\"Service\":\"ec2.amazonaws.com\"}}],\"Version\":\"2012-10-17\"}",
            "create_date": "2026-04-07T07:02:47Z",
            "description": "",
            "force_detach_policies": false,
            "id": "aws-load-balancer-controller-role",
            "inline_policy": [],
            "managed_policy_arns": [],
            "max_session_duration": 3600,
            "name": "aws-load-balancer-controller-role",
            "name_prefix": "",
            "path": "/",
            "permissions_boundary": "",
            "tags": null,
            "tags_all": {},
            "unique_id": "AROAQAAAAAAAEXQV4VCDW"
          },
          "sensitive_attributes": [],
          "identity_schema_version": 0,
          "private": "bnVsbA=="
        }
      ]
    },
    {
      "mode": "managed",
      "type": "aws_iam_role",
      "name": "console_access",
      "provider": "provider[\"registry.terraform.io/hashicorp/aws\"]",
      "instances": [
        {
          "schema_version": 0,
          "attributes": {
            "arn": "arn:aws:iam::000000000000:role/fleet-portal-dev-console-access",
            "assume_role_policy": "{\"Statement\":[{\"Action\":\"sts:AssumeRole\",\"Effect\":\"Allow\",\"Principal\":{\"AWS\":\"*\"}}],\"Version\":\"2012-10-17\"}",
            "create_date": "2026-04-07T07:02:47Z",
            "description": "",
            "force_detach_policies": false,
            "id": "fleet-portal-dev-console-access",
            "inline_policy": [],
            "managed_policy_arns": [],
            "max_session_duration": 3600,
            "name": "fleet-portal-dev-console-access",
            "name_prefix": "",
            "path": "/",
            "permissions_boundary": "",
            "tags": null,
            "tags_all": {},
            "unique_id": "AROAQAAAAAAACCJ66HC4I"
          },
          "sensitive_attributes": [],
          "identity_schema_version": 0,
          "private": "bnVsbA==",
          "dependencies": [
            "data.aws_iam_policy_document.console_access_assume_role_policy"
          ]
        }
      ]
    },
    {
      "mode": "managed",
      "type": "aws_iam_role",
      "name": "container_cluster",
      "provider": "provider[\"registry.terraform.io/hashicorp/aws\"]",
      "instances": [
        {
          "schema_version": 0,
          "attributes": {
            "arn": "arn:aws:iam::000000000000:role/eks-fleet-portal-dev-cluster-role",
            "assume_role_policy": "{\"Statement\":[{\"Action\":\"sts:AssumeRole\",\"Effect\":\"Allow\",\"Principal\":{\"Service\":\"eks.amazonaws.com\"}}],\"Version\":\"2012-10-17\"}",
            "create_date": "2026-04-07T07:02:47Z",
            "description": "",
            "force_detach_policies": false,
            "id": "eks-fleet-portal-dev-cluster-role",
            "inline_policy": [],
            "managed_policy_arns": [],
            "max_session_duration": 3600,
            "name": "eks-fleet-portal-dev-cluster-role",
            "name_prefix": "",
            "path": "/",
            "permissions_boundary": "",
            "tags": {
              "application": "fleet-portal",
              "environment": "dev"
            },
            "tags_all": {
              "application": "fleet-portal",
              "environment": "dev"
            },
            "unique_id": "AROAQAAAAAAAANF3HHAUS"
          },
          "sensitive_attributes": [],
          "identity_schema_version": 0,
          "private": "bnVsbA==",
          "dependencies": [
            "data.aws_iam_policy_document.container_cluster_assume_role"
          ]
        }
      ]
    },
    {
      "mode": "managed",
      "type": "aws_iam_role",
      "name": "container_node_group",
      "provider": "provider[\"registry.terraform.io/hashicorp/aws\"]",
      "instances": [
        {
          "schema_version": 0,
          "attributes": {
            "arn": "arn:aws:iam::000000000000:role/eks-fleet-portal-dev-nodegroup-role",
            "assume_role_policy": "{\"Statement\":[{\"Action\":\"sts:AssumeRole\",\"Effect\":\"Allow\",\"Principal\":{\"Service\":\"ec2.amazonaws.com\"},\"Sid\":\"EKSNodeAssumeRole\"}],\"Version\":\"2012-10-17\"}",
            "create_date": "2026-04-07T07:02:47Z",
            "description": "",
            "force_detach_policies": false,
            "id": "eks-fleet-portal-dev-nodegroup-role",
            "inline_policy": [],
            "managed_policy_arns": [],
            "max_session_duration": 3600,
            "name": "eks-fleet-portal-dev-nodegroup-role",
            "name_prefix": "",
            "path": "/",
            "permissions_boundary": "",
            "tags": {
              "application": "fleet-portal",
              "environment": "dev"
            },
            "tags_all": {
              "application": "fleet-portal",
              "environment": "dev"
            },
            "unique_id": "AROAQAAAAAAAEMVCFLW6X"
          },
          "sensitive_attributes": [],
          "identity_schema_version": 0,
          "private": "bnVsbA==",
          "dependencies": [
            "data.aws_iam_policy_document.container_node_group"
          ]
        }
      ]
    },
    {
      "mode": "managed",
      "type": "aws_iam_role",
      "name": "eks_connector",
      "provider": "provider[\"registry.terraform.io/hashicorp/aws\"]",
      "instances": [
        {
          "schema_version": 0,
          "attributes": {
            "arn": "arn:aws:iam::000000000000:role/AmazonEKSConnectorAgentRole",
            "assume_role_policy": "{\"Statement\":[{\"Action\":\"sts:AssumeRole\",\"Effect\":\"Allow\",\"Principal\":{\"Service\":\"ssm.amazonaws.com\"}}],\"Version\":\"2012-10-17\"}",
            "create_date": "2026-04-07T07:02:47Z",
            "description": "",
            "force_detach_policies": false,
            "id": "AmazonEKSConnectorAgentRole",
            "inline_policy": [],
            "managed_policy_arns": [],
            "max_session_duration": 3600,
            "name": "AmazonEKSConnectorAgentRole",
            "name_prefix": "",
            "path": "/",
            "permissions_boundary": "",
            "tags": null,
            "tags_all": {},
            "unique_id": "AROAQAAAAAAAMTH35J646"
          },
          "sensitive_attributes": [],
          "identity_schema_version": 0,
          "private": "bnVsbA==",
          "dependencies": [
            "data.aws_iam_policy_document.eks_connector_assume_role_policy"
          ]
        }
      ]
    },
    {
      "mode": "managed",
      "type": "aws_iam_role",
      "name": "workload_identity",
      "provider": "provider[\"registry.terraform.io/hashicorp/aws\"]",
      "instances": [
        {
          "schema_version": 0,
          "attributes": {
            "arn": "arn:aws:iam::000000000000:role/fleet-portal-dev-workload-identity",
            "assume_role_policy": "{\"Statement\":[{\"Action\":\"sts:AssumeRoleWithWebIdentity\",\"Condition\":{\"StringEquals\":{\"localhost.localstack.cloud:4510:sub\":\"system:serviceaccount:app:fleet-portal\"}},\"Effect\":\"Allow\",\"Principal\":{\"Federated\":\"arn:aws:iam::000000000000:oidc-provider/localhost.localstack.cloud:4510\"}}],\"Version\":\"2012-10-17\"}",
            "create_date": "2026-04-07T07:04:13Z",
            "description": "",
            "force_detach_policies": false,
            "id": "fleet-portal-dev-workload-identity",
            "inline_policy": [],
            "managed_policy_arns": [],
            "max_session_duration": 3600,
            "name": "fleet-portal-dev-workload-identity",
            "name_prefix": "",
            "path": "/",
            "permissions_boundary": "",
            "tags": null,
            "tags_all": {},
            "unique_id": "AROAQAAAAAAALXZVLPYVE"
          },
          "sensitive_attributes": [],
          "identity_schema_version": 0,
          "private": "bnVsbA==",
          "dependencies": [
            "aws_cloudwatch_log_group.container_cluster",
            "aws_eks_cluster.main",
            "aws_iam_openid_connect_provider.container_cluster_oidc",
            "aws_iam_role.container_cluster",
            "aws_iam_role_policy_attachment.eks_cluster_policy",
            "aws_iam_role_policy_attachment.eks_vpc_controller_policy",
            "aws_security_group.cluster",
            "aws_security_group.cluster_nodes",
            "aws_subnet.backend",
            "aws_vpc.main",
            "data.aws_availability_zones.available",
            "data.aws_iam_policy_document.container_cluster_assume_role",
            "data.aws_iam_policy_document.workload_identity_assume_role_policy",
            "data.tls_certificate.container_cluster_oidc",
            "random_shuffle.az"
          ]
        }
      ]
    },
    {
      "mode": "managed",
      "type": "aws_iam_role_policy_attachment",
      "name": "alb",
      "provider": "provider[\"registry.terraform.io/hashicorp/aws\"]",
      "instances": [
        {
          "schema_version": 0,
          "attributes": {
            "id": "eks-fleet-portal-dev-nodegroup-role-20260407070247968500000008",
            "policy_arn": "arn:aws:iam::000000000000:policy/AWSLoadBalancerControllerIAMPolicy",
            "role": "eks-fleet-portal-dev-nodegroup-role"
          },
          "sensitive_attributes": [],
          "identity_schema_version": 0,
          "private": "bnVsbA==",
          "dependencies": [
            "aws_iam_policy.alb_controller",
            "aws_iam_role.container_node_group",
            "data.aws_iam_policy_document.container_node_group"
          ]
        }
      ]
    },
    {
      "mode": "managed",
      "type": "aws_iam_role_policy_attachment",
      "name": "alb_controller",
      "provider": "provider[\"registry.terraform.io/hashicorp/aws\"]",
      "instances": [
        {
          "schema_version": 0,
          "attributes": {
            "id": "aws-load-balancer-controller-role-2026040707024796880000000b",
            "policy_arn": "arn:aws:iam::000000000000:policy/AWSLoadBalancerControllerIAMPolicy",
            "role": "aws-load-balancer-controller-role"
          },
          "sensitive_attributes": [],
          "identity_schema_version": 0,
          "private": "bnVsbA==",
          "dependencies": [
            "aws_iam_policy.alb_controller",
            "aws_iam_role.alb_controller"
          ]
        }
      ]
    },
    {
      "mode": "managed",
      "type": "aws_iam_role_policy_attachment",
      "name": "cloudwatch",
      "provider": "provider[\"registry.terraform.io/hashicorp/aws\"]",
      "instances": [
        {
          "schema_version": 0,
          "attributes": {
            "id": "eks-fleet-portal-dev-nodegroup-role-20260407070247890000000003",
            "policy_arn": "arn:aws:iam::aws:policy/CloudWatchAgentServerPolicy",
            "role": "eks-fleet-portal-dev-nodegroup-role"
          },
          "sensitive_attributes": [],
          "identity_schema_version": 0,
          "private": "bnVsbA==",
          "dependencies": [
            "aws_iam_role.container_node_group",
            "data.aws_iam_policy_document.container_node_group"
          ]
        }
      ]
    },
    {
      "mode": "managed",
      "type": "aws_iam_role_policy_attachment",
      "name": "eks_cluster_policy",
      "provider": "provider[\"registry.terraform.io/hashicorp/aws\"]",
      "instances": [
        {
          "schema_version": 0,
          "attributes": {
            "id": "eks-fleet-portal-dev-cluster-role-20260407070247968500000009",
            "policy_arn": "arn:aws:iam::aws:policy/AmazonEKSClusterPolicy",
            "role": "eks-fleet-portal-dev-cluster-role"
          },
          "sensitive_attributes": [],
          "identity_schema_version": 0,
          "private": "bnVsbA==",
          "dependencies": [
            "aws_iam_role.container_cluster",
            "data.aws_iam_policy_document.container_cluster_assume_role"
          ]
        }
      ]
    },
    {
      "mode": "managed",
      "type": "aws_iam_role_policy_attachment",
      "name": "eks_cni_policy",
      "provider": "provider[\"registry.terraform.io/hashicorp/aws\"]",
      "instances": [
        {
          "schema_version": 0,
          "attributes": {
            "id": "eks-fleet-portal-dev-nodegroup-role-20260407070247914700000005",
            "policy_arn": "arn:aws:iam::aws:policy/AmazonEKS_CNI_Policy",
            "role": "eks-fleet-portal-dev-nodegroup-role"
          },
          "sensitive_attributes": [],
          "identity_schema_version": 0,
          "private": "bnVsbA==",
          "dependencies": [
            "aws_iam_role.container_node_group",
            "data.aws_iam_policy_document.container_node_group"
          ]
        }
      ]
    },
    {
      "mode": "managed",
      "type": "aws_iam_role_policy_attachment",
      "name": "eks_connector",
      "provider": "provider[\"registry.terraform.io/hashicorp/aws\"]",
      "instances": [
        {
          "schema_version": 0,
          "attributes": {
            "id": "AmazonEKSConnectorAgentRole-2026040707024796860000000a",
            "policy_arn": "arn:aws:iam::000000000000:policy/AmazonEKSConnectorAgentPolicy",
            "role": "AmazonEKSConnectorAgentRole"
          },
          "sensitive_attributes": [],
          "identity_schema_version": 0,
          "private": "bnVsbA==",
          "dependencies": [
            "aws_iam_policy.eks_connector",
            "aws_iam_role.eks_connector",
            "data.aws_iam_policy_document.eks_connector",
            "data.aws_iam_policy_document.eks_connector_assume_role_policy"
          ]
        }
      ]
    },
    {
      "mode": "managed",
      "type": "aws_iam_role_policy_attachment",
      "name": "eks_ecr_policy",
      "provider": "provider[\"registry.terraform.io/hashicorp/aws\"]",
      "instances": [
        {
          "schema_version": 0,
          "attributes": {
            "id": "eks-fleet-portal-dev-nodegroup-role-20260407070247915500000006",
            "policy_arn": "arn:aws:iam::aws:policy/AmazonEC2ContainerRegistryReadOnly",
            "role": "eks-fleet-portal-dev-nodegroup-role"
          },
          "sensitive_attributes": [],
          "identity_schema_version": 0,
          "private": "bnVsbA==",
          "dependencies": [
            "aws_iam_role.container_node_group",
            "data.aws_iam_policy_document.container_node_group"
          ]
        }
      ]
    },
    {
      "mode": "managed",
      "type": "aws_iam_role_policy_attachment",
      "name": "eks_vpc_controller_policy",
      "provider": "provider[\"registry.terraform.io/hashicorp/aws\"]",
      "instances": [
        {
          "schema_version": 0,
          "attributes": {
            "id": "eks-fleet-portal-dev-cluster-role-2026040707024804240000000c",
            "policy_arn": "arn:aws:iam::aws:policy/AmazonEKSVPCResourceController",
            "role": "eks-fleet-portal-dev-cluster-role"
          },
          "sensitive_attributes": [],
          "identity_schema_version": 0,
          "private": "bnVsbA==",
          "dependencies": [
            "aws_iam_role.container_cluster",
            "data.aws_iam_policy_document.container_cluster_assume_role"
          ]
        }
      ]
    },
    {
      "mode": "managed",
      "type": "aws_iam_role_policy_attachment",
      "name": "eks_worker_node_policy",
      "provider": "provider[\"registry.terraform.io/hashicorp/aws\"]",
      "instances": [
        {
          "schema_version": 0,
          "attributes": {
            "id": "eks-fleet-portal-dev-nodegroup-role-20260407070247892600000004",
            "policy_arn": "arn:aws:iam::aws:policy/AmazonEKSWorkerNodePolicy",
            "role": "eks-fleet-portal-dev-nodegroup-role"
          },
          "sensitive_attributes": [],
          "identity_schema_version": 0,
          "private": "bnVsbA==",
          "dependencies": [
            "aws_iam_role.container_node_group",
            "data.aws_iam_policy_document.container_node_group"
          ]
        }
      ]
    },
    {
      "mode": "managed",
      "type": "aws_iam_role_policy_attachment",
      "name": "workload_identity_policy",
      "provider": "provider[\"registry.terraform.io/hashicorp/aws\"]",
      "instances": [
        {
          "schema_version": 0,
          "attributes": {
            "id": "fleet-portal-dev-workload-identity-20260407070413451400000016",
            "policy_arn": "arn:aws:iam::000000000000:policy/fleet-portal-dev-workload-identity",
            "role": "fleet-portal-dev-workload-identity"
          },
          "sensitive_attributes": [],
          "identity_schema_version": 0,
          "private": "bnVsbA==",
          "dependencies": [
            "aws_cloudwatch_log_group.container_cluster",
            "aws_eks_cluster.main",
            "aws_iam_openid_connect_provider.container_cluster_oidc",
            "aws_iam_policy.workload_identity",
            "aws_iam_role.container_cluster",
            "aws_iam_role.workload_identity",
            "aws_iam_role_policy_attachment.eks_cluster_policy",
            "aws_iam_role_policy_attachment.eks_vpc_controller_policy",
            "aws_security_group.cluster",
            "aws_security_group.cluster_nodes",
            "aws_subnet.backend",
            "aws_vpc.main",
            "data.aws_availability_zones.available",
            "data.aws_caller_identity.current",
            "data.aws_iam_policy_document.container_cluster_assume_role",
            "data.aws_iam_policy_document.workload_identity_assume_role_policy",
            "data.aws_iam_policy_document.workload_identity_policy",
            "data.tls_certificate.container_cluster_oidc",
            "random_shuffle.az"
          ]
        }
      ]
    },
    {
      "mode": "managed",
      "type": "aws_iam_user",
      "name": "admin",
      "provider": "provider[\"registry.terraform.io/hashicorp/aws\"]",
      "instances": [
        {
          "index_key": "markti",
          "schema_version": 0,
          "attributes": {
            "arn": "arn:aws:iam::000000000000:user/markti",
            "force_destroy": false,
            "id": "markti",
            "name": "markti",
            "path": "/",
            "permissions_boundary": "",
            "tags": {},
            "tags_all": {},
            "unique_id": "AIDAQAAAAAAAEAA7UXBBW"
          },
          "sensitive_attributes": [],
          "identity_schema_version": 0,
          "private": "bnVsbA=="
        }
      ]
    },
    {
      "mode": "managed",
      "type": "aws_iam_user",
      "name": "ecr_image_pushers",
      "provider": "provider[\"registry.terraform.io/hashicorp/aws\"]",
      "instances": [
        {
          "index_key": "Terraform",
          "schema_version": 0,
          "attributes": {
            "arn": "arn:aws:iam::000000000000:user/Terraform",
            "force_destroy": false,
            "id": "Terraform",
            "name": "Terraform",
            "path": "/",
            "permissions_boundary": "",
            "tags": {},
            "tags_all": {},
            "unique_id": "AIDAQAAAAAAAMUVUN5ODW"
          },
          "sensitive_attributes": [],
          "identity_schema_version": 0,
          "private": "bnVsbA=="
        }
      ]
    },
    {
      "mode": "managed",
      "type": "aws_iam_user_policy_attachment",
      "name": "console_access",
      "provider": "provider[\"registry.terraform.io/hashicorp/aws\"]",
      "instances": [
        {
          "index_key": "markti",
          "schema_version": 0,
          "attributes": {
            "id": "markti-20260407070247832000000002",
            "policy_arn": "arn:aws:iam::000000000000:policy/fleet-portal-dev-console-access",
            "user": "markti"
          },
          "sensitive_attributes": [],
          "identity_schema_version": 0,
          "private": "bnVsbA==",
          "dependencies": [
            "aws_iam_policy.console_access",
            "data.aws_caller_identity.current",
            "data.aws_iam_policy_document.console_access"
          ]
        }
      ]
    },
    {
      "mode": "managed",
      "type": "aws_internet_gateway",
      "name": "main",
      "provider": "provider[\"registry.terraform.io/hashicorp/aws\"]",
      "instances": [
        {
          "schema_version": 0,
          "attributes": {
            "arn": "arn:aws:ec2:us-east-1:000000000000:internet-gateway/igw-db5feb96dba39dcfd",
            "id": "igw-db5feb96dba39dcfd",
            "owner_id": "000000000000",
            "tags": null,
            "tags_all": {},
            "timeouts": null,
            "vpc_id": "vpc-d40e928f60301fd83"
          },
          "sensitive_attributes": [],
          "identity_schema_version": 0,
          "private": "eyJlMmJmYjczMC1lY2FhLTExZTYtOGY4OC0zNDM2M2JjN2M0YzAiOnsiY3JlYXRlIjoxMjAwMDAwMDAwMDAwLCJkZWxldGUiOjEyMDAwMDAwMDAwMDAsInVwZGF0ZSI6MTIwMDAwMDAwMDAwMH19",
          "dependencies": [
            "aws_vpc.main"
          ]
        }
      ]
    },
    {
      "mode": "managed",
      "type": "aws_nat_gateway",
      "name": "nat",
      "provider": "provider[\"registry.terraform.io/hashicorp/aws\"]",
      "instances": [
        {
          "index_key": "0",
          "schema_version": 0,
          "attributes": {
            "allocation_id": "eipalloc-dcefb1f88d3544e27",
            "association_id": "eipassoc-ecfc5b3d4e8cb4b86",
            "connectivity_type": "public",
            "id": "nat-41ed7757e55833229",
            "network_interface_id": "eni-69652acdcb94b1837",
            "private_ip": "10.251.77.165",
            "public_ip": "127.77.231.79",
            "secondary_allocation_ids": null,
            "secondary_private_ip_address_count": 0,
            "secondary_private_ip_addresses": [],
            "subnet_id": "subnet-9907b9312f6a91ba6",
            "tags": null,
            "tags_all": {},
            "timeouts": null
          },
          "sensitive_attributes": [],
          "identity_schema_version": 0,
          "private": "eyJlMmJmYjczMC1lY2FhLTExZTYtOGY4OC0zNDM2M2JjN2M0YzAiOnsiY3JlYXRlIjo2MDAwMDAwMDAwMDAsImRlbGV0ZSI6MTgwMDAwMDAwMDAwMCwidXBkYXRlIjo2MDAwMDAwMDAwMDB9fQ==",
          "dependencies": [
            "aws_eip.nat",
            "aws_internet_gateway.main",
            "aws_subnet.frontend",
            "aws_vpc.main",
            "data.aws_availability_zones.available",
            "random_shuffle.az"
          ]
        },
        {
          "index_key": "1",
          "schema_version": 0,
          "attributes": {
            "allocation_id": "eipalloc-fe645d611fe3b58b2",
            "association_id": "eipassoc-c7520ca6179d6c407",
            "connectivity_type": "public",
            "id": "nat-3b5a4b42317e0a440",
            "network_interface_id": "eni-5258065dc08af7a25",
            "private_ip": "10.56.78.64",
            "public_ip": "127.5.138.145",
            "secondary_allocation_ids": null,
            "secondary_private_ip_address_count": 0,
            "secondary_private_ip_addresses": [],
            "subnet_id": "subnet-85679604f31e52cfb",
            "tags": null,
            "tags_all": {},
            "timeouts": null
          },
          "sensitive_attributes": [],
          "identity_schema_version": 0,
          "private": "eyJlMmJmYjczMC1lY2FhLTExZTYtOGY4OC0zNDM2M2JjN2M0YzAiOnsiY3JlYXRlIjo2MDAwMDAwMDAwMDAsImRlbGV0ZSI6MTgwMDAwMDAwMDAwMCwidXBkYXRlIjo2MDAwMDAwMDAwMDB9fQ==",
          "dependencies": [
            "aws_eip.nat",
            "aws_internet_gateway.main",
            "aws_subnet.frontend",
            "aws_vpc.main",
            "data.aws_availability_zones.available",
            "random_shuffle.az"
          ]
        },
        {
          "index_key": "2",
          "schema_version": 0,
          "attributes": {
            "allocation_id": "eipalloc-9a6a86c03b5cc4935",
            "association_id": "eipassoc-0826d8fc6e85109ce",
            "connectivity_type": "public",
            "id": "nat-d9d1dd2ec0a6df042",
            "network_interface_id": "eni-03a90e35ecaae8133",
            "private_ip": "10.1.23.136",
            "public_ip": "127.38.25.190",
            "secondary_allocation_ids": null,
            "secondary_private_ip_address_count": 0,
            "secondary_private_ip_addresses": [],
            "subnet_id": "subnet-ee43df59868664faf",
            "tags": null,
            "tags_all": {},
            "timeouts": null
          },
          "sensitive_attributes": [],
          "identity_schema_version": 0,
          "private": "eyJlMmJmYjczMC1lY2FhLTExZTYtOGY4OC0zNDM2M2JjN2M0YzAiOnsiY3JlYXRlIjo2MDAwMDAwMDAwMDAsImRlbGV0ZSI6MTgwMDAwMDAwMDAwMCwidXBkYXRlIjo2MDAwMDAwMDAwMDB9fQ==",
          "dependencies": [
            "aws_eip.nat",
            "aws_internet_gateway.main",
            "aws_subnet.frontend",
            "aws_vpc.main",
            "data.aws_availability_zones.available",
            "random_shuffle.az"
          ]
        }
      ]
    },
    {
      "mode": "managed",
      "type": "aws_resourcegroups_group",
      "name": "main",
      "provider": "provider[\"registry.terraform.io/hashicorp/aws\"]",
      "instances": [
        {
          "schema_version": 0,
          "attributes": {
            "arn": "arn:aws:resource-groups:us-west-1:000000000000:group/fleet-portal-dev",
            "configuration": [],
            "description": "",
            "id": "fleet-portal-dev",
            "name": "fleet-portal-dev",
            "resource_query": [
              {
                "query": "{\"ResourceTypeFilters\":[\"AWS::AllSupported\"],\"TagFilters\":[{\"Key\":\"application\",\"Values\":[\"fleet-portal\"]},{\"Key\":\"environment\",\"Values\":[\"dev\"]}]}",
                "type": "TAG_FILTERS_1_0"
              }
            ],
            "tags": null,
            "tags_all": {},
            "timeouts": null
          },
          "sensitive_attributes": [],
          "identity_schema_version": 0,
          "private": "eyJlMmJmYjczMC1lY2FhLTExZTYtOGY4OC0zNDM2M2JjN2M0YzAiOnsiY3JlYXRlIjo5MDAwMDAwMDAwMDAsInVwZGF0ZSI6OTAwMDAwMDAwMDAwfX0="
        }
      ]
    },
    {
      "mode": "managed",
      "type": "aws_route_table",
      "name": "backend",
      "provider": "provider[\"registry.terraform.io/hashicorp/aws\"]",
      "instances": [
        {
          "index_key": "0",
          "schema_version": 0,
          "attributes": {
            "arn": "arn:aws:ec2:us-east-1:000000000000:route-table/rtb-d102647e964144fc5",
            "id": "rtb-d102647e964144fc5",
            "owner_id": "000000000000",
            "propagating_vgws": [],
            "route": [
              {
                "carrier_gateway_id": "",
                "cidr_block": "0.0.0.0/0",
                "core_network_arn": "",
                "destination_prefix_list_id": "",
                "egress_only_gateway_id": "",
                "gateway_id": "",
                "ipv6_cidr_block": "",
                "local_gateway_id": "",
                "nat_gateway_id": "nat-41ed7757e55833229",
                "network_interface_id": "",
                "transit_gateway_id": "",
                "vpc_endpoint_id": "",
                "vpc_peering_connection_id": ""
              }
            ],
            "tags": null,
            "tags_all": {},
            "timeouts": null,
            "vpc_id": "vpc-d40e928f60301fd83"
          },
          "sensitive_attributes": [],
          "identity_schema_version": 0,
          "private": "eyJlMmJmYjczMC1lY2FhLTExZTYtOGY4OC0zNDM2M2JjN2M0YzAiOnsiY3JlYXRlIjozMDAwMDAwMDAwMDAsImRlbGV0ZSI6MzAwMDAwMDAwMDAwLCJ1cGRhdGUiOjEyMDAwMDAwMDAwMH19",
          "dependencies": [
            "aws_eip.nat",
            "aws_internet_gateway.main",
            "aws_nat_gateway.nat",
            "aws_subnet.frontend",
            "aws_vpc.main",
            "data.aws_availability_zones.available",
            "random_shuffle.az"
          ]
        },
        {
          "index_key": "1",
          "schema_version": 0,
          "attributes": {
            "arn": "arn:aws:ec2:us-east-1:000000000000:route-table/rtb-0ba985c805d4ed8f0",
            "id": "rtb-0ba985c805d4ed8f0",
            "owner_id": "000000000000",
            "propagating_vgws": [],
            "route": [
              {
                "carrier_gateway_id": "",
                "cidr_block": "0.0.0.0/0",
                "core_network_arn": "",
                "destination_prefix_list_id": "",
                "egress_only_gateway_id": "",
                "gateway_id": "",
                "ipv6_cidr_block": "",
                "local_gateway_id": "",
                "nat_gateway_id": "nat-3b5a4b42317e0a440",
                "network_interface_id": "",
                "transit_gateway_id": "",
                "vpc_endpoint_id": "",
                "vpc_peering_connection_id": ""
              }
            ],
            "tags": null,
            "tags_all": {},
            "timeouts": null,
            "vpc_id": "vpc-d40e928f60301fd83"
          },
          "sensitive_attributes": [],
          "identity_schema_version": 0,
          "private": "eyJlMmJmYjczMC1lY2FhLTExZTYtOGY4OC0zNDM2M2JjN2M0YzAiOnsiY3JlYXRlIjozMDAwMDAwMDAwMDAsImRlbGV0ZSI6MzAwMDAwMDAwMDAwLCJ1cGRhdGUiOjEyMDAwMDAwMDAwMH19",
          "dependencies": [
            "aws_eip.nat",
            "aws_internet_gateway.main",
            "aws_nat_gateway.nat",
            "aws_subnet.frontend",
            "aws_vpc.main",
            "data.aws_availability_zones.available",
            "random_shuffle.az"
          ]
        },
        {
          "index_key": "2",
          "schema_version": 0,
          "attributes": {
            "arn": "arn:aws:ec2:us-east-1:000000000000:route-table/rtb-f9d7bcdc55ccbd1c3",
            "id": "rtb-f9d7bcdc55ccbd1c3",
            "owner_id": "000000000000",
            "propagating_vgws": [],
            "route": [
              {
                "carrier_gateway_id": "",
                "cidr_block": "0.0.0.0/0",
                "core_network_arn": "",
                "destination_prefix_list_id": "",
                "egress_only_gateway_id": "",
                "gateway_id": "",
                "ipv6_cidr_block": "",
                "local_gateway_id": "",
                "nat_gateway_id": "nat-d9d1dd2ec0a6df042",
                "network_interface_id": "",
                "transit_gateway_id": "",
                "vpc_endpoint_id": "",
                "vpc_peering_connection_id": ""
              }
            ],
            "tags": null,
            "tags_all": {},
            "timeouts": null,
            "vpc_id": "vpc-d40e928f60301fd83"
          },
          "sensitive_attributes": [],
          "identity_schema_version": 0,
          "private": "eyJlMmJmYjczMC1lY2FhLTExZTYtOGY4OC0zNDM2M2JjN2M0YzAiOnsiY3JlYXRlIjozMDAwMDAwMDAwMDAsImRlbGV0ZSI6MzAwMDAwMDAwMDAwLCJ1cGRhdGUiOjEyMDAwMDAwMDAwMH19",
          "dependencies": [
            "aws_eip.nat",
            "aws_internet_gateway.main",
            "aws_nat_gateway.nat",
            "aws_subnet.frontend",
            "aws_vpc.main",
            "data.aws_availability_zones.available",
            "random_shuffle.az"
          ]
        }
      ]
    },
    {
      "mode": "managed",
      "type": "aws_route_table",
      "name": "frontend",
      "provider": "provider[\"registry.terraform.io/hashicorp/aws\"]",
      "instances": [
        {
          "schema_version": 0,
          "attributes": {
            "arn": "arn:aws:ec2:us-east-1:000000000000:route-table/rtb-1691ca6b50b3b4110",
            "id": "rtb-1691ca6b50b3b4110",
            "owner_id": "000000000000",
            "propagating_vgws": [],
            "route": [
              {
                "carrier_gateway_id": "",
                "cidr_block": "0.0.0.0/0",
                "core_network_arn": "",
                "destination_prefix_list_id": "",
                "egress_only_gateway_id": "",
                "gateway_id": "igw-db5feb96dba39dcfd",
                "ipv6_cidr_block": "",
                "local_gateway_id": "",
                "nat_gateway_id": "",
                "network_interface_id": "",
                "transit_gateway_id": "",
                "vpc_endpoint_id": "",
                "vpc_peering_connection_id": ""
              }
            ],
            "tags": null,
            "tags_all": {},
            "timeouts": null,
            "vpc_id": "vpc-d40e928f60301fd83"
          },
          "sensitive_attributes": [],
          "identity_schema_version": 0,
          "private": "eyJlMmJmYjczMC1lY2FhLTExZTYtOGY4OC0zNDM2M2JjN2M0YzAiOnsiY3JlYXRlIjozMDAwMDAwMDAwMDAsImRlbGV0ZSI6MzAwMDAwMDAwMDAwLCJ1cGRhdGUiOjEyMDAwMDAwMDAwMH19",
          "dependencies": [
            "aws_internet_gateway.main",
            "aws_vpc.main"
          ]
        }
      ]
    },
    {
      "mode": "managed",
      "type": "aws_route_table_association",
      "name": "backend",
      "provider": "provider[\"registry.terraform.io/hashicorp/aws\"]",
      "instances": [
        {
          "index_key": "0",
          "schema_version": 0,
          "attributes": {
            "gateway_id": "",
            "id": "rtbassoc-0af3a7c2c175f3102",
            "route_table_id": "rtb-d102647e964144fc5",
            "subnet_id": "subnet-7702262e987794b59",
            "timeouts": null
          },
          "sensitive_attributes": [],
          "identity_schema_version": 0,
          "private": "eyJlMmJmYjczMC1lY2FhLTExZTYtOGY4OC0zNDM2M2JjN2M0YzAiOnsiY3JlYXRlIjozMDAwMDAwMDAwMDAsImRlbGV0ZSI6MzAwMDAwMDAwMDAwLCJ1cGRhdGUiOjEyMDAwMDAwMDAwMH19",
          "dependencies": [
            "aws_eip.nat",
            "aws_internet_gateway.main",
            "aws_nat_gateway.nat",
            "aws_route_table.backend",
            "aws_subnet.backend",
            "aws_subnet.frontend",
            "aws_vpc.main",
            "data.aws_availability_zones.available",
            "random_shuffle.az"
          ]
        },
        {
          "index_key": "1",
          "schema_version": 0,
          "attributes": {
            "gateway_id": "",
            "id": "rtbassoc-5bfdd192964c53220",
            "route_table_id": "rtb-0ba985c805d4ed8f0",
            "subnet_id": "subnet-67c649b28e9b92506",
            "timeouts": null
          },
          "sensitive_attributes": [],
          "identity_schema_version": 0,
          "private": "eyJlMmJmYjczMC1lY2FhLTExZTYtOGY4OC0zNDM2M2JjN2M0YzAiOnsiY3JlYXRlIjozMDAwMDAwMDAwMDAsImRlbGV0ZSI6MzAwMDAwMDAwMDAwLCJ1cGRhdGUiOjEyMDAwMDAwMDAwMH19",
          "dependencies": [
            "aws_eip.nat",
            "aws_internet_gateway.main",
            "aws_nat_gateway.nat",
            "aws_route_table.backend",
            "aws_subnet.backend",
            "aws_subnet.frontend",
            "aws_vpc.main",
            "data.aws_availability_zones.available",
            "random_shuffle.az"
          ]
        },
        {
          "index_key": "2",
          "schema_version": 0,
          "attributes": {
            "gateway_id": "",
            "id": "rtbassoc-fb97f1ee42115f33a",
            "route_table_id": "rtb-f9d7bcdc55ccbd1c3",
            "subnet_id": "subnet-70a9c7f379ef5deda",
            "timeouts": null
          },
          "sensitive_attributes": [],
          "identity_schema_version": 0,
          "private": "eyJlMmJmYjczMC1lY2FhLTExZTYtOGY4OC0zNDM2M2JjN2M0YzAiOnsiY3JlYXRlIjozMDAwMDAwMDAwMDAsImRlbGV0ZSI6MzAwMDAwMDAwMDAwLCJ1cGRhdGUiOjEyMDAwMDAwMDAwMH19",
          "dependencies": [
            "aws_eip.nat",
            "aws_internet_gateway.main",
            "aws_nat_gateway.nat",
            "aws_route_table.backend",
            "aws_subnet.backend",
            "aws_subnet.frontend",
            "aws_vpc.main",
            "data.aws_availability_zones.available",
            "random_shuffle.az"
          ]
        }
      ]
    },
    {
      "mode": "managed",
      "type": "aws_route_table_association",
      "name": "frontend",
      "provider": "provider[\"registry.terraform.io/hashicorp/aws\"]",
      "instances": [
        {
          "index_key": "0",
          "schema_version": 0,
          "attributes": {
            "gateway_id": "",
            "id": "rtbassoc-7e378c9095f7f584e",
            "route_table_id": "rtb-1691ca6b50b3b4110",
            "subnet_id": "subnet-9907b9312f6a91ba6",
            "timeouts": null
          },
          "sensitive_attributes": [],
          "identity_schema_version": 0,
          "private": "eyJlMmJmYjczMC1lY2FhLTExZTYtOGY4OC0zNDM2M2JjN2M0YzAiOnsiY3JlYXRlIjozMDAwMDAwMDAwMDAsImRlbGV0ZSI6MzAwMDAwMDAwMDAwLCJ1cGRhdGUiOjEyMDAwMDAwMDAwMH19",
          "dependencies": [
            "aws_internet_gateway.main",
            "aws_route_table.frontend",
            "aws_subnet.frontend",
            "aws_vpc.main",
            "data.aws_availability_zones.available",
            "random_shuffle.az"
          ]
        },
        {
          "index_key": "1",
          "schema_version": 0,
          "attributes": {
            "gateway_id": "",
            "id": "rtbassoc-d8a23adae3bf8d86c",
            "route_table_id": "rtb-1691ca6b50b3b4110",
            "subnet_id": "subnet-85679604f31e52cfb",
            "timeouts": null
          },
          "sensitive_attributes": [],
          "identity_schema_version": 0,
          "private": "eyJlMmJmYjczMC1lY2FhLTExZTYtOGY4OC0zNDM2M2JjN2M0YzAiOnsiY3JlYXRlIjozMDAwMDAwMDAwMDAsImRlbGV0ZSI6MzAwMDAwMDAwMDAwLCJ1cGRhdGUiOjEyMDAwMDAwMDAwMH19",
          "dependencies": [
            "aws_internet_gateway.main",
            "aws_route_table.frontend",
            "aws_subnet.frontend",
            "aws_vpc.main",
            "data.aws_availability_zones.available",
            "random_shuffle.az"
          ]
        },
        {
          "index_key": "2",
          "schema_version": 0,
          "attributes": {
            "gateway_id": "",
            "id": "rtbassoc-5fe7191c0efd980f3",
            "route_table_id": "rtb-1691ca6b50b3b4110",
            "subnet_id": "subnet-ee43df59868664faf",
            "timeouts": null
          },
          "sensitive_attributes": [],
          "identity_schema_version": 0,
          "private": "eyJlMmJmYjczMC1lY2FhLTExZTYtOGY4OC0zNDM2M2JjN2M0YzAiOnsiY3JlYXRlIjozMDAwMDAwMDAwMDAsImRlbGV0ZSI6MzAwMDAwMDAwMDAwLCJ1cGRhdGUiOjEyMDAwMDAwMDAwMH19",
          "dependencies": [
            "aws_internet_gateway.main",
            "aws_route_table.frontend",
            "aws_subnet.frontend",
            "aws_vpc.main",
            "data.aws_availability_zones.available",
            "random_shuffle.az"
          ]
        }
      ]
    },
    {
      "mode": "managed",
      "type": "aws_secretsmanager_secret",
      "name": "database_connection_string",
      "provider": "provider[\"registry.terraform.io/hashicorp/aws\"]",
      "instances": [
        {
          "schema_version": 0,
          "attributes": {
            "arn": "arn:aws:secretsmanager:us-east-1:000000000000:secret:fleet-portal-dev-connection-string-TXqDNG",
            "description": "Database connection string",
            "force_overwrite_replica_secret": false,
            "id": "arn:aws:secretsmanager:us-east-1:000000000000:secret:fleet-portal-dev-connection-string-TXqDNG",
            "kms_key_id": "",
            "name": "fleet-portal-dev-connection-string",
            "name_prefix": "",
            "policy": "",
            "recovery_window_in_days": 30,
            "replica": [],
            "tags": null,
            "tags_all": {}
          },
          "sensitive_attributes": [],
          "identity_schema_version": 0,
          "private": "bnVsbA=="
        }
      ]
    },
    {
      "mode": "managed",
      "type": "aws_secretsmanager_secret_version",
      "name": "database_connection_string",
      "provider": "provider[\"registry.terraform.io/hashicorp/aws\"]",
      "instances": [
        {
          "schema_version": 0,
          "attributes": {
            "arn": "arn:aws:secretsmanager:us-east-1:000000000000:secret:fleet-portal-dev-connection-string-TXqDNG",
            "has_secret_string_wo": null,
            "id": "arn:aws:secretsmanager:us-east-1:000000000000:secret:fleet-portal-dev-connection-string-TXqDNG|terraform-2026040707024829680000000d",
            "secret_binary": "",
            "secret_id": "arn:aws:secretsmanager:us-east-1:000000000000:secret:fleet-portal-dev-connection-string-TXqDNG",
            "secret_string": "fGEkP1Mz6MV!XknE",
            "secret_string_wo": null,
            "secret_string_wo_version": null,
            "version_id": "terraform-2026040707024829680000000d",
            "version_stages": [
              "AWSCURRENT"
            ]
          },
          "sensitive_attributes": [
            [
              {
                "type": "get_attr",
                "value": "secret_binary"
              }
            ],
            [
              {
                "type": "get_attr",
                "value": "secret_string"
              }
            ],
            [
              {
                "type": "get_attr",
                "value": "secret_string_wo"
              }
            ]
          ],
          "identity_schema_version": 0,
          "private": "bnVsbA==",
          "dependencies": [
            "aws_secretsmanager_secret.database_connection_string",
            "random_password.database_connection_string"
          ]
        }
      ]
    },
    {
      "mode": "managed",
      "type": "aws_security_group",
      "name": "cluster",
      "provider": "provider[\"registry.terraform.io/hashicorp/aws\"]",
      "instances": [
        {
          "schema_version": 1,
          "attributes": {
            "arn": "arn:aws:ec2:us-east-1:000000000000:security-group/sg-dc38778a5de2c2d7b",
            "description": "Managed by Terraform",
            "egress": [
              {
                "cidr_blocks": [
                  "0.0.0.0/0"
                ],
                "description": "",
                "from_port": 0,
                "ipv6_cidr_blocks": [],
                "prefix_list_ids": [],
                "protocol": "-1",
                "security_groups": [],
                "self": false,
                "to_port": 0
              }
            ],
            "id": "sg-dc38778a5de2c2d7b",
            "ingress": [],
            "name": "fleet-portal-dev-cluster",
            "name_prefix": "",
            "owner_id": "000000000000",
            "revoke_rules_on_delete": false,
            "tags": null,
            "tags_all": {},
            "timeouts": null,
            "vpc_id": "vpc-d40e928f60301fd83"
          },
          "sensitive_attributes": [],
          "identity_schema_version": 0,
          "private": "eyJlMmJmYjczMC1lY2FhLTExZTYtOGY4OC0zNDM2M2JjN2M0YzAiOnsiY3JlYXRlIjo2MDAwMDAwMDAwMDAsImRlbGV0ZSI6OTAwMDAwMDAwMDAwfSwic2NoZW1hX3ZlcnNpb24iOiIxIn0=",
          "dependencies": [
            "aws_vpc.main"
          ]
        }
      ]
    },
    {
      "mode": "managed",
      "type": "aws_security_group",
      "name": "cluster_nodes",
      "provider": "provider[\"registry.terraform.io/hashicorp/aws\"]",
      "instances": [
        {
          "schema_version": 1,
          "attributes": {
            "arn": "arn:aws:ec2:us-east-1:000000000000:security-group/sg-22c0f791eab2b4ada",
            "description": "Managed by Terraform",
            "egress": [
              {
                "cidr_blocks": [
                  "0.0.0.0/0"
                ],
                "description": "",
                "from_port": 0,
                "ipv6_cidr_blocks": [],
                "prefix_list_ids": [],
                "protocol": "-1",
                "security_groups": [],
                "self": false,
                "to_port": 0
              }
            ],
            "id": "sg-22c0f791eab2b4ada",
            "ingress": [],
            "name": "fleet-portal-dev-cluster-nodes",
            "name_prefix": "",
            "owner_id": "000000000000",
            "revoke_rules_on_delete": false,
            "tags": null,
            "tags_all": {},
            "timeouts": null,
            "vpc_id": "vpc-d40e928f60301fd83"
          },
          "sensitive_attributes": [],
          "identity_schema_version": 0,
          "private": "eyJlMmJmYjczMC1lY2FhLTExZTYtOGY4OC0zNDM2M2JjN2M0YzAiOnsiY3JlYXRlIjo2MDAwMDAwMDAwMDAsImRlbGV0ZSI6OTAwMDAwMDAwMDAwfSwic2NoZW1hX3ZlcnNpb24iOiIxIn0=",
          "dependencies": [
            "aws_vpc.main"
          ]
        }
      ]
    },
    {
      "mode": "managed",
      "type": "aws_security_group_rule",
      "name": "cluster_ingress_https",
      "provider": "provider[\"registry.terraform.io/hashicorp/aws\"]",
      "instances": [
        {
          "schema_version": 2,
          "attributes": {
            "cidr_blocks": [
              "0.0.0.0/0"
            ],
            "description": null,
            "from_port": 443,
            "id": "sgrule-632468212",
            "ipv6_cidr_blocks": null,
            "prefix_list_ids": null,
            "protocol": "tcp",
            "security_group_id": "sg-dc38778a5de2c2d7b",
            "security_group_rule_id": "sgr-28faae9cf9228d9d5",
            "self": false,
            "source_security_group_id": null,
            "timeouts": null,
            "to_port": 443,
            "type": "ingress"
          },
          "sensitive_attributes": [],
          "identity_schema_version": 0,
          "private": "eyJlMmJmYjczMC1lY2FhLTExZTYtOGY4OC0zNDM2M2JjN2M0YzAiOnsiY3JlYXRlIjozMDAwMDAwMDAwMDB9LCJzY2hlbWFfdmVyc2lvbiI6IjIifQ==",
          "dependencies": [
            "aws_security_group.cluster",
            "aws_vpc.main"
          ]
        }
      ]
    },
    {
      "mode": "managed",
      "type": "aws_security_group_rule",
      "name": "nodeport",
      "provider": "provider[\"registry.terraform.io/hashicorp/aws\"]",
      "instances": [
        {
          "schema_version": 2,
          "attributes": {
            "cidr_blocks": [
              "0.0.0.0/0"
            ],
            "description": "nodeport",
            "from_port": 30000,
            "id": "sgrule-1009146931",
            "ipv6_cidr_blocks": null,
            "prefix_list_ids": null,
            "protocol": "tcp",
            "security_group_id": "sg-22c0f791eab2b4ada",
            "security_group_rule_id": "sgr-ddaaa2af6e8e158d6",
            "self": false,
            "source_security_group_id": null,
            "timeouts": null,
            "to_port": 32768,
            "type": "ingress"
          },
          "sensitive_attributes": [],
          "identity_schema_version": 0,
          "private": "eyJlMmJmYjczMC1lY2FhLTExZTYtOGY4OC0zNDM2M2JjN2M0YzAiOnsiY3JlYXRlIjozMDAwMDAwMDAwMDB9LCJzY2hlbWFfdmVyc2lvbiI6IjIifQ==",
          "dependencies": [
            "aws_security_group.cluster_nodes",
            "aws_vpc.main"
          ]
        }
      ]
    },
    {
      "mode": "managed",
      "type": "aws_security_group_rule",
      "name": "nodeport_cluster",
      "provider": "provider[\"registry.terraform.io/hashicorp/aws\"]",
      "instances": [
        {
          "schema_version": 2,
          "attributes": {
            "cidr_blocks": [
              "0.0.0.0/0"
            ],
            "description": "nodeport",
            "from_port": 30000,
            "id": "sgrule-740442208",
            "ipv6_cidr_blocks": null,
            "prefix_list_ids": null,
            "protocol": "tcp",
            "security_group_id": "sg-dc38778a5de2c2d7b",
            "security_group_rule_id": "sgr-17eb716d8e8b64e78",
            "self": false,
            "source_security_group_id": null,
            "timeouts": null,
            "to_port": 32768,
            "type": "ingress"
          },
          "sensitive_attributes": [],
          "identity_schema_version": 0,
          "private": "eyJlMmJmYjczMC1lY2FhLTExZTYtOGY4OC0zNDM2M2JjN2M0YzAiOnsiY3JlYXRlIjozMDAwMDAwMDAwMDB9LCJzY2hlbWFfdmVyc2lvbiI6IjIifQ==",
          "dependencies": [
            "aws_security_group.cluster",
            "aws_vpc.main"
          ]
        }
      ]
    },
    {
      "mode": "managed",
      "type": "aws_security_group_rule",
      "name": "nodeport_cluster_udp",
      "provider": "provider[\"registry.terraform.io/hashicorp/aws\"]",
      "instances": [
        {
          "schema_version": 2,
          "attributes": {
            "cidr_blocks": [
              "0.0.0.0/0"
            ],
            "description": "nodeport",
            "from_port": 30000,
            "id": "sgrule-1391305464",
            "ipv6_cidr_blocks": null,
            "prefix_list_ids": null,
            "protocol": "udp",
            "security_group_id": "sg-dc38778a5de2c2d7b",
            "security_group_rule_id": "sgr-df05871265af88015",
            "self": false,
            "source_security_group_id": null,
            "timeouts": null,
            "to_port": 32768,
            "type": "ingress"
          },
          "sensitive_attributes": [],
          "identity_schema_version": 0,
          "private": "eyJlMmJmYjczMC1lY2FhLTExZTYtOGY4OC0zNDM2M2JjN2M0YzAiOnsiY3JlYXRlIjozMDAwMDAwMDAwMDB9LCJzY2hlbWFfdmVyc2lvbiI6IjIifQ==",
          "dependencies": [
            "aws_security_group.cluster",
            "aws_vpc.main"
          ]
        }
      ]
    },
    {
      "mode": "managed",
      "type": "aws_subnet",
      "name": "backend",
      "provider": "provider[\"registry.terraform.io/hashicorp/aws\"]",
      "instances": [
        {
          "index_key": "0",
          "schema_version": 1,
          "attributes": {
            "arn": "arn:aws:ec2:us-east-1:000000000000:subnet/subnet-7702262e987794b59",
            "assign_ipv6_address_on_creation": false,
            "availability_zone": "us-east-1e",
            "availability_zone_id": "use1-az3",
            "cidr_block": "10.0.3.0/24",
            "customer_owned_ipv4_pool": "",
            "enable_dns64": false,
            "enable_lni_at_device_index": 0,
            "enable_resource_name_dns_a_record_on_launch": false,
            "enable_resource_name_dns_aaaa_record_on_launch": false,
            "id": "subnet-7702262e987794b59",
            "ipv6_cidr_block": "",
            "ipv6_cidr_block_association_id": "",
            "ipv6_native": false,
            "map_customer_owned_ip_on_launch": false,
            "map_public_ip_on_launch": false,
            "outpost_arn": "",
            "owner_id": "000000000000",
            "private_dns_hostname_type_on_launch": "ip-name",
            "tags": null,
            "tags_all": {},
            "timeouts": null,
            "vpc_id": "vpc-d40e928f60301fd83"
          },
          "sensitive_attributes": [],
          "identity_schema_version": 0,
          "private": "eyJlMmJmYjczMC1lY2FhLTExZTYtOGY4OC0zNDM2M2JjN2M0YzAiOnsiY3JlYXRlIjo2MDAwMDAwMDAwMDAsImRlbGV0ZSI6MTIwMDAwMDAwMDAwMH0sInNjaGVtYV92ZXJzaW9uIjoiMSJ9",
          "dependencies": [
            "aws_vpc.main",
            "data.aws_availability_zones.available",
            "random_shuffle.az"
          ]
        },
        {
          "index_key": "1",
          "schema_version": 1,
          "attributes": {
            "arn": "arn:aws:ec2:us-east-1:000000000000:subnet/subnet-67c649b28e9b92506",
            "assign_ipv6_address_on_creation": false,
            "availability_zone": "us-east-1b",
            "availability_zone_id": "use1-az1",
            "cidr_block": "10.0.4.0/24",
            "customer_owned_ipv4_pool": "",
            "enable_dns64": false,
            "enable_lni_at_device_index": 0,
            "enable_resource_name_dns_a_record_on_launch": false,
            "enable_resource_name_dns_aaaa_record_on_launch": false,
            "id": "subnet-67c649b28e9b92506",
            "ipv6_cidr_block": "",
            "ipv6_cidr_block_association_id": "",
            "ipv6_native": false,
            "map_customer_owned_ip_on_launch": false,
            "map_public_ip_on_launch": false,
            "outpost_arn": "",
            "owner_id": "000000000000",
            "private_dns_hostname_type_on_launch": "ip-name",
            "tags": null,
            "tags_all": {},
            "timeouts": null,
            "vpc_id": "vpc-d40e928f60301fd83"
          },
          "sensitive_attributes": [],
          "identity_schema_version": 0,
          "private": "eyJlMmJmYjczMC1lY2FhLTExZTYtOGY4OC0zNDM2M2JjN2M0YzAiOnsiY3JlYXRlIjo2MDAwMDAwMDAwMDAsImRlbGV0ZSI6MTIwMDAwMDAwMDAwMH0sInNjaGVtYV92ZXJzaW9uIjoiMSJ9",
          "dependencies": [
            "aws_vpc.main",
            "data.aws_availability_zones.available",
            "random_shuffle.az"
          ]
        },
        {
          "index_key": "2",
          "schema_version": 1,
          "attributes": {
            "arn": "arn:aws:ec2:us-east-1:000000000000:subnet/subnet-70a9c7f379ef5deda",
            "assign_ipv6_address_on_creation": false,
            "availability_zone": "us-east-1a",
            "availability_zone_id": "use1-az6",
            "cidr_block": "10.0.5.0/24",
            "customer_owned_ipv4_pool": "",
            "enable_dns64": false,
            "enable_lni_at_device_index": 0,
            "enable_resource_name_dns_a_record_on_launch": false,
            "enable_resource_name_dns_aaaa_record_on_launch": false,
            "id": "subnet-70a9c7f379ef5deda",
            "ipv6_cidr_block": "",
            "ipv6_cidr_block_association_id": "",
            "ipv6_native": false,
            "map_customer_owned_ip_on_launch": false,
            "map_public_ip_on_launch": false,
            "outpost_arn": "",
            "owner_id": "000000000000",
            "private_dns_hostname_type_on_launch": "ip-name",
            "tags": null,
            "tags_all": {},
            "timeouts": null,
            "vpc_id": "vpc-d40e928f60301fd83"
          },
          "sensitive_attributes": [],
          "identity_schema_version": 0,
          "private": "eyJlMmJmYjczMC1lY2FhLTExZTYtOGY4OC0zNDM2M2JjN2M0YzAiOnsiY3JlYXRlIjo2MDAwMDAwMDAwMDAsImRlbGV0ZSI6MTIwMDAwMDAwMDAwMH0sInNjaGVtYV92ZXJzaW9uIjoiMSJ9",
          "dependencies": [
            "aws_vpc.main",
            "data.aws_availability_zones.available",
            "random_shuffle.az"
          ]
        }
      ]
    },
    {
      "mode": "managed",
      "type": "aws_subnet",
      "name": "frontend",
      "provider": "provider[\"registry.terraform.io/hashicorp/aws\"]",
      "instances": [
        {
          "index_key": "0",
          "schema_version": 1,
          "attributes": {
            "arn": "arn:aws:ec2:us-east-1:000000000000:subnet/subnet-9907b9312f6a91ba6",
            "assign_ipv6_address_on_creation": false,
            "availability_zone": "us-east-1e",
            "availability_zone_id": "use1-az3",
            "cidr_block": "10.0.0.0/24",
            "customer_owned_ipv4_pool": "",
            "enable_dns64": false,
            "enable_lni_at_device_index": 0,
            "enable_resource_name_dns_a_record_on_launch": false,
            "enable_resource_name_dns_aaaa_record_on_launch": false,
            "id": "subnet-9907b9312f6a91ba6",
            "ipv6_cidr_block": "",
            "ipv6_cidr_block_association_id": "",
            "ipv6_native": false,
            "map_customer_owned_ip_on_launch": false,
            "map_public_ip_on_launch": true,
            "outpost_arn": "",
            "owner_id": "000000000000",
            "private_dns_hostname_type_on_launch": "ip-name",
            "tags": null,
            "tags_all": {},
            "timeouts": null,
            "vpc_id": "vpc-d40e928f60301fd83"
          },
          "sensitive_attributes": [],
          "identity_schema_version": 0,
          "private": "eyJlMmJmYjczMC1lY2FhLTExZTYtOGY4OC0zNDM2M2JjN2M0YzAiOnsiY3JlYXRlIjo2MDAwMDAwMDAwMDAsImRlbGV0ZSI6MTIwMDAwMDAwMDAwMH0sInNjaGVtYV92ZXJzaW9uIjoiMSJ9",
          "dependencies": [
            "aws_vpc.main",
            "data.aws_availability_zones.available",
            "random_shuffle.az"
          ]
        },
        {
          "index_key": "1",
          "schema_version": 1,
          "attributes": {
            "arn": "arn:aws:ec2:us-east-1:000000000000:subnet/subnet-85679604f31e52cfb",
            "assign_ipv6_address_on_creation": false,
            "availability_zone": "us-east-1b",
            "availability_zone_id": "use1-az1",
            "cidr_block": "10.0.1.0/24",
            "customer_owned_ipv4_pool": "",
            "enable_dns64": false,
            "enable_lni_at_device_index": 0,
            "enable_resource_name_dns_a_record_on_launch": false,
            "enable_resource_name_dns_aaaa_record_on_launch": false,
            "id": "subnet-85679604f31e52cfb",
            "ipv6_cidr_block": "",
            "ipv6_cidr_block_association_id": "",
            "ipv6_native": false,
            "map_customer_owned_ip_on_launch": false,
            "map_public_ip_on_launch": true,
            "outpost_arn": "",
            "owner_id": "000000000000",
            "private_dns_hostname_type_on_launch": "ip-name",
            "tags": null,
            "tags_all": {},
            "timeouts": null,
            "vpc_id": "vpc-d40e928f60301fd83"
          },
          "sensitive_attributes": [],
          "identity_schema_version": 0,
          "private": "eyJlMmJmYjczMC1lY2FhLTExZTYtOGY4OC0zNDM2M2JjN2M0YzAiOnsiY3JlYXRlIjo2MDAwMDAwMDAwMDAsImRlbGV0ZSI6MTIwMDAwMDAwMDAwMH0sInNjaGVtYV92ZXJzaW9uIjoiMSJ9",
          "dependencies": [
            "aws_vpc.main",
            "data.aws_availability_zones.available",
            "random_shuffle.az"
          ]
        },
        {
          "index_key": "2",
          "schema_version": 1,
          "attributes": {
            "arn": "arn:aws:ec2:us-east-1:000000000000:subnet/subnet-ee43df59868664faf",
            "assign_ipv6_address_on_creation": false,
            "availability_zone": "us-east-1a",
            "availability_zone_id": "use1-az6",
            "cidr_block": "10.0.2.0/24",
            "customer_owned_ipv4_pool": "",
            "enable_dns64": false,
            "enable_lni_at_device_index": 0,
            "enable_resource_name_dns_a_record_on_launch": false,
            "enable_resource_name_dns_aaaa_record_on_launch": false,
            "id": "subnet-ee43df59868664faf",
            "ipv6_cidr_block": "",
            "ipv6_cidr_block_association_id": "",
            "ipv6_native": false,
            "map_customer_owned_ip_on_launch": false,
            "map_public_ip_on_launch": true,
            "outpost_arn": "",
            "owner_id": "000000000000",
            "private_dns_hostname_type_on_launch": "ip-name",
            "tags": null,
            "tags_all": {},
            "timeouts": null,
            "vpc_id": "vpc-d40e928f60301fd83"
          },
          "sensitive_attributes": [],
          "identity_schema_version": 0,
          "private": "eyJlMmJmYjczMC1lY2FhLTExZTYtOGY4OC0zNDM2M2JjN2M0YzAiOnsiY3JlYXRlIjo2MDAwMDAwMDAwMDAsImRlbGV0ZSI6MTIwMDAwMDAwMDAwMH0sInNjaGVtYV92ZXJzaW9uIjoiMSJ9",
          "dependencies": [
            "aws_vpc.main",
            "data.aws_availability_zones.available",
            "random_shuffle.az"
          ]
        }
      ]
    },
    {
      "mode": "managed",
      "type": "aws_vpc",
      "name": "main",
      "provider": "provider[\"registry.terraform.io/hashicorp/aws\"]",
      "instances": [
        {
          "schema_version": 1,
          "attributes": {
            "arn": "arn:aws:ec2:us-east-1:000000000000:vpc/vpc-d40e928f60301fd83",
            "assign_generated_ipv6_cidr_block": false,
            "cidr_block": "10.0.0.0/21",
            "default_network_acl_id": "acl-b28444b1cba8e5b1b",
            "default_route_table_id": "rtb-242b0221fc5b1e881",
            "default_security_group_id": "sg-441b5a9836f412ecb",
            "dhcp_options_id": "default",
            "enable_dns_hostnames": false,
            "enable_dns_support": true,
            "enable_network_address_usage_metrics": false,
            "id": "vpc-d40e928f60301fd83",
            "instance_tenancy": "default",
            "ipv4_ipam_pool_id": null,
            "ipv4_netmask_length": null,
            "ipv6_association_id": "",
            "ipv6_cidr_block": "",
            "ipv6_cidr_block_network_border_group": "",
            "ipv6_ipam_pool_id": "",
            "ipv6_netmask_length": 0,
            "main_route_table_id": "rtb-242b0221fc5b1e881",
            "owner_id": "000000000000",
            "tags": {
              "Name": "fleet-portal-dev-network",
              "application": "fleet-portal",
              "environment": "dev"
            },
            "tags_all": {
              "Name": "fleet-portal-dev-network",
              "application": "fleet-portal",
              "environment": "dev"
            }
          },
          "sensitive_attributes": [],
          "identity_schema_version": 0,
          "private": "eyJzY2hlbWFfdmVyc2lvbiI6IjEifQ=="
        }
      ]
    },
    {
      "mode": "managed",
      "type": "random_password",
      "name": "database_connection_string",
      "provider": "provider[\"registry.terraform.io/hashicorp/random\"]",
      "instances": [
        {
          "schema_version": 3,
          "attributes": {
            "bcrypt_hash": "$2a$10$i3S6BvdJer1vWRcxqYYSTu5IhV3r5U1JWg.Y5mtO3ERt1jdONtM0e",
            "id": "none",
            "keepers": null,
            "length": 16,
            "lower": true,
            "min_lower": 0,
            "min_numeric": 0,
            "min_special": 0,
            "min_upper": 0,
            "number": true,
            "numeric": true,
            "override_special": "!#$%\u0026*()-_=+[]{}\u003c\u003e:?",
            "result": "fGEkP1Mz6MV!XknE",
            "special": true,
            "upper": true
          },
          "sensitive_attributes": [
            [
              {
                "type": "get_attr",
                "value": "bcrypt_hash"
              }
            ],
            [
              {
                "type": "get_attr",
                "value": "result"
              }
            ]
          ],
          "identity_schema_version": 0
        }
      ]
    },
    {
      "mode": "managed",
      "type": "random_shuffle",
      "name": "az",
      "provider": "provider[\"registry.terraform.io/hashicorp/random\"]",
      "instances": [
        {
          "schema_version": 0,
          "attributes": {
            "id": "-",
            "input": [
              "us-east-1a",
              "us-east-1b",
              "us-east-1c",
              "us-east-1d",
              "us-east-1e",
              "us-east-1f"
            ],
            "keepers": null,
            "result": [
              "us-east-1e",
              "us-east-1b",
              "us-east-1a"
            ],
            "result_count": 3,
            "seed": null
          },
          "sensitive_attributes": [],
          "identity_schema_version": 0,
          "dependencies": [
            "data.aws_availability_zones.available"
          ]
        }
      ]
    }
  ],
  "check_results": null
}
